// !$*UTF8*$!
{
	archiveVersion = 1;
	classes = {
	};
	objectVersion = 46;
	objects = {

/* Begin PBXBuildFile section */
		6C38491D1CA22FCA0020B858 /* EEEventListener.hpp in Headers */ = {isa = PBXBuildFile; fileRef = 6C38491B1CA22FCA0020B858 /* EEEventListener.hpp */; };
		6C3849231CA230750020B858 /* EEEvent.hpp in Headers */ = {isa = PBXBuildFile; fileRef = 6C3849211CA230750020B858 /* EEEvent.hpp */; };
		6C3CAB3E1C5B5ABB0059A380 /* EEHeader.hpp in Headers */ = {isa = PBXBuildFile; fileRef = 6C43A7871BDDCA4600D0597F /* EEHeader.hpp */; };
		6C3CAB3F1C5B5AC00059A380 /* EEMacro.hpp in Headers */ = {isa = PBXBuildFile; fileRef = 6CAC26C31BD4111000F11F3A /* EEMacro.hpp */; };
		6C3CAB401C5B5AC30059A380 /* EEForward.hpp in Headers */ = {isa = PBXBuildFile; fileRef = 6CAC26B81BD4111000F11F3A /* EEForward.hpp */; };
		6C3CAB421C5B5ACF0059A380 /* EEUtils.hpp in Headers */ = {isa = PBXBuildFile; fileRef = 6C43A7D31BDDDAC300D0597F /* EEUtils.hpp */; };
		6C42EF411C8540A50062C2C6 /* libcocos2d iOS.a in Frameworks */ = {isa = PBXBuildFile; fileRef = 1AC6FB07180E9839004C840B /* libcocos2d iOS.a */; settings = {ATTRIBUTES = (Weak, ); }; };
		6C42EF451C85449F0062C2C6 /* EEDynamicValue.hpp in Headers */ = {isa = PBXBuildFile; fileRef = 6C43A7B71BDDDAC300D0597F /* EEDynamicValue.hpp */; };
		6C42EF461C8547660062C2C6 /* EEEventInfoV1.hpp in Headers */ = {isa = PBXBuildFile; fileRef = 6C43A7B91BDDDAC300D0597F /* EEEventInfoV1.hpp */; };
		6C468C2C1CA2F0CA00D16594 /* EEUiWidgetCallback.cpp in Sources */ = {isa = PBXBuildFile; fileRef = 6C468C2A1CA2F0CA00D16594 /* EEUiWidgetCallback.cpp */; };
		6C468C2D1CA2F0CA00D16594 /* EEUiWidgetCallback.hpp in Headers */ = {isa = PBXBuildFile; fileRef = 6C468C2B1CA2F0CA00D16594 /* EEUiWidgetCallback.hpp */; };
		6C47AAF71CA4EAE100B3E65E /* EEUiTextLoader.cpp in Sources */ = {isa = PBXBuildFile; fileRef = 6C47AAF51CA4EAE100B3E65E /* EEUiTextLoader.cpp */; };
		6C47AAF81CA4EAE100B3E65E /* EEUiTextLoader.hpp in Headers */ = {isa = PBXBuildFile; fileRef = 6C47AAF61CA4EAE100B3E65E /* EEUiTextLoader.hpp */; };
		6C47FE491CA1B36A00FEF3BC /* EEDynamicValue.cpp in Sources */ = {isa = PBXBuildFile; fileRef = 6C43A7B61BDDDAC300D0597F /* EEDynamicValue.cpp */; };
		6C47FE4A1CA1B7EF00FEF3BC /* EEEventInfoV1.cpp in Sources */ = {isa = PBXBuildFile; fileRef = 6C43A7B81BDDDAC300D0597F /* EEEventInfoV1.cpp */; };
		6C49FBB11CA13D1D00E0FE86 /* EEGenericLoader.hpp in Headers */ = {isa = PBXBuildFile; fileRef = 6C49FBB01CA13D1D00E0FE86 /* EEGenericLoader.hpp */; };
		6C4A4A571CA153E500E72D89 /* EEUiButtonLoader.cpp in Sources */ = {isa = PBXBuildFile; fileRef = 6C4A4A551CA153E500E72D89 /* EEUiButtonLoader.cpp */; };
		6C4A4A581CA153E500E72D89 /* EEUiButtonLoader.hpp in Headers */ = {isa = PBXBuildFile; fileRef = 6C4A4A561CA153E500E72D89 /* EEUiButtonLoader.hpp */; };
		6F17FAAC1CF29D5500CFCD14 /* EESkeletonAnimationLoader.cpp in Sources */ = {isa = PBXBuildFile; fileRef = 6F17FAAA1CF29D5500CFCD14 /* EESkeletonAnimationLoader.cpp */; };
		6F17FAAD1CF29D5500CFCD14 /* EESkeletonAnimationLoader.cpp in Sources */ = {isa = PBXBuildFile; fileRef = 6F17FAAA1CF29D5500CFCD14 /* EESkeletonAnimationLoader.cpp */; };
		6F17FAAE1CF29D5500CFCD14 /* EESkeletonAnimationLoader.hpp in Headers */ = {isa = PBXBuildFile; fileRef = 6F17FAAB1CF29D5500CFCD14 /* EESkeletonAnimationLoader.hpp */; };
		6F17FAAF1CF29D5500CFCD14 /* EESkeletonAnimationLoader.hpp in Headers */ = {isa = PBXBuildFile; fileRef = 6F17FAAB1CF29D5500CFCD14 /* EESkeletonAnimationLoader.hpp */; };
		6F39F1561CCBBBD10038796D /* EEButton.cpp in Sources */ = {isa = PBXBuildFile; fileRef = 6F39F1541CCBBBD10038796D /* EEButton.cpp */; };
		6F39F1571CCBBBD10038796D /* EEButton.cpp in Sources */ = {isa = PBXBuildFile; fileRef = 6F39F1541CCBBBD10038796D /* EEButton.cpp */; };
		6F39F1581CCBBBD10038796D /* EEButton.hpp in Headers */ = {isa = PBXBuildFile; fileRef = 6F39F1551CCBBBD10038796D /* EEButton.hpp */; };
		6F39F1591CCBBBD10038796D /* EEButton.hpp in Headers */ = {isa = PBXBuildFile; fileRef = 6F39F1551CCBBBD10038796D /* EEButton.hpp */; };
		6F5575EA1E837F3E00154A18 /* EEDialogComponent.cpp in Sources */ = {isa = PBXBuildFile; fileRef = 6F5575E81E837F3E00154A18 /* EEDialogComponent.cpp */; };
		6F5575EB1E837F3E00154A18 /* EEDialogComponent.cpp in Sources */ = {isa = PBXBuildFile; fileRef = 6F5575E81E837F3E00154A18 /* EEDialogComponent.cpp */; };
		6F5575EC1E837F3E00154A18 /* EEDialogComponent.hpp in Headers */ = {isa = PBXBuildFile; fileRef = 6F5575E91E837F3E00154A18 /* EEDialogComponent.hpp */; };
		6F5575ED1E837F3E00154A18 /* EEDialogComponent.hpp in Headers */ = {isa = PBXBuildFile; fileRef = 6F5575E91E837F3E00154A18 /* EEDialogComponent.hpp */; };
		6F5D03D41E12647600F432F3 /* EEBackButtonComponent.cpp in Sources */ = {isa = PBXBuildFile; fileRef = 6F5D03D21E12647600F432F3 /* EEBackButtonComponent.cpp */; };
		6F5D03D51E12647600F432F3 /* EEBackButtonComponent.cpp in Sources */ = {isa = PBXBuildFile; fileRef = 6F5D03D21E12647600F432F3 /* EEBackButtonComponent.cpp */; };
		6F5D03D61E12647600F432F3 /* EEBackButtonComponent.hpp in Headers */ = {isa = PBXBuildFile; fileRef = 6F5D03D31E12647600F432F3 /* EEBackButtonComponent.hpp */; };
		6F5D03D71E12647600F432F3 /* EEBackButtonComponent.hpp in Headers */ = {isa = PBXBuildFile; fileRef = 6F5D03D31E12647600F432F3 /* EEBackButtonComponent.hpp */; };
		6F6269571DBDBA7400A93689 /* EEButtonLoader.cpp in Sources */ = {isa = PBXBuildFile; fileRef = 6F6269551DBDBA7400A93689 /* EEButtonLoader.cpp */; };
		6F6269581DBDBA7400A93689 /* EEButtonLoader.cpp in Sources */ = {isa = PBXBuildFile; fileRef = 6F6269551DBDBA7400A93689 /* EEButtonLoader.cpp */; };
		6F6269591DBDBA7400A93689 /* EEButtonLoader.hpp in Headers */ = {isa = PBXBuildFile; fileRef = 6F6269561DBDBA7400A93689 /* EEButtonLoader.hpp */; };
		6F62695A1DBDBA7400A93689 /* EEButtonLoader.hpp in Headers */ = {isa = PBXBuildFile; fileRef = 6F6269561DBDBA7400A93689 /* EEButtonLoader.hpp */; };
		6F6A872B1D2E4E9400DE745F /* EEEventDispatcher.cpp in Sources */ = {isa = PBXBuildFile; fileRef = 6F6A87291D2E4E9400DE745F /* EEEventDispatcher.cpp */; };
		6F6A872C1D2E4E9400DE745F /* EEEventDispatcher.cpp in Sources */ = {isa = PBXBuildFile; fileRef = 6F6A87291D2E4E9400DE745F /* EEEventDispatcher.cpp */; };
		6F6A872D1D2E4E9400DE745F /* EEEventDispatcher.hpp in Headers */ = {isa = PBXBuildFile; fileRef = 6F6A872A1D2E4E9400DE745F /* EEEventDispatcher.hpp */; };
		6F6A872E1D2E4E9400DE745F /* EEEventDispatcher.hpp in Headers */ = {isa = PBXBuildFile; fileRef = 6F6A872A1D2E4E9400DE745F /* EEEventDispatcher.hpp */; };
		6F6A87331D2E4F4400DE745F /* EEEventInfoV2.hpp in Headers */ = {isa = PBXBuildFile; fileRef = 6F6A87301D2E4F4400DE745F /* EEEventInfoV2.hpp */; };
		6F6A87341D2E4F4400DE745F /* EEEventInfoV2.hpp in Headers */ = {isa = PBXBuildFile; fileRef = 6F6A87301D2E4F4400DE745F /* EEEventInfoV2.hpp */; };
		6F6B54091D41B58700F13CA9 /* EEDataHandler.hpp in Headers */ = {isa = PBXBuildFile; fileRef = 6FAE79831D33759D00A0CFB1 /* EEDataHandler.hpp */; };
		6F6B540A1D41B58D00F13CA9 /* EEDataHandler.cpp in Sources */ = {isa = PBXBuildFile; fileRef = 6FAE79821D33759D00A0CFB1 /* EEDataHandler.cpp */; };
		6F6B540B1D41B58D00F13CA9 /* EEDataHandler.cpp in Sources */ = {isa = PBXBuildFile; fileRef = 6FAE79821D33759D00A0CFB1 /* EEDataHandler.cpp */; };
		6F6EA9301D1D3F5300816BAF /* EEBlurBackground.cpp in Sources */ = {isa = PBXBuildFile; fileRef = 6F6EA92E1D1D3F5300816BAF /* EEBlurBackground.cpp */; };
		6F6EA9311D1D3F5300816BAF /* EEBlurBackground.cpp in Sources */ = {isa = PBXBuildFile; fileRef = 6F6EA92E1D1D3F5300816BAF /* EEBlurBackground.cpp */; };
		6F6EA9321D1D3F5300816BAF /* EEBlurBackground.hpp in Headers */ = {isa = PBXBuildFile; fileRef = 6F6EA92F1D1D3F5300816BAF /* EEBlurBackground.hpp */; };
		6F6EA9331D1D3F5300816BAF /* EEBlurBackground.hpp in Headers */ = {isa = PBXBuildFile; fileRef = 6F6EA92F1D1D3F5300816BAF /* EEBlurBackground.hpp */; };
		6F77D7971CE0D733000BA9BE /* EEFlags.hpp in Headers */ = {isa = PBXBuildFile; fileRef = 6CC3596C1C0C0792007DC4CF /* EEFlags.hpp */; };
		6F77D7981CE0D734000BA9BE /* EEFlags.hpp in Headers */ = {isa = PBXBuildFile; fileRef = 6CC3596C1C0C0792007DC4CF /* EEFlags.hpp */; };
		6F798A5C1CE03866004D247B /* libcocos2d Mac.a in Frameworks */ = {isa = PBXBuildFile; fileRef = 1AC6FAF9180E9839004C840B /* libcocos2d Mac.a */; settings = {ATTRIBUTES = (Weak, ); }; };
		6F79B6221CCA7FC70008EFAC /* EEHeader.hpp in Headers */ = {isa = PBXBuildFile; fileRef = 6C43A7871BDDCA4600D0597F /* EEHeader.hpp */; };
		6F79B6231CCA7FC90008EFAC /* EEMacro.hpp in Headers */ = {isa = PBXBuildFile; fileRef = 6CAC26C31BD4111000F11F3A /* EEMacro.hpp */; };
		6F79B6271CCA7FD10008EFAC /* EECocos2dxFwd.hpp in Headers */ = {isa = PBXBuildFile; fileRef = 6C49FB961CA1354A00E0FE86 /* EECocos2dxFwd.hpp */; };
		6F79B6281CCA7FD20008EFAC /* EECocos2dxFwd.hpp in Headers */ = {isa = PBXBuildFile; fileRef = 6C49FB961CA1354A00E0FE86 /* EECocos2dxFwd.hpp */; };
		6F79B6291CCA7FD50008EFAC /* EEForward.hpp in Headers */ = {isa = PBXBuildFile; fileRef = 6CAC26B81BD4111000F11F3A /* EEForward.hpp */; };
		6F79B62B1CCA7FDC0008EFAC /* EEGenericLoader.hpp in Headers */ = {isa = PBXBuildFile; fileRef = 6C49FBB01CA13D1D00E0FE86 /* EEGenericLoader.hpp */; };
		6F79B62C1CCA7FDE0008EFAC /* EEDynamicValue.cpp in Sources */ = {isa = PBXBuildFile; fileRef = 6C43A7B61BDDDAC300D0597F /* EEDynamicValue.cpp */; };
		6F79B62D1CCA7FE00008EFAC /* EEDynamicValue.hpp in Headers */ = {isa = PBXBuildFile; fileRef = 6C43A7B71BDDDAC300D0597F /* EEDynamicValue.hpp */; };
		6F79B62E1CCA7FE20008EFAC /* EEUtils.hpp in Headers */ = {isa = PBXBuildFile; fileRef = 6C43A7D31BDDDAC300D0597F /* EEUtils.hpp */; };
		6F79B6341CCA8F9A0008EFAC /* EEUiWidgetCallback.hpp in Headers */ = {isa = PBXBuildFile; fileRef = 6C468C2B1CA2F0CA00D16594 /* EEUiWidgetCallback.hpp */; };
		6F79B6351CCA8F9E0008EFAC /* EEUiButtonLoader.cpp in Sources */ = {isa = PBXBuildFile; fileRef = 6C4A4A551CA153E500E72D89 /* EEUiButtonLoader.cpp */; };
		6F79B6361CCA8FA00008EFAC /* EEUiButtonLoader.hpp in Headers */ = {isa = PBXBuildFile; fileRef = 6C4A4A561CA153E500E72D89 /* EEUiButtonLoader.hpp */; };
		6F79B6371CCA8FA20008EFAC /* EEUiTextLoader.cpp in Sources */ = {isa = PBXBuildFile; fileRef = 6C47AAF51CA4EAE100B3E65E /* EEUiTextLoader.cpp */; };
		6F79B6381CCA8FA40008EFAC /* EEUiTextLoader.hpp in Headers */ = {isa = PBXBuildFile; fileRef = 6C47AAF61CA4EAE100B3E65E /* EEUiTextLoader.hpp */; };
		6F79B6401CCAA2D70008EFAC /* EEBackButtonListener.hpp in Headers */ = {isa = PBXBuildFile; fileRef = 6C2E7D871BDE1A1B008F5EF3 /* EEBackButtonListener.hpp */; };
		6F79B6411CCAA2D70008EFAC /* EEBackButtonListener.hpp in Headers */ = {isa = PBXBuildFile; fileRef = 6C2E7D871BDE1A1B008F5EF3 /* EEBackButtonListener.hpp */; };
		6F79B6421CCAA2D90008EFAC /* EEBackButtonListener.cpp in Sources */ = {isa = PBXBuildFile; fileRef = 6C2E7D861BDE1A1B008F5EF3 /* EEBackButtonListener.cpp */; };
		6F79B6431CCAA2D90008EFAC /* EEBackButtonListener.cpp in Sources */ = {isa = PBXBuildFile; fileRef = 6C2E7D861BDE1A1B008F5EF3 /* EEBackButtonListener.cpp */; };
		6F79B6441CCAC0E50008EFAC /* EEEventInfoV1.cpp in Sources */ = {isa = PBXBuildFile; fileRef = 6C43A7B81BDDDAC300D0597F /* EEEventInfoV1.cpp */; };
		6F79B6451CCAC0E70008EFAC /* EEEventInfoV1.hpp in Headers */ = {isa = PBXBuildFile; fileRef = 6C43A7B91BDDDAC300D0597F /* EEEventInfoV1.hpp */; };
		6F79B6461CCAC0E90008EFAC /* EEEvent.hpp in Headers */ = {isa = PBXBuildFile; fileRef = 6C3849211CA230750020B858 /* EEEvent.hpp */; };
		6F79B6471CCAC0EA0008EFAC /* EEEventListener.hpp in Headers */ = {isa = PBXBuildFile; fileRef = 6C38491B1CA22FCA0020B858 /* EEEventListener.hpp */; };
		6F79DC821CCE5CB900BDA20F /* EECrytography.hpp in Headers */ = {isa = PBXBuildFile; fileRef = 6C5AEB3E1BDF1BF1004C98A2 /* EECrytography.hpp */; };
		6F79DC831CCE5CBA00BDA20F /* EECrytography.hpp in Headers */ = {isa = PBXBuildFile; fileRef = 6C5AEB3E1BDF1BF1004C98A2 /* EECrytography.hpp */; };
		6F79DC841CCE5CBC00BDA20F /* EESha1.cpp in Sources */ = {isa = PBXBuildFile; fileRef = 6C43A7CA1BDDDAC300D0597F /* EESha1.cpp */; };
		6F79DC851CCE5CBC00BDA20F /* EESha1.cpp in Sources */ = {isa = PBXBuildFile; fileRef = 6C43A7CA1BDDDAC300D0597F /* EESha1.cpp */; };
		6F79DC861CCE5CBE00BDA20F /* EECrc.cpp in Sources */ = {isa = PBXBuildFile; fileRef = 6C2E7D831BDE14D4008F5EF3 /* EECrc.cpp */; };
		6F79DC871CCE5CBF00BDA20F /* EECrc.cpp in Sources */ = {isa = PBXBuildFile; fileRef = 6C2E7D831BDE14D4008F5EF3 /* EECrc.cpp */; };
		6F7F38861D1D5BD000F5893F /* EEBlurBackgroundLoader.cpp in Sources */ = {isa = PBXBuildFile; fileRef = 6F7F38841D1D5BD000F5893F /* EEBlurBackgroundLoader.cpp */; };
		6F7F38871D1D5BD000F5893F /* EEBlurBackgroundLoader.cpp in Sources */ = {isa = PBXBuildFile; fileRef = 6F7F38841D1D5BD000F5893F /* EEBlurBackgroundLoader.cpp */; };
		6F7F38881D1D5BD000F5893F /* EEBlurBackgroundLoader.hpp in Headers */ = {isa = PBXBuildFile; fileRef = 6F7F38851D1D5BD000F5893F /* EEBlurBackgroundLoader.hpp */; };
		6F7F38891D1D5BD000F5893F /* EEBlurBackgroundLoader.hpp in Headers */ = {isa = PBXBuildFile; fileRef = 6F7F38851D1D5BD000F5893F /* EEBlurBackgroundLoader.hpp */; };
		6F843E431CDB8EF6008B2EC4 /* EEUiWidgetLoader.cpp in Sources */ = {isa = PBXBuildFile; fileRef = 6F843E411CDB8EF6008B2EC4 /* EEUiWidgetLoader.cpp */; };
		6F843E441CDB8EF6008B2EC4 /* EEUiWidgetLoader.cpp in Sources */ = {isa = PBXBuildFile; fileRef = 6F843E411CDB8EF6008B2EC4 /* EEUiWidgetLoader.cpp */; };
		6F843E451CDB8EF6008B2EC4 /* EEUiWidgetLoader.hpp in Headers */ = {isa = PBXBuildFile; fileRef = 6F843E421CDB8EF6008B2EC4 /* EEUiWidgetLoader.hpp */; };
		6F843E461CDB8EF6008B2EC4 /* EEUiWidgetLoader.hpp in Headers */ = {isa = PBXBuildFile; fileRef = 6F843E421CDB8EF6008B2EC4 /* EEUiWidgetLoader.hpp */; };
		6F8460891E518C5100DB7FB3 /* EEClippingRectangleNodeLoader.cpp in Sources */ = {isa = PBXBuildFile; fileRef = 6F8460871E518C5100DB7FB3 /* EEClippingRectangleNodeLoader.cpp */; };
		6F84608A1E518C5100DB7FB3 /* EEClippingRectangleNodeLoader.cpp in Sources */ = {isa = PBXBuildFile; fileRef = 6F8460871E518C5100DB7FB3 /* EEClippingRectangleNodeLoader.cpp */; };
		6F84608B1E518C5100DB7FB3 /* EEClippingRectangleNodeLoader.hpp in Headers */ = {isa = PBXBuildFile; fileRef = 6F8460881E518C5100DB7FB3 /* EEClippingRectangleNodeLoader.hpp */; };
		6F84608C1E518C5100DB7FB3 /* EEClippingRectangleNodeLoader.hpp in Headers */ = {isa = PBXBuildFile; fileRef = 6F8460881E518C5100DB7FB3 /* EEClippingRectangleNodeLoader.hpp */; };
		6F8C9EF51E233D65005D4121 /* EESpineFactory.cpp in Sources */ = {isa = PBXBuildFile; fileRef = 6F8C9EF31E233D65005D4121 /* EESpineFactory.cpp */; };
		6F8C9EF61E233D65005D4121 /* EESpineFactory.cpp in Sources */ = {isa = PBXBuildFile; fileRef = 6F8C9EF31E233D65005D4121 /* EESpineFactory.cpp */; };
		6F8C9EF71E233D65005D4121 /* EESpineFactory.hpp in Headers */ = {isa = PBXBuildFile; fileRef = 6F8C9EF41E233D65005D4121 /* EESpineFactory.hpp */; };
		6F8C9EF81E233D65005D4121 /* EESpineFactory.hpp in Headers */ = {isa = PBXBuildFile; fileRef = 6F8C9EF41E233D65005D4121 /* EESpineFactory.hpp */; };
		6F9C2FD41D4742A200939859 /* EEDataTraits.cpp in Sources */ = {isa = PBXBuildFile; fileRef = 6F9C2FD21D4742A200939859 /* EEDataTraits.cpp */; };
		6F9C2FD51D4742A200939859 /* EEDataTraits.cpp in Sources */ = {isa = PBXBuildFile; fileRef = 6F9C2FD21D4742A200939859 /* EEDataTraits.cpp */; };
		6F9C2FD61D4742A200939859 /* EEDataTraits.hpp in Headers */ = {isa = PBXBuildFile; fileRef = 6F9C2FD31D4742A200939859 /* EEDataTraits.hpp */; };
		6F9C2FD71D4742A200939859 /* EEDataTraits.hpp in Headers */ = {isa = PBXBuildFile; fileRef = 6F9C2FD31D4742A200939859 /* EEDataTraits.hpp */; };
		6FA6588C1CCB5C0B009BC9EB /* EEImage.cpp in Sources */ = {isa = PBXBuildFile; fileRef = 6C7A9AC71BDB841A00199AC0 /* EEImage.cpp */; };
		6FA6588D1CCB5C0B009BC9EB /* EEImage.hpp in Headers */ = {isa = PBXBuildFile; fileRef = 6C32DC3D1BD67074007613F9 /* EEImage.hpp */; };
		6FA6588E1CCB5C0B009BC9EB /* EEBoxBlur1D.cpp in Sources */ = {isa = PBXBuildFile; fileRef = 6C32DC431BD67791007613F9 /* EEBoxBlur1D.cpp */; };
		6FA6588F1CCB5C0B009BC9EB /* EEBoxBlur2D.cpp in Sources */ = {isa = PBXBuildFile; fileRef = 6C32DC551BD692CF007613F9 /* EEBoxBlur2D.cpp */; };
		6FA658901CCB5C0B009BC9EB /* EETentBlur1D.cpp in Sources */ = {isa = PBXBuildFile; fileRef = 6C7A9ABB1BD9335600199AC0 /* EETentBlur1D.cpp */; };
		6FA658911CCB5C0C009BC9EB /* EEImage.cpp in Sources */ = {isa = PBXBuildFile; fileRef = 6C7A9AC71BDB841A00199AC0 /* EEImage.cpp */; };
		6FA658921CCB5C0C009BC9EB /* EEImage.hpp in Headers */ = {isa = PBXBuildFile; fileRef = 6C32DC3D1BD67074007613F9 /* EEImage.hpp */; };
		6FA658931CCB5C0C009BC9EB /* EEBoxBlur1D.cpp in Sources */ = {isa = PBXBuildFile; fileRef = 6C32DC431BD67791007613F9 /* EEBoxBlur1D.cpp */; };
		6FA658941CCB5C0C009BC9EB /* EEBoxBlur2D.cpp in Sources */ = {isa = PBXBuildFile; fileRef = 6C32DC551BD692CF007613F9 /* EEBoxBlur2D.cpp */; };
		6FA658951CCB5C0C009BC9EB /* EETentBlur1D.cpp in Sources */ = {isa = PBXBuildFile; fileRef = 6C7A9ABB1BD9335600199AC0 /* EETentBlur1D.cpp */; };
		6FA658971CCB700B009BC9EB /* EEUtils.cpp in Sources */ = {isa = PBXBuildFile; fileRef = 6FA658961CCB700B009BC9EB /* EEUtils.cpp */; };
		6FA658981CCB700B009BC9EB /* EEUtils.cpp in Sources */ = {isa = PBXBuildFile; fileRef = 6FA658961CCB700B009BC9EB /* EEUtils.cpp */; };
		6FAC216B1CE30FE0000C16CC /* EEDialog.cpp in Sources */ = {isa = PBXBuildFile; fileRef = 6C43A7B11BDDDAC300D0597F /* EEDialog.cpp */; };
		6FAC216C1CE30FE0000C16CC /* EEDialog.cpp in Sources */ = {isa = PBXBuildFile; fileRef = 6C43A7B11BDDDAC300D0597F /* EEDialog.cpp */; };
		6FAC216D1CE310AD000C16CC /* EEDialogManager.cpp in Sources */ = {isa = PBXBuildFile; fileRef = 6C43A7B41BDDDAC300D0597F /* EEDialogManager.cpp */; };
		6FAC216E1CE310AD000C16CC /* EEDialogManager.cpp in Sources */ = {isa = PBXBuildFile; fileRef = 6C43A7B41BDDDAC300D0597F /* EEDialogManager.cpp */; };
		6FAC21761CE33425000C16CC /* EEDialogCommand.cpp in Sources */ = {isa = PBXBuildFile; fileRef = 6FAC21741CE33425000C16CC /* EEDialogCommand.cpp */; };
		6FAC21771CE33425000C16CC /* EEDialogCommand.cpp in Sources */ = {isa = PBXBuildFile; fileRef = 6FAC21741CE33425000C16CC /* EEDialogCommand.cpp */; };
		6FAC21781CE33425000C16CC /* EEDialogCommand.hpp in Headers */ = {isa = PBXBuildFile; fileRef = 6FAC21751CE33425000C16CC /* EEDialogCommand.hpp */; };
		6FAC21791CE33425000C16CC /* EEDialogCommand.hpp in Headers */ = {isa = PBXBuildFile; fileRef = 6FAC21751CE33425000C16CC /* EEDialogCommand.hpp */; };
		6FAC217C1CE3454E000C16CC /* EEDialogGuard.cpp in Sources */ = {isa = PBXBuildFile; fileRef = 6FAC217A1CE3454E000C16CC /* EEDialogGuard.cpp */; };
		6FAC217D1CE3454E000C16CC /* EEDialogGuard.cpp in Sources */ = {isa = PBXBuildFile; fileRef = 6FAC217A1CE3454E000C16CC /* EEDialogGuard.cpp */; };
		6FAC217E1CE3454E000C16CC /* EEDialogGuard.hpp in Headers */ = {isa = PBXBuildFile; fileRef = 6FAC217B1CE3454E000C16CC /* EEDialogGuard.hpp */; };
		6FAC217F1CE3454E000C16CC /* EEDialogGuard.hpp in Headers */ = {isa = PBXBuildFile; fileRef = 6FAC217B1CE3454E000C16CC /* EEDialogGuard.hpp */; };
		6FAE79871D33759D00A0CFB1 /* EEDataHandler.hpp in Headers */ = {isa = PBXBuildFile; fileRef = 6FAE79831D33759D00A0CFB1 /* EEDataHandler.hpp */; };
		6FAE79891D33759D00A0CFB1 /* EEDataInfo.hpp in Headers */ = {isa = PBXBuildFile; fileRef = 6FAE79851D33759D00A0CFB1 /* EEDataInfo.hpp */; };
		6FAE798A1D3375B800A0CFB1 /* EEDataInfo.hpp in Headers */ = {isa = PBXBuildFile; fileRef = 6FAE79851D33759D00A0CFB1 /* EEDataInfo.hpp */; };
		6FB731211D1B926F000B7397 /* EESpriteWithHsvLoader.cpp in Sources */ = {isa = PBXBuildFile; fileRef = 6FB7311F1D1B926F000B7397 /* EESpriteWithHsvLoader.cpp */; };
		6FB731221D1B926F000B7397 /* EESpriteWithHsvLoader.cpp in Sources */ = {isa = PBXBuildFile; fileRef = 6FB7311F1D1B926F000B7397 /* EESpriteWithHsvLoader.cpp */; };
		6FB731231D1B926F000B7397 /* EESpriteWithHsvLoader.hpp in Headers */ = {isa = PBXBuildFile; fileRef = 6FB731201D1B926F000B7397 /* EESpriteWithHsvLoader.hpp */; };
		6FB731241D1B926F000B7397 /* EESpriteWithHsvLoader.hpp in Headers */ = {isa = PBXBuildFile; fileRef = 6FB731201D1B926F000B7397 /* EESpriteWithHsvLoader.hpp */; };
		6FB73D331CE45E5800C718D5 /* EEDialogUtils.cpp in Sources */ = {isa = PBXBuildFile; fileRef = 6FB73D311CE45E5800C718D5 /* EEDialogUtils.cpp */; };
		6FB73D341CE45E5800C718D5 /* EEDialogUtils.cpp in Sources */ = {isa = PBXBuildFile; fileRef = 6FB73D311CE45E5800C718D5 /* EEDialogUtils.cpp */; };
		6FB73D351CE45E5800C718D5 /* EEDialogUtils.hpp in Headers */ = {isa = PBXBuildFile; fileRef = 6FB73D321CE45E5800C718D5 /* EEDialogUtils.hpp */; };
		6FB73D361CE45E5800C718D5 /* EEDialogUtils.hpp in Headers */ = {isa = PBXBuildFile; fileRef = 6FB73D321CE45E5800C718D5 /* EEDialogUtils.hpp */; };
		6FB85B861D40E7010061A441 /* EEDataInfo.cpp in Sources */ = {isa = PBXBuildFile; fileRef = 6FAE79841D33759D00A0CFB1 /* EEDataInfo.cpp */; };
		6FB85B871D40E7020061A441 /* EEDataInfo.cpp in Sources */ = {isa = PBXBuildFile; fileRef = 6FAE79841D33759D00A0CFB1 /* EEDataInfo.cpp */; };
		6FBEDB9B1D1A93430038E335 /* EESpriteWithHsv.cpp in Sources */ = {isa = PBXBuildFile; fileRef = 6FBEDB991D1A93430038E335 /* EESpriteWithHsv.cpp */; };
		6FBEDB9C1D1A93430038E335 /* EESpriteWithHsv.cpp in Sources */ = {isa = PBXBuildFile; fileRef = 6FBEDB991D1A93430038E335 /* EESpriteWithHsv.cpp */; };
		6FBEDB9D1D1A93430038E335 /* EESpriteWithHsv.hpp in Headers */ = {isa = PBXBuildFile; fileRef = 6FBEDB9A1D1A93430038E335 /* EESpriteWithHsv.hpp */; };
		6FBEDB9E1D1A93430038E335 /* EESpriteWithHsv.hpp in Headers */ = {isa = PBXBuildFile; fileRef = 6FBEDB9A1D1A93430038E335 /* EESpriteWithHsv.hpp */; };
		6FC19AD31CF83F9A0002D68B /* EEUiCheckBoxLoader.cpp in Sources */ = {isa = PBXBuildFile; fileRef = 6FC19AD11CF83F9A0002D68B /* EEUiCheckBoxLoader.cpp */; };
		6FC19AD41CF83F9A0002D68B /* EEUiCheckBoxLoader.cpp in Sources */ = {isa = PBXBuildFile; fileRef = 6FC19AD11CF83F9A0002D68B /* EEUiCheckBoxLoader.cpp */; };
		6FC19AD51CF83F9A0002D68B /* EEUiCheckBoxLoader.hpp in Headers */ = {isa = PBXBuildFile; fileRef = 6FC19AD21CF83F9A0002D68B /* EEUiCheckBoxLoader.hpp */; };
		6FC19AD61CF83F9A0002D68B /* EEUiCheckBoxLoader.hpp in Headers */ = {isa = PBXBuildFile; fileRef = 6FC19AD21CF83F9A0002D68B /* EEUiCheckBoxLoader.hpp */; };
		6FC19ADB1CF84A470002D68B /* EECheckBox.cpp in Sources */ = {isa = PBXBuildFile; fileRef = 6C43A7A81BDDDAC300D0597F /* EECheckBox.cpp */; };
		6FC19ADC1CF84A470002D68B /* EECheckBox.hpp in Headers */ = {isa = PBXBuildFile; fileRef = 6C43A7A91BDDDAC300D0597F /* EECheckBox.hpp */; };
		6FC19ADD1CF84A470002D68B /* EECheckBox.cpp in Sources */ = {isa = PBXBuildFile; fileRef = 6C43A7A81BDDDAC300D0597F /* EECheckBox.cpp */; };
		6FC19ADE1CF84A470002D68B /* EECheckBox.hpp in Headers */ = {isa = PBXBuildFile; fileRef = 6C43A7A91BDDDAC300D0597F /* EECheckBox.hpp */; };
		6FC276B71DBDA532008282B6 /* EEScale9SpriteWithHsv.cpp in Sources */ = {isa = PBXBuildFile; fileRef = 6FC276B51DBDA532008282B6 /* EEScale9SpriteWithHsv.cpp */; };
		6FC276B81DBDA532008282B6 /* EEScale9SpriteWithHsv.cpp in Sources */ = {isa = PBXBuildFile; fileRef = 6FC276B51DBDA532008282B6 /* EEScale9SpriteWithHsv.cpp */; };
		6FC276B91DBDA532008282B6 /* EEScale9SpriteWithHsv.hpp in Headers */ = {isa = PBXBuildFile; fileRef = 6FC276B61DBDA532008282B6 /* EEScale9SpriteWithHsv.hpp */; };
		6FC276BA1DBDA532008282B6 /* EEScale9SpriteWithHsv.hpp in Headers */ = {isa = PBXBuildFile; fileRef = 6FC276B61DBDA532008282B6 /* EEScale9SpriteWithHsv.hpp */; };
		6FC276BD1DBDA666008282B6 /* EEHsvProtocol.cpp in Sources */ = {isa = PBXBuildFile; fileRef = 6FC276BB1DBDA666008282B6 /* EEHsvProtocol.cpp */; };
		6FC276BE1DBDA666008282B6 /* EEHsvProtocol.cpp in Sources */ = {isa = PBXBuildFile; fileRef = 6FC276BB1DBDA666008282B6 /* EEHsvProtocol.cpp */; };
		6FC276BF1DBDA666008282B6 /* EEHsvProtocol.hpp in Headers */ = {isa = PBXBuildFile; fileRef = 6FC276BC1DBDA666008282B6 /* EEHsvProtocol.hpp */; };
		6FC276C01DBDA666008282B6 /* EEHsvProtocol.hpp in Headers */ = {isa = PBXBuildFile; fileRef = 6FC276BC1DBDA666008282B6 /* EEHsvProtocol.hpp */; };
		6FC7FAD21D154387005AF2E5 /* EEShader.cpp in Sources */ = {isa = PBXBuildFile; fileRef = 6FC7FAD01D154387005AF2E5 /* EEShader.cpp */; };
		6FC7FAD31D154387005AF2E5 /* EEShader.cpp in Sources */ = {isa = PBXBuildFile; fileRef = 6FC7FAD01D154387005AF2E5 /* EEShader.cpp */; };
		6FC7FAD41D154387005AF2E5 /* EEShader.hpp in Headers */ = {isa = PBXBuildFile; fileRef = 6FC7FAD11D154387005AF2E5 /* EEShader.hpp */; };
		6FC7FAD51D154387005AF2E5 /* EEShader.hpp in Headers */ = {isa = PBXBuildFile; fileRef = 6FC7FAD11D154387005AF2E5 /* EEShader.hpp */; };
		6FCDDC421CD9981800DF8095 /* EEUiWidgetCallback.cpp in Sources */ = {isa = PBXBuildFile; fileRef = 6C468C2A1CA2F0CA00D16594 /* EEUiWidgetCallback.cpp */; };
		6FD294771CE1CBF9009ECBFA /* EENodeV3Loader.cpp in Sources */ = {isa = PBXBuildFile; fileRef = 6FD294751CE1CBF9009ECBFA /* EENodeV3Loader.cpp */; };
		6FD294781CE1CBF9009ECBFA /* EENodeV3Loader.cpp in Sources */ = {isa = PBXBuildFile; fileRef = 6FD294751CE1CBF9009ECBFA /* EENodeV3Loader.cpp */; };
		6FD294791CE1CBF9009ECBFA /* EENodeV3Loader.hpp in Headers */ = {isa = PBXBuildFile; fileRef = 6FD294761CE1CBF9009ECBFA /* EENodeV3Loader.hpp */; };
		6FD2947A1CE1CBF9009ECBFA /* EENodeV3Loader.hpp in Headers */ = {isa = PBXBuildFile; fileRef = 6FD294761CE1CBF9009ECBFA /* EENodeV3Loader.hpp */; };
		6FD294901CE1D95B009ECBFA /* EEUiLayoutLoader.cpp in Sources */ = {isa = PBXBuildFile; fileRef = 6FD2948E1CE1D95B009ECBFA /* EEUiLayoutLoader.cpp */; };
		6FD294911CE1D95B009ECBFA /* EEUiLayoutLoader.cpp in Sources */ = {isa = PBXBuildFile; fileRef = 6FD2948E1CE1D95B009ECBFA /* EEUiLayoutLoader.cpp */; };
		6FD294921CE1D95B009ECBFA /* EEUiLayoutLoader.hpp in Headers */ = {isa = PBXBuildFile; fileRef = 6FD2948F1CE1D95B009ECBFA /* EEUiLayoutLoader.hpp */; };
		6FD294931CE1D95B009ECBFA /* EEUiLayoutLoader.hpp in Headers */ = {isa = PBXBuildFile; fileRef = 6FD2948F1CE1D95B009ECBFA /* EEUiLayoutLoader.hpp */; };
		6FE569D91E63C9FC001E1F80 /* EEPreferences.cpp in Sources */ = {isa = PBXBuildFile; fileRef = 6FE569D71E63C9FC001E1F80 /* EEPreferences.cpp */; };
		6FE569DA1E63C9FC001E1F80 /* EEPreferences.cpp in Sources */ = {isa = PBXBuildFile; fileRef = 6FE569D71E63C9FC001E1F80 /* EEPreferences.cpp */; };
		6FE569DB1E63C9FC001E1F80 /* EEPreferences.hpp in Headers */ = {isa = PBXBuildFile; fileRef = 6FE569D81E63C9FC001E1F80 /* EEPreferences.hpp */; };
		6FE569DC1E63C9FC001E1F80 /* EEPreferences.hpp in Headers */ = {isa = PBXBuildFile; fileRef = 6FE569D81E63C9FC001E1F80 /* EEPreferences.hpp */; };
		6FEC41ED1D9B53C8000B40F2 /* EEPool.hpp in Headers */ = {isa = PBXBuildFile; fileRef = 6FEC41EA1D9B53C8000B40F2 /* EEPool.hpp */; };
		6FEC41EE1D9B53C8000B40F2 /* EEPool.hpp in Headers */ = {isa = PBXBuildFile; fileRef = 6FEC41EA1D9B53C8000B40F2 /* EEPool.hpp */; };
/* End PBXBuildFile section */

/* Begin PBXContainerItemProxy section */
		1AC6FAF8180E9839004C840B /* PBXContainerItemProxy */ = {
			isa = PBXContainerItemProxy;
			containerPortal = 1AC6FAE5180E9839004C840B /* cocos2d_libs.xcodeproj */;
			proxyType = 2;
			remoteGlobalIDString = 1551A33F158F2AB200E66CFE;
			remoteInfo = "cocos2dx Mac";
		};
		1AC6FB06180E9839004C840B /* PBXContainerItemProxy */ = {
			isa = PBXContainerItemProxy;
			containerPortal = 1AC6FAE5180E9839004C840B /* cocos2d_libs.xcodeproj */;
			proxyType = 2;
			remoteGlobalIDString = A07A4D641783777C0073F6A7;
			remoteInfo = "cocos2dx iOS";
		};
		6CB0BC4B1C842AAF003D7E50 /* PBXContainerItemProxy */ = {
			isa = PBXContainerItemProxy;
			containerPortal = 1AC6FAE5180E9839004C840B /* cocos2d_libs.xcodeproj */;
			proxyType = 1;
			remoteGlobalIDString = A07A4C241783777C0073F6A7;
			remoteInfo = "libcocos2d iOS";
		};
		6F79B6201CCA7FC30008EFAC /* PBXContainerItemProxy */ = {
			isa = PBXContainerItemProxy;
			containerPortal = 1AC6FAE5180E9839004C840B /* cocos2d_libs.xcodeproj */;
			proxyType = 1;
			remoteGlobalIDString = 1551A33E158F2AB200E66CFE;
			remoteInfo = "libcocos2d Mac";
		};
/* End PBXContainerItemProxy section */

/* Begin PBXCopyFilesBuildPhase section */
		6C43A8041BDDDF1800D0597F /* Copy Files */ = {
			isa = PBXCopyFilesBuildPhase;
			buildActionMask = 2147483647;
			dstPath = "include/$(PRODUCT_NAME)";
			dstSubfolderSpec = 16;
			files = (
			);
			name = "Copy Files";
			runOnlyForDeploymentPostprocessing = 0;
		};
/* End PBXCopyFilesBuildPhase section */

/* Begin PBXFileReference section */
		1AC6FAE5180E9839004C840B /* cocos2d_libs.xcodeproj */ = {isa = PBXFileReference; lastKnownFileType = "wrapper.pb-project"; name = cocos2d_libs.xcodeproj; path = ../cocos2d/build/cocos2d_libs.xcodeproj; sourceTree = "<group>"; };
		6C2E7D831BDE14D4008F5EF3 /* EECrc.cpp */ = {isa = PBXFileReference; fileEncoding = 4; lastKnownFileType = sourcecode.cpp.cpp; path = EECrc.cpp; sourceTree = "<group>"; };
		6C2E7D861BDE1A1B008F5EF3 /* EEBackButtonListener.cpp */ = {isa = PBXFileReference; fileEncoding = 4; lastKnownFileType = sourcecode.cpp.cpp; path = EEBackButtonListener.cpp; sourceTree = "<group>"; };
		6C2E7D871BDE1A1B008F5EF3 /* EEBackButtonListener.hpp */ = {isa = PBXFileReference; fileEncoding = 4; lastKnownFileType = sourcecode.cpp.h; path = EEBackButtonListener.hpp; sourceTree = "<group>"; };
		6C32DC3D1BD67074007613F9 /* EEImage.hpp */ = {isa = PBXFileReference; fileEncoding = 4; lastKnownFileType = sourcecode.cpp.h; path = EEImage.hpp; sourceTree = "<group>"; };
		6C32DC431BD67791007613F9 /* EEBoxBlur1D.cpp */ = {isa = PBXFileReference; fileEncoding = 4; lastKnownFileType = sourcecode.cpp.cpp; path = EEBoxBlur1D.cpp; sourceTree = "<group>"; };
		6C32DC551BD692CF007613F9 /* EEBoxBlur2D.cpp */ = {isa = PBXFileReference; fileEncoding = 4; lastKnownFileType = sourcecode.cpp.cpp; path = EEBoxBlur2D.cpp; sourceTree = "<group>"; };
		6C38491B1CA22FCA0020B858 /* EEEventListener.hpp */ = {isa = PBXFileReference; fileEncoding = 4; lastKnownFileType = sourcecode.cpp.h; path = EEEventListener.hpp; sourceTree = "<group>"; };
		6C3849211CA230750020B858 /* EEEvent.hpp */ = {isa = PBXFileReference; fileEncoding = 4; lastKnownFileType = sourcecode.cpp.h; path = EEEvent.hpp; sourceTree = "<group>"; };
		6C3D4AF71C0D37F0001A09DF /* __EETransitionScene.cpp */ = {isa = PBXFileReference; fileEncoding = 4; lastKnownFileType = sourcecode.cpp.cpp; path = __EETransitionScene.cpp; sourceTree = "<group>"; };
		6C3D4AF81C0D37F0001A09DF /* __EETransitionScene.hpp */ = {isa = PBXFileReference; fileEncoding = 4; lastKnownFileType = sourcecode.cpp.h; path = __EETransitionScene.hpp; sourceTree = "<group>"; };
		6C3FD3A91C50E97900D2AFE2 /* __Gesture-Impl.hpp */ = {isa = PBXFileReference; fileEncoding = 4; lastKnownFileType = sourcecode.cpp.h; name = "__Gesture-Impl.hpp"; path = "experimental/__Gesture-Impl.hpp"; sourceTree = "<group>"; };
		6C3FD3AA1C50E97900D2AFE2 /* __Gesture.cpp */ = {isa = PBXFileReference; fileEncoding = 4; lastKnownFileType = sourcecode.cpp.cpp; name = __Gesture.cpp; path = experimental/__Gesture.cpp; sourceTree = "<group>"; };
		6C3FD3AB1C50E97900D2AFE2 /* __Gesture.hpp */ = {isa = PBXFileReference; fileEncoding = 4; lastKnownFileType = sourcecode.cpp.h; name = __Gesture.hpp; path = experimental/__Gesture.hpp; sourceTree = "<group>"; };
		6C3FD3AD1C50E97900D2AFE2 /* __Projection.cpp */ = {isa = PBXFileReference; fileEncoding = 4; lastKnownFileType = sourcecode.cpp.cpp; name = __Projection.cpp; path = experimental/__Projection.cpp; sourceTree = "<group>"; };
		6C3FD3AE1C50E97900D2AFE2 /* __Projection.hpp */ = {isa = PBXFileReference; fileEncoding = 4; lastKnownFileType = sourcecode.cpp.h; name = __Projection.hpp; path = experimental/__Projection.hpp; sourceTree = "<group>"; };
		6C43A7871BDDCA4600D0597F /* EEHeader.hpp */ = {isa = PBXFileReference; lastKnownFileType = sourcecode.cpp.h; path = EEHeader.hpp; sourceTree = "<group>"; };
		6C43A7A81BDDDAC300D0597F /* EECheckBox.cpp */ = {isa = PBXFileReference; fileEncoding = 4; lastKnownFileType = sourcecode.cpp.cpp; path = EECheckBox.cpp; sourceTree = "<group>"; };
		6C43A7A91BDDDAC300D0597F /* EECheckBox.hpp */ = {isa = PBXFileReference; fileEncoding = 4; lastKnownFileType = sourcecode.cpp.h; path = EECheckBox.hpp; sourceTree = "<group>"; };
		6C43A7B11BDDDAC300D0597F /* EEDialog.cpp */ = {isa = PBXFileReference; fileEncoding = 4; lastKnownFileType = sourcecode.cpp.cpp; path = EEDialog.cpp; sourceTree = "<group>"; };
		6C43A7B21BDDDAC300D0597F /* EEDialog.hpp */ = {isa = PBXFileReference; fileEncoding = 4; lastKnownFileType = sourcecode.cpp.h; path = EEDialog.hpp; sourceTree = "<group>"; };
		6C43A7B41BDDDAC300D0597F /* EEDialogManager.cpp */ = {isa = PBXFileReference; fileEncoding = 4; lastKnownFileType = sourcecode.cpp.cpp; path = EEDialogManager.cpp; sourceTree = "<group>"; };
		6C43A7B51BDDDAC300D0597F /* EEDialogManager.hpp */ = {isa = PBXFileReference; fileEncoding = 4; lastKnownFileType = sourcecode.cpp.h; path = EEDialogManager.hpp; sourceTree = "<group>"; };
		6C43A7B61BDDDAC300D0597F /* EEDynamicValue.cpp */ = {isa = PBXFileReference; fileEncoding = 4; lastKnownFileType = sourcecode.cpp.cpp; path = EEDynamicValue.cpp; sourceTree = "<group>"; };
		6C43A7B71BDDDAC300D0597F /* EEDynamicValue.hpp */ = {isa = PBXFileReference; fileEncoding = 4; lastKnownFileType = sourcecode.cpp.h; path = EEDynamicValue.hpp; sourceTree = "<group>"; };
		6C43A7B81BDDDAC300D0597F /* EEEventInfoV1.cpp */ = {isa = PBXFileReference; fileEncoding = 4; lastKnownFileType = sourcecode.cpp.cpp; path = EEEventInfoV1.cpp; sourceTree = "<group>"; };
		6C43A7B91BDDDAC300D0597F /* EEEventInfoV1.hpp */ = {isa = PBXFileReference; fileEncoding = 4; lastKnownFileType = sourcecode.cpp.h; path = EEEventInfoV1.hpp; sourceTree = "<group>"; };
		6C43A7BC1BDDDAC300D0597F /* __EEGesture-Impl.hpp */ = {isa = PBXFileReference; fileEncoding = 4; lastKnownFileType = sourcecode.cpp.h; path = "__EEGesture-Impl.hpp"; sourceTree = "<group>"; };
		6C43A7BD1BDDDAC300D0597F /* __EEGesture.cpp */ = {isa = PBXFileReference; fileEncoding = 4; lastKnownFileType = sourcecode.cpp.cpp; path = __EEGesture.cpp; sourceTree = "<group>"; };
		6C43A7BE1BDDDAC300D0597F /* __EEGesture.hpp */ = {isa = PBXFileReference; fileEncoding = 4; lastKnownFileType = sourcecode.cpp.h; path = __EEGesture.hpp; sourceTree = "<group>"; };
		6C43A7BF1BDDDAC300D0597F /* __EEGroupNode-Impl.hpp */ = {isa = PBXFileReference; fileEncoding = 4; lastKnownFileType = sourcecode.cpp.h; path = "__EEGroupNode-Impl.hpp"; sourceTree = "<group>"; };
		6C43A7C01BDDDAC300D0597F /* __EEGroupNode.cpp */ = {isa = PBXFileReference; fileEncoding = 4; lastKnownFileType = sourcecode.cpp.cpp; path = __EEGroupNode.cpp; sourceTree = "<group>"; };
		6C43A7C11BDDDAC300D0597F /* __EEGroupNode.hpp */ = {isa = PBXFileReference; fileEncoding = 4; lastKnownFileType = sourcecode.cpp.h; path = __EEGroupNode.hpp; sourceTree = "<group>"; };
		6C43A7C21BDDDAC300D0597F /* __EEGroupNodeDelegate.hpp */ = {isa = PBXFileReference; fileEncoding = 4; lastKnownFileType = sourcecode.cpp.h; path = __EEGroupNodeDelegate.hpp; sourceTree = "<group>"; };
		6C43A7CA1BDDDAC300D0597F /* EESha1.cpp */ = {isa = PBXFileReference; fileEncoding = 4; lastKnownFileType = sourcecode.cpp.cpp; path = EESha1.cpp; sourceTree = "<group>"; };
		6C43A7D31BDDDAC300D0597F /* EEUtils.hpp */ = {isa = PBXFileReference; fileEncoding = 4; lastKnownFileType = sourcecode.cpp.h; path = EEUtils.hpp; sourceTree = "<group>"; };
		6C468C2A1CA2F0CA00D16594 /* EEUiWidgetCallback.cpp */ = {isa = PBXFileReference; fileEncoding = 4; lastKnownFileType = sourcecode.cpp.cpp; path = EEUiWidgetCallback.cpp; sourceTree = "<group>"; };
		6C468C2B1CA2F0CA00D16594 /* EEUiWidgetCallback.hpp */ = {isa = PBXFileReference; fileEncoding = 4; lastKnownFileType = sourcecode.cpp.h; path = EEUiWidgetCallback.hpp; sourceTree = "<group>"; };
		6C47AAF51CA4EAE100B3E65E /* EEUiTextLoader.cpp */ = {isa = PBXFileReference; fileEncoding = 4; lastKnownFileType = sourcecode.cpp.cpp; path = EEUiTextLoader.cpp; sourceTree = "<group>"; };
		6C47AAF61CA4EAE100B3E65E /* EEUiTextLoader.hpp */ = {isa = PBXFileReference; fileEncoding = 4; lastKnownFileType = sourcecode.cpp.h; path = EEUiTextLoader.hpp; sourceTree = "<group>"; };
		6C49FB961CA1354A00E0FE86 /* EECocos2dxFwd.hpp */ = {isa = PBXFileReference; lastKnownFileType = sourcecode.cpp.h; path = EECocos2dxFwd.hpp; sourceTree = "<group>"; };
		6C49FBB01CA13D1D00E0FE86 /* EEGenericLoader.hpp */ = {isa = PBXFileReference; fileEncoding = 4; lastKnownFileType = sourcecode.cpp.h; path = EEGenericLoader.hpp; sourceTree = "<group>"; };
		6C4A4A551CA153E500E72D89 /* EEUiButtonLoader.cpp */ = {isa = PBXFileReference; fileEncoding = 4; lastKnownFileType = sourcecode.cpp.cpp; path = EEUiButtonLoader.cpp; sourceTree = "<group>"; };
		6C4A4A561CA153E500E72D89 /* EEUiButtonLoader.hpp */ = {isa = PBXFileReference; fileEncoding = 4; lastKnownFileType = sourcecode.cpp.h; path = EEUiButtonLoader.hpp; sourceTree = "<group>"; };
		6C5AEB3E1BDF1BF1004C98A2 /* EECrytography.hpp */ = {isa = PBXFileReference; lastKnownFileType = sourcecode.cpp.h; path = EECrytography.hpp; sourceTree = "<group>"; };
		6C7A9ABB1BD9335600199AC0 /* EETentBlur1D.cpp */ = {isa = PBXFileReference; fileEncoding = 4; lastKnownFileType = sourcecode.cpp.cpp; path = EETentBlur1D.cpp; sourceTree = "<group>"; };
		6C7A9AC71BDB841A00199AC0 /* EEImage.cpp */ = {isa = PBXFileReference; fileEncoding = 4; lastKnownFileType = sourcecode.cpp.cpp; path = EEImage.cpp; sourceTree = "<group>"; };
		6CAC26B81BD4111000F11F3A /* EEForward.hpp */ = {isa = PBXFileReference; fileEncoding = 4; lastKnownFileType = sourcecode.cpp.h; path = EEForward.hpp; sourceTree = "<group>"; };
		6CAC26C31BD4111000F11F3A /* EEMacro.hpp */ = {isa = PBXFileReference; fileEncoding = 4; lastKnownFileType = sourcecode.cpp.h; path = EEMacro.hpp; sourceTree = "<group>"; };
		6CC3596C1C0C0792007DC4CF /* EEFlags.hpp */ = {isa = PBXFileReference; fileEncoding = 4; lastKnownFileType = sourcecode.cpp.h; path = EEFlags.hpp; sourceTree = "<group>"; };
		6F17FAAA1CF29D5500CFCD14 /* EESkeletonAnimationLoader.cpp */ = {isa = PBXFileReference; fileEncoding = 4; lastKnownFileType = sourcecode.cpp.cpp; path = EESkeletonAnimationLoader.cpp; sourceTree = "<group>"; };
		6F17FAAB1CF29D5500CFCD14 /* EESkeletonAnimationLoader.hpp */ = {isa = PBXFileReference; fileEncoding = 4; lastKnownFileType = sourcecode.cpp.h; path = EESkeletonAnimationLoader.hpp; sourceTree = "<group>"; };
		6F39F1541CCBBBD10038796D /* EEButton.cpp */ = {isa = PBXFileReference; fileEncoding = 4; lastKnownFileType = sourcecode.cpp.cpp; path = EEButton.cpp; sourceTree = "<group>"; };
		6F39F1551CCBBBD10038796D /* EEButton.hpp */ = {isa = PBXFileReference; fileEncoding = 4; lastKnownFileType = sourcecode.cpp.h; path = EEButton.hpp; sourceTree = "<group>"; };
		6F552B5D1D1AAA950077991C /* EEHSVShader.frag.hpp */ = {isa = PBXFileReference; lastKnownFileType = sourcecode.cpp.h; path = EEHSVShader.frag.hpp; sourceTree = "<group>"; };
		6F5575E81E837F3E00154A18 /* EEDialogComponent.cpp */ = {isa = PBXFileReference; fileEncoding = 4; lastKnownFileType = sourcecode.cpp.cpp; path = EEDialogComponent.cpp; sourceTree = "<group>"; };
		6F5575E91E837F3E00154A18 /* EEDialogComponent.hpp */ = {isa = PBXFileReference; fileEncoding = 4; lastKnownFileType = sourcecode.cpp.h; path = EEDialogComponent.hpp; sourceTree = "<group>"; };
		6F5D03D21E12647600F432F3 /* EEBackButtonComponent.cpp */ = {isa = PBXFileReference; fileEncoding = 4; lastKnownFileType = sourcecode.cpp.cpp; path = EEBackButtonComponent.cpp; sourceTree = "<group>"; };
		6F5D03D31E12647600F432F3 /* EEBackButtonComponent.hpp */ = {isa = PBXFileReference; fileEncoding = 4; lastKnownFileType = sourcecode.cpp.h; path = EEBackButtonComponent.hpp; sourceTree = "<group>"; };
		6F6269551DBDBA7400A93689 /* EEButtonLoader.cpp */ = {isa = PBXFileReference; fileEncoding = 4; lastKnownFileType = sourcecode.cpp.cpp; path = EEButtonLoader.cpp; sourceTree = "<group>"; };
		6F6269561DBDBA7400A93689 /* EEButtonLoader.hpp */ = {isa = PBXFileReference; fileEncoding = 4; lastKnownFileType = sourcecode.cpp.h; path = EEButtonLoader.hpp; sourceTree = "<group>"; };
		6F6A87291D2E4E9400DE745F /* EEEventDispatcher.cpp */ = {isa = PBXFileReference; fileEncoding = 4; lastKnownFileType = sourcecode.cpp.cpp; path = EEEventDispatcher.cpp; sourceTree = "<group>"; };
		6F6A872A1D2E4E9400DE745F /* EEEventDispatcher.hpp */ = {isa = PBXFileReference; fileEncoding = 4; lastKnownFileType = sourcecode.cpp.h; path = EEEventDispatcher.hpp; sourceTree = "<group>"; };
		6F6A87301D2E4F4400DE745F /* EEEventInfoV2.hpp */ = {isa = PBXFileReference; fileEncoding = 4; lastKnownFileType = sourcecode.cpp.h; path = EEEventInfoV2.hpp; sourceTree = "<group>"; };
		6F6EA92E1D1D3F5300816BAF /* EEBlurBackground.cpp */ = {isa = PBXFileReference; fileEncoding = 4; lastKnownFileType = sourcecode.cpp.cpp; path = EEBlurBackground.cpp; sourceTree = "<group>"; };
		6F6EA92F1D1D3F5300816BAF /* EEBlurBackground.hpp */ = {isa = PBXFileReference; fileEncoding = 4; lastKnownFileType = sourcecode.cpp.h; path = EEBlurBackground.hpp; sourceTree = "<group>"; };
		6F7F38841D1D5BD000F5893F /* EEBlurBackgroundLoader.cpp */ = {isa = PBXFileReference; fileEncoding = 4; lastKnownFileType = sourcecode.cpp.cpp; path = EEBlurBackgroundLoader.cpp; sourceTree = "<group>"; };
		6F7F38851D1D5BD000F5893F /* EEBlurBackgroundLoader.hpp */ = {isa = PBXFileReference; fileEncoding = 4; lastKnownFileType = sourcecode.cpp.h; path = EEBlurBackgroundLoader.hpp; sourceTree = "<group>"; };
		6F843E411CDB8EF6008B2EC4 /* EEUiWidgetLoader.cpp */ = {isa = PBXFileReference; fileEncoding = 4; lastKnownFileType = sourcecode.cpp.cpp; path = EEUiWidgetLoader.cpp; sourceTree = "<group>"; };
		6F843E421CDB8EF6008B2EC4 /* EEUiWidgetLoader.hpp */ = {isa = PBXFileReference; fileEncoding = 4; lastKnownFileType = sourcecode.cpp.h; path = EEUiWidgetLoader.hpp; sourceTree = "<group>"; };
		6F8460871E518C5100DB7FB3 /* EEClippingRectangleNodeLoader.cpp */ = {isa = PBXFileReference; fileEncoding = 4; lastKnownFileType = sourcecode.cpp.cpp; path = EEClippingRectangleNodeLoader.cpp; sourceTree = "<group>"; };
		6F8460881E518C5100DB7FB3 /* EEClippingRectangleNodeLoader.hpp */ = {isa = PBXFileReference; fileEncoding = 4; lastKnownFileType = sourcecode.cpp.h; path = EEClippingRectangleNodeLoader.hpp; sourceTree = "<group>"; };
		6F8C9EF31E233D65005D4121 /* EESpineFactory.cpp */ = {isa = PBXFileReference; fileEncoding = 4; lastKnownFileType = sourcecode.cpp.cpp; path = EESpineFactory.cpp; sourceTree = "<group>"; };
		6F8C9EF41E233D65005D4121 /* EESpineFactory.hpp */ = {isa = PBXFileReference; fileEncoding = 4; lastKnownFileType = sourcecode.cpp.h; path = EESpineFactory.hpp; sourceTree = "<group>"; };
		6F9C2FD21D4742A200939859 /* EEDataTraits.cpp */ = {isa = PBXFileReference; fileEncoding = 4; lastKnownFileType = sourcecode.cpp.cpp; path = EEDataTraits.cpp; sourceTree = "<group>"; };
		6F9C2FD31D4742A200939859 /* EEDataTraits.hpp */ = {isa = PBXFileReference; fileEncoding = 4; lastKnownFileType = sourcecode.cpp.h; path = EEDataTraits.hpp; sourceTree = "<group>"; };
		6FA658961CCB700B009BC9EB /* EEUtils.cpp */ = {isa = PBXFileReference; fileEncoding = 4; lastKnownFileType = sourcecode.cpp.cpp; path = EEUtils.cpp; sourceTree = "<group>"; };
		6FAC21741CE33425000C16CC /* EEDialogCommand.cpp */ = {isa = PBXFileReference; fileEncoding = 4; lastKnownFileType = sourcecode.cpp.cpp; path = EEDialogCommand.cpp; sourceTree = "<group>"; };
		6FAC21751CE33425000C16CC /* EEDialogCommand.hpp */ = {isa = PBXFileReference; fileEncoding = 4; lastKnownFileType = sourcecode.cpp.h; path = EEDialogCommand.hpp; sourceTree = "<group>"; };
		6FAC217A1CE3454E000C16CC /* EEDialogGuard.cpp */ = {isa = PBXFileReference; fileEncoding = 4; lastKnownFileType = sourcecode.cpp.cpp; path = EEDialogGuard.cpp; sourceTree = "<group>"; };
		6FAC217B1CE3454E000C16CC /* EEDialogGuard.hpp */ = {isa = PBXFileReference; fileEncoding = 4; lastKnownFileType = sourcecode.cpp.h; path = EEDialogGuard.hpp; sourceTree = "<group>"; };
		6FAE79821D33759D00A0CFB1 /* EEDataHandler.cpp */ = {isa = PBXFileReference; fileEncoding = 4; lastKnownFileType = sourcecode.cpp.cpp; path = EEDataHandler.cpp; sourceTree = "<group>"; };
		6FAE79831D33759D00A0CFB1 /* EEDataHandler.hpp */ = {isa = PBXFileReference; fileEncoding = 4; lastKnownFileType = sourcecode.cpp.h; path = EEDataHandler.hpp; sourceTree = "<group>"; };
		6FAE79841D33759D00A0CFB1 /* EEDataInfo.cpp */ = {isa = PBXFileReference; fileEncoding = 4; lastKnownFileType = sourcecode.cpp.cpp; path = EEDataInfo.cpp; sourceTree = "<group>"; };
		6FAE79851D33759D00A0CFB1 /* EEDataInfo.hpp */ = {isa = PBXFileReference; fileEncoding = 4; lastKnownFileType = sourcecode.cpp.h; path = EEDataInfo.hpp; sourceTree = "<group>"; };
		6FB7310B1D1B7A48000B7397 /* EEHSVShader.vert.hpp */ = {isa = PBXFileReference; lastKnownFileType = sourcecode.cpp.h; path = EEHSVShader.vert.hpp; sourceTree = "<group>"; };
		6FB7311F1D1B926F000B7397 /* EESpriteWithHsvLoader.cpp */ = {isa = PBXFileReference; fileEncoding = 4; lastKnownFileType = sourcecode.cpp.cpp; path = EESpriteWithHsvLoader.cpp; sourceTree = "<group>"; };
		6FB731201D1B926F000B7397 /* EESpriteWithHsvLoader.hpp */ = {isa = PBXFileReference; fileEncoding = 4; lastKnownFileType = sourcecode.cpp.h; path = EESpriteWithHsvLoader.hpp; sourceTree = "<group>"; };
		6FB73D311CE45E5800C718D5 /* EEDialogUtils.cpp */ = {isa = PBXFileReference; fileEncoding = 4; lastKnownFileType = sourcecode.cpp.cpp; path = EEDialogUtils.cpp; sourceTree = "<group>"; };
		6FB73D321CE45E5800C718D5 /* EEDialogUtils.hpp */ = {isa = PBXFileReference; fileEncoding = 4; lastKnownFileType = sourcecode.cpp.h; path = EEDialogUtils.hpp; sourceTree = "<group>"; };
		6FBEDB991D1A93430038E335 /* EESpriteWithHsv.cpp */ = {isa = PBXFileReference; fileEncoding = 4; lastKnownFileType = sourcecode.cpp.cpp; path = EESpriteWithHsv.cpp; sourceTree = "<group>"; };
		6FBEDB9A1D1A93430038E335 /* EESpriteWithHsv.hpp */ = {isa = PBXFileReference; fileEncoding = 4; lastKnownFileType = sourcecode.cpp.h; path = EESpriteWithHsv.hpp; sourceTree = "<group>"; };
		6FC19AD11CF83F9A0002D68B /* EEUiCheckBoxLoader.cpp */ = {isa = PBXFileReference; fileEncoding = 4; lastKnownFileType = sourcecode.cpp.cpp; path = EEUiCheckBoxLoader.cpp; sourceTree = "<group>"; };
		6FC19AD21CF83F9A0002D68B /* EEUiCheckBoxLoader.hpp */ = {isa = PBXFileReference; fileEncoding = 4; lastKnownFileType = sourcecode.cpp.h; path = EEUiCheckBoxLoader.hpp; sourceTree = "<group>"; };
		6FC1CA8E1CEAB7D300DCDC8E /* ee-library-mobile.a */ = {isa = PBXFileReference; explicitFileType = archive.ar; includeInIndex = 0; path = "ee-library-mobile.a"; sourceTree = BUILT_PRODUCTS_DIR; };
		6FC1CA8F1CEAB7D300DCDC8E /* ee-library-desktop.a */ = {isa = PBXFileReference; explicitFileType = archive.ar; includeInIndex = 0; path = "ee-library-desktop.a"; sourceTree = BUILT_PRODUCTS_DIR; };
		6FC276B51DBDA532008282B6 /* EEScale9SpriteWithHsv.cpp */ = {isa = PBXFileReference; fileEncoding = 4; lastKnownFileType = sourcecode.cpp.cpp; path = EEScale9SpriteWithHsv.cpp; sourceTree = "<group>"; };
		6FC276B61DBDA532008282B6 /* EEScale9SpriteWithHsv.hpp */ = {isa = PBXFileReference; fileEncoding = 4; lastKnownFileType = sourcecode.cpp.h; path = EEScale9SpriteWithHsv.hpp; sourceTree = "<group>"; };
		6FC276BB1DBDA666008282B6 /* EEHsvProtocol.cpp */ = {isa = PBXFileReference; fileEncoding = 4; lastKnownFileType = sourcecode.cpp.cpp; path = EEHsvProtocol.cpp; sourceTree = "<group>"; };
		6FC276BC1DBDA666008282B6 /* EEHsvProtocol.hpp */ = {isa = PBXFileReference; fileEncoding = 4; lastKnownFileType = sourcecode.cpp.h; path = EEHsvProtocol.hpp; sourceTree = "<group>"; };
		6FC7FAD01D154387005AF2E5 /* EEShader.cpp */ = {isa = PBXFileReference; fileEncoding = 4; lastKnownFileType = sourcecode.cpp.cpp; path = EEShader.cpp; sourceTree = "<group>"; };
		6FC7FAD11D154387005AF2E5 /* EEShader.hpp */ = {isa = PBXFileReference; fileEncoding = 4; lastKnownFileType = sourcecode.cpp.h; path = EEShader.hpp; sourceTree = "<group>"; };
		6FD294751CE1CBF9009ECBFA /* EENodeV3Loader.cpp */ = {isa = PBXFileReference; fileEncoding = 4; lastKnownFileType = sourcecode.cpp.cpp; path = EENodeV3Loader.cpp; sourceTree = "<group>"; };
		6FD294761CE1CBF9009ECBFA /* EENodeV3Loader.hpp */ = {isa = PBXFileReference; fileEncoding = 4; lastKnownFileType = sourcecode.cpp.h; path = EENodeV3Loader.hpp; sourceTree = "<group>"; };
		6FD2948E1CE1D95B009ECBFA /* EEUiLayoutLoader.cpp */ = {isa = PBXFileReference; fileEncoding = 4; lastKnownFileType = sourcecode.cpp.cpp; path = EEUiLayoutLoader.cpp; sourceTree = "<group>"; };
		6FD2948F1CE1D95B009ECBFA /* EEUiLayoutLoader.hpp */ = {isa = PBXFileReference; fileEncoding = 4; lastKnownFileType = sourcecode.cpp.h; path = EEUiLayoutLoader.hpp; sourceTree = "<group>"; };
		6FE569D71E63C9FC001E1F80 /* EEPreferences.cpp */ = {isa = PBXFileReference; fileEncoding = 4; lastKnownFileType = sourcecode.cpp.cpp; path = EEPreferences.cpp; sourceTree = "<group>"; };
		6FE569D81E63C9FC001E1F80 /* EEPreferences.hpp */ = {isa = PBXFileReference; fileEncoding = 4; lastKnownFileType = sourcecode.cpp.h; path = EEPreferences.hpp; sourceTree = "<group>"; };
		6FEC41EA1D9B53C8000B40F2 /* EEPool.hpp */ = {isa = PBXFileReference; fileEncoding = 4; lastKnownFileType = sourcecode.cpp.h; path = EEPool.hpp; sourceTree = "<group>"; };
/* End PBXFileReference section */

/* Begin PBXFrameworksBuildPhase section */
		6C43A8031BDDDF1800D0597F /* Frameworks */ = {
			isa = PBXFrameworksBuildPhase;
			buildActionMask = 2147483647;
			files = (
				6C42EF411C8540A50062C2C6 /* libcocos2d iOS.a in Frameworks */,
			);
			runOnlyForDeploymentPostprocessing = 0;
		};
		6F79B60F1CCA7AA00008EFAC /* Frameworks */ = {
			isa = PBXFrameworksBuildPhase;
			buildActionMask = 2147483647;
			files = (
				6F798A5C1CE03866004D247B /* libcocos2d Mac.a in Frameworks */,
			);
			runOnlyForDeploymentPostprocessing = 0;
		};
/* End PBXFrameworksBuildPhase section */

/* Begin PBXGroup section */
		1AC6FAE6180E9839004C840B /* Products */ = {
			isa = PBXGroup;
			children = (
				1AC6FAF9180E9839004C840B /* libcocos2d Mac.a */,
				1AC6FB07180E9839004C840B /* libcocos2d iOS.a */,
			);
			name = Products;
			sourceTree = "<group>";
		};
		29B97314FDCFA39411CA2CEA /* CustomTemplate */ = {
			isa = PBXGroup;
			children = (
				1AC6FAE5180E9839004C840B /* cocos2d_libs.xcodeproj */,
				46880B8319C43A87006E1F66 /* Classes */,
				29B97323FDCFA39411CA2CEA /* Frameworks */,
				6FC1CA921CEAB89C00DCDC8E /* Products */,
			);
			name = CustomTemplate;
			sourceTree = "<group>";
		};
		29B97323FDCFA39411CA2CEA /* Frameworks */ = {
			isa = PBXGroup;
			children = (
			);
			name = Frameworks;
			sourceTree = "<group>";
		};
		46880B8319C43A87006E1F66 /* Classes */ = {
			isa = PBXGroup;
			children = (
				6C43A7871BDDCA4600D0597F /* EEHeader.hpp */,
				6CAC26C31BD4111000F11F3A /* EEMacro.hpp */,
				6CAC26B81BD4111000F11F3A /* EEForward.hpp */,
				6C49FB961CA1354A00E0FE86 /* EECocos2dxFwd.hpp */,
				6C49FBB01CA13D1D00E0FE86 /* EEGenericLoader.hpp */,
				6C43A7B61BDDDAC300D0597F /* EEDynamicValue.cpp */,
				6C43A7B71BDDDAC300D0597F /* EEDynamicValue.hpp */,
				6CC3596C1C0C0792007DC4CF /* EEFlags.hpp */,
				6FA658961CCB700B009BC9EB /* EEUtils.cpp */,
				6C43A7D31BDDDAC300D0597F /* EEUtils.hpp */,
				6FEC41EA1D9B53C8000B40F2 /* EEPool.hpp */,
				6C4557741C8FC8C4001AE09A /* experimental */,
				6C5AEB3B1BDF1B9F004C98A2 /* crytography */,
				6F7D5B591CD665010069E541 /* control */,
				6FAE79811D33758700A0CFB1 /* data */,
				6FB731521D1BD418000B7397 /* shader */,
				6FAC216F1CE31ED0000C16CC /* dialog */,
				6F5D03D11E12643E00F432F3 /* component */,
				6F79B63F1CCAA2C20008EFAC /* listener */,
				6C3C3C2C1CA3859800A04333 /* ui */,
				6F17FAA91CF29D4500CFCD14 /* spine */,
				6C3C3C2B1CA3858C00A04333 /* event */,
				6C43A7F61BDDDAEC00D0597F /* image */,
			);
			name = Classes;
			path = ../Classes;
			sourceTree = "<group>";
		};
		6C19528D1C44DA0D00185F01 /* experimental */ = {
			isa = PBXGroup;
			children = (
				6C3FD3A91C50E97900D2AFE2 /* __Gesture-Impl.hpp */,
				6C3FD3AA1C50E97900D2AFE2 /* __Gesture.cpp */,
				6C3FD3AB1C50E97900D2AFE2 /* __Gesture.hpp */,
				6C3FD3AD1C50E97900D2AFE2 /* __Projection.cpp */,
				6C3FD3AE1C50E97900D2AFE2 /* __Projection.hpp */,
			);
			name = experimental;
			sourceTree = "<group>";
		};
		6C1952B51C44FD5500185F01 /* GroupNode */ = {
			isa = PBXGroup;
			children = (
				6C43A7C01BDDDAC300D0597F /* __EEGroupNode.cpp */,
				6C43A7C11BDDDAC300D0597F /* __EEGroupNode.hpp */,
				6C43A7BF1BDDDAC300D0597F /* __EEGroupNode-Impl.hpp */,
				6C43A7C21BDDDAC300D0597F /* __EEGroupNodeDelegate.hpp */,
			);
			name = GroupNode;
			sourceTree = "<group>";
		};
		6C3C3C2B1CA3858C00A04333 /* event */ = {
			isa = PBXGroup;
			children = (
				6C43A7B81BDDDAC300D0597F /* EEEventInfoV1.cpp */,
				6C43A7B91BDDDAC300D0597F /* EEEventInfoV1.hpp */,
				6F6A87301D2E4F4400DE745F /* EEEventInfoV2.hpp */,
				6C3849211CA230750020B858 /* EEEvent.hpp */,
				6C38491B1CA22FCA0020B858 /* EEEventListener.hpp */,
				6F6A87291D2E4E9400DE745F /* EEEventDispatcher.cpp */,
				6F6A872A1D2E4E9400DE745F /* EEEventDispatcher.hpp */,
			);
			name = event;
			sourceTree = "<group>";
		};
		6C3C3C2C1CA3859800A04333 /* ui */ = {
			isa = PBXGroup;
			children = (
				6C468C2A1CA2F0CA00D16594 /* EEUiWidgetCallback.cpp */,
				6C468C2B1CA2F0CA00D16594 /* EEUiWidgetCallback.hpp */,
				6F843E411CDB8EF6008B2EC4 /* EEUiWidgetLoader.cpp */,
				6F843E421CDB8EF6008B2EC4 /* EEUiWidgetLoader.hpp */,
				6FD2948E1CE1D95B009ECBFA /* EEUiLayoutLoader.cpp */,
				6FD2948F1CE1D95B009ECBFA /* EEUiLayoutLoader.hpp */,
				6C4A4A551CA153E500E72D89 /* EEUiButtonLoader.cpp */,
				6C4A4A561CA153E500E72D89 /* EEUiButtonLoader.hpp */,
				6C47AAF51CA4EAE100B3E65E /* EEUiTextLoader.cpp */,
				6C47AAF61CA4EAE100B3E65E /* EEUiTextLoader.hpp */,
				6FC19AD11CF83F9A0002D68B /* EEUiCheckBoxLoader.cpp */,
				6FC19AD21CF83F9A0002D68B /* EEUiCheckBoxLoader.hpp */,
				6FD294751CE1CBF9009ECBFA /* EENodeV3Loader.cpp */,
				6FD294761CE1CBF9009ECBFA /* EENodeV3Loader.hpp */,
				6F8460871E518C5100DB7FB3 /* EEClippingRectangleNodeLoader.cpp */,
				6F8460881E518C5100DB7FB3 /* EEClippingRectangleNodeLoader.hpp */,
			);
			name = ui;
			sourceTree = "<group>";
		};
		6C43A7F61BDDDAEC00D0597F /* image */ = {
			isa = PBXGroup;
			children = (
				6C7A9AC71BDB841A00199AC0 /* EEImage.cpp */,
				6C32DC3D1BD67074007613F9 /* EEImage.hpp */,
				6C32DC431BD67791007613F9 /* EEBoxBlur1D.cpp */,
				6C32DC551BD692CF007613F9 /* EEBoxBlur2D.cpp */,
				6C7A9ABB1BD9335600199AC0 /* EETentBlur1D.cpp */,
			);
			name = image;
			sourceTree = "<group>";
		};
		6C4557741C8FC8C4001AE09A /* experimental */ = {
			isa = PBXGroup;
			children = (
				6CC359791C0C3C31007DC4CF /* layer */,
				6C1952B51C44FD5500185F01 /* GroupNode */,
				6C43A7BC1BDDDAC300D0597F /* __EEGesture-Impl.hpp */,
				6C43A7BD1BDDDAC300D0597F /* __EEGesture.cpp */,
				6C43A7BE1BDDDAC300D0597F /* __EEGesture.hpp */,
				6C19528D1C44DA0D00185F01 /* experimental */,
			);
			name = experimental;
			sourceTree = "<group>";
		};
		6C5AEB3B1BDF1B9F004C98A2 /* crytography */ = {
			isa = PBXGroup;
			children = (
				6C5AEB3E1BDF1BF1004C98A2 /* EECrytography.hpp */,
				6C2E7D831BDE14D4008F5EF3 /* EECrc.cpp */,
				6C43A7CA1BDDDAC300D0597F /* EESha1.cpp */,
			);
			name = crytography;
			sourceTree = "<group>";
		};
		6CC359791C0C3C31007DC4CF /* layer */ = {
			isa = PBXGroup;
			children = (
				6C3D4AF71C0D37F0001A09DF /* __EETransitionScene.cpp */,
				6C3D4AF81C0D37F0001A09DF /* __EETransitionScene.hpp */,
			);
			name = layer;
			sourceTree = "<group>";
		};
		6F17FAA91CF29D4500CFCD14 /* spine */ = {
			isa = PBXGroup;
			children = (
				6F17FAAA1CF29D5500CFCD14 /* EESkeletonAnimationLoader.cpp */,
				6F17FAAB1CF29D5500CFCD14 /* EESkeletonAnimationLoader.hpp */,
				6F8C9EF31E233D65005D4121 /* EESpineFactory.cpp */,
				6F8C9EF41E233D65005D4121 /* EESpineFactory.hpp */,
			);
			name = spine;
			sourceTree = "<group>";
		};
		6F5D03D11E12643E00F432F3 /* component */ = {
			isa = PBXGroup;
			children = (
				6F5D03D21E12647600F432F3 /* EEBackButtonComponent.cpp */,
				6F5D03D31E12647600F432F3 /* EEBackButtonComponent.hpp */,
			);
			name = component;
			sourceTree = "<group>";
		};
		6F79B63F1CCAA2C20008EFAC /* listener */ = {
			isa = PBXGroup;
			children = (
				6C2E7D861BDE1A1B008F5EF3 /* EEBackButtonListener.cpp */,
				6C2E7D871BDE1A1B008F5EF3 /* EEBackButtonListener.hpp */,
			);
			name = listener;
			sourceTree = "<group>";
		};
		6F7D5B591CD665010069E541 /* control */ = {
			isa = PBXGroup;
			children = (
				6C43A7A81BDDDAC300D0597F /* EECheckBox.cpp */,
				6C43A7A91BDDDAC300D0597F /* EECheckBox.hpp */,
				6F39F1541CCBBBD10038796D /* EEButton.cpp */,
				6F39F1551CCBBBD10038796D /* EEButton.hpp */,
				6F6269551DBDBA7400A93689 /* EEButtonLoader.cpp */,
				6F6269561DBDBA7400A93689 /* EEButtonLoader.hpp */,
			);
			name = control;
			sourceTree = "<group>";
		};
		6FAC216F1CE31ED0000C16CC /* dialog */ = {
			isa = PBXGroup;
			children = (
				6C43A7B11BDDDAC300D0597F /* EEDialog.cpp */,
				6C43A7B21BDDDAC300D0597F /* EEDialog.hpp */,
				6C43A7B41BDDDAC300D0597F /* EEDialogManager.cpp */,
				6C43A7B51BDDDAC300D0597F /* EEDialogManager.hpp */,
				6FAC21741CE33425000C16CC /* EEDialogCommand.cpp */,
				6FAC21751CE33425000C16CC /* EEDialogCommand.hpp */,
				6F5575E81E837F3E00154A18 /* EEDialogComponent.cpp */,
				6F5575E91E837F3E00154A18 /* EEDialogComponent.hpp */,
				6FAC217A1CE3454E000C16CC /* EEDialogGuard.cpp */,
				6FAC217B1CE3454E000C16CC /* EEDialogGuard.hpp */,
				6FB73D311CE45E5800C718D5 /* EEDialogUtils.cpp */,
				6FB73D321CE45E5800C718D5 /* EEDialogUtils.hpp */,
			);
			name = dialog;
			sourceTree = "<group>";
		};
		6FAE79811D33758700A0CFB1 /* data */ = {
			isa = PBXGroup;
			children = (
				6FAE79821D33759D00A0CFB1 /* EEDataHandler.cpp */,
				6FAE79831D33759D00A0CFB1 /* EEDataHandler.hpp */,
				6FAE79841D33759D00A0CFB1 /* EEDataInfo.cpp */,
				6FAE79851D33759D00A0CFB1 /* EEDataInfo.hpp */,
				6F9C2FD21D4742A200939859 /* EEDataTraits.cpp */,
				6F9C2FD31D4742A200939859 /* EEDataTraits.hpp */,
				6FE569D71E63C9FC001E1F80 /* EEPreferences.cpp */,
				6FE569D81E63C9FC001E1F80 /* EEPreferences.hpp */,
			);
			name = data;
			sourceTree = "<group>";
		};
		6FB731521D1BD418000B7397 /* shader */ = {
			isa = PBXGroup;
			children = (
				6FC7FAD01D154387005AF2E5 /* EEShader.cpp */,
				6FC7FAD11D154387005AF2E5 /* EEShader.hpp */,
				6FB7310B1D1B7A48000B7397 /* EEHSVShader.vert.hpp */,
				6F552B5D1D1AAA950077991C /* EEHSVShader.frag.hpp */,
				6FC276BB1DBDA666008282B6 /* EEHsvProtocol.cpp */,
				6FC276BC1DBDA666008282B6 /* EEHsvProtocol.hpp */,
				6FBEDB991D1A93430038E335 /* EESpriteWithHsv.cpp */,
				6FBEDB9A1D1A93430038E335 /* EESpriteWithHsv.hpp */,
				6FB7311F1D1B926F000B7397 /* EESpriteWithHsvLoader.cpp */,
				6FB731201D1B926F000B7397 /* EESpriteWithHsvLoader.hpp */,
				6FC276B51DBDA532008282B6 /* EEScale9SpriteWithHsv.cpp */,
				6FC276B61DBDA532008282B6 /* EEScale9SpriteWithHsv.hpp */,
				6F6EA92E1D1D3F5300816BAF /* EEBlurBackground.cpp */,
				6F6EA92F1D1D3F5300816BAF /* EEBlurBackground.hpp */,
				6F7F38841D1D5BD000F5893F /* EEBlurBackgroundLoader.cpp */,
				6F7F38851D1D5BD000F5893F /* EEBlurBackgroundLoader.hpp */,
			);
			name = shader;
			sourceTree = "<group>";
		};
		6FC1CA921CEAB89C00DCDC8E /* Products */ = {
			isa = PBXGroup;
			children = (
				6FC1CA8F1CEAB7D300DCDC8E /* ee-library-desktop.a */,
				6FC1CA8E1CEAB7D300DCDC8E /* ee-library-mobile.a */,
			);
			name = Products;
			sourceTree = "<group>";
		};
/* End PBXGroup section */

/* Begin PBXHeadersBuildPhase section */
		6C1952961C44E97F00185F01 /* Headers */ = {
			isa = PBXHeadersBuildPhase;
			buildActionMask = 2147483647;
			files = (
				6F5575EC1E837F3E00154A18 /* EEDialogComponent.hpp in Headers */,
				6C4A4A581CA153E500E72D89 /* EEUiButtonLoader.hpp in Headers */,
				6C38491D1CA22FCA0020B858 /* EEEventListener.hpp in Headers */,
				6FA658921CCB5C0C009BC9EB /* EEImage.hpp in Headers */,
				6F84608B1E518C5100DB7FB3 /* EEClippingRectangleNodeLoader.hpp in Headers */,
				6C3CAB401C5B5AC30059A380 /* EEForward.hpp in Headers */,
				6FC276B91DBDA532008282B6 /* EEScale9SpriteWithHsv.hpp in Headers */,
				6FEC41ED1D9B53C8000B40F2 /* EEPool.hpp in Headers */,
				6F7F38881D1D5BD000F5893F /* EEBlurBackgroundLoader.hpp in Headers */,
				6F843E451CDB8EF6008B2EC4 /* EEUiWidgetLoader.hpp in Headers */,
				6F6A87331D2E4F4400DE745F /* EEEventInfoV2.hpp in Headers */,
				6C49FBB11CA13D1D00E0FE86 /* EEGenericLoader.hpp in Headers */,
				6FD294921CE1D95B009ECBFA /* EEUiLayoutLoader.hpp in Headers */,
				6F17FAAE1CF29D5500CFCD14 /* EESkeletonAnimationLoader.hpp in Headers */,
				6FC276BF1DBDA666008282B6 /* EEHsvProtocol.hpp in Headers */,
				6C3CAB3E1C5B5ABB0059A380 /* EEHeader.hpp in Headers */,
				6C3CAB3F1C5B5AC00059A380 /* EEMacro.hpp in Headers */,
				6F6A872D1D2E4E9400DE745F /* EEEventDispatcher.hpp in Headers */,
				6FAE79871D33759D00A0CFB1 /* EEDataHandler.hpp in Headers */,
				6F5D03D61E12647600F432F3 /* EEBackButtonComponent.hpp in Headers */,
				6FD294791CE1CBF9009ECBFA /* EENodeV3Loader.hpp in Headers */,
				6F6269591DBDBA7400A93689 /* EEButtonLoader.hpp in Headers */,
				6F79B6271CCA7FD10008EFAC /* EECocos2dxFwd.hpp in Headers */,
				6C468C2D1CA2F0CA00D16594 /* EEUiWidgetCallback.hpp in Headers */,
				6FE569DB1E63C9FC001E1F80 /* EEPreferences.hpp in Headers */,
				6FC19AD51CF83F9A0002D68B /* EEUiCheckBoxLoader.hpp in Headers */,
				6C42EF461C8547660062C2C6 /* EEEventInfoV1.hpp in Headers */,
				6F77D7971CE0D733000BA9BE /* EEFlags.hpp in Headers */,
				6F39F1581CCBBBD10038796D /* EEButton.hpp in Headers */,
				6FC19ADC1CF84A470002D68B /* EECheckBox.hpp in Headers */,
				6FAE79891D33759D00A0CFB1 /* EEDataInfo.hpp in Headers */,
				6F9C2FD61D4742A200939859 /* EEDataTraits.hpp in Headers */,
				6C47AAF81CA4EAE100B3E65E /* EEUiTextLoader.hpp in Headers */,
				6F79B6401CCAA2D70008EFAC /* EEBackButtonListener.hpp in Headers */,
				6C42EF451C85449F0062C2C6 /* EEDynamicValue.hpp in Headers */,
				6C3849231CA230750020B858 /* EEEvent.hpp in Headers */,
				6FBEDB9D1D1A93430038E335 /* EESpriteWithHsv.hpp in Headers */,
				6FAC217E1CE3454E000C16CC /* EEDialogGuard.hpp in Headers */,
				6FC7FAD41D154387005AF2E5 /* EEShader.hpp in Headers */,
				6F79DC821CCE5CB900BDA20F /* EECrytography.hpp in Headers */,
				6F8C9EF71E233D65005D4121 /* EESpineFactory.hpp in Headers */,
				6FB731231D1B926F000B7397 /* EESpriteWithHsvLoader.hpp in Headers */,
				6FAC21781CE33425000C16CC /* EEDialogCommand.hpp in Headers */,
				6F6EA9321D1D3F5300816BAF /* EEBlurBackground.hpp in Headers */,
				6FB73D351CE45E5800C718D5 /* EEDialogUtils.hpp in Headers */,
				6C3CAB421C5B5ACF0059A380 /* EEUtils.hpp in Headers */,
			);
			runOnlyForDeploymentPostprocessing = 0;
		};
		6F79B6101CCA7AA00008EFAC /* Headers */ = {
			isa = PBXHeadersBuildPhase;
			buildActionMask = 2147483647;
			files = (
				6F5575ED1E837F3E00154A18 /* EEDialogComponent.hpp in Headers */,
				6F79DC831CCE5CBA00BDA20F /* EECrytography.hpp in Headers */,
				6F79B62B1CCA7FDC0008EFAC /* EEGenericLoader.hpp in Headers */,
				6F79B62E1CCA7FE20008EFAC /* EEUtils.hpp in Headers */,
				6F84608C1E518C5100DB7FB3 /* EEClippingRectangleNodeLoader.hpp in Headers */,
				6FAE798A1D3375B800A0CFB1 /* EEDataInfo.hpp in Headers */,
				6FC276BA1DBDA532008282B6 /* EEScale9SpriteWithHsv.hpp in Headers */,
				6FEC41EE1D9B53C8000B40F2 /* EEPool.hpp in Headers */,
				6F7F38891D1D5BD000F5893F /* EEBlurBackgroundLoader.hpp in Headers */,
				6F79B6221CCA7FC70008EFAC /* EEHeader.hpp in Headers */,
				6F843E461CDB8EF6008B2EC4 /* EEUiWidgetLoader.hpp in Headers */,
				6F6A87341D2E4F4400DE745F /* EEEventInfoV2.hpp in Headers */,
				6FD294931CE1D95B009ECBFA /* EEUiLayoutLoader.hpp in Headers */,
				6F17FAAF1CF29D5500CFCD14 /* EESkeletonAnimationLoader.hpp in Headers */,
				6FC276C01DBDA666008282B6 /* EEHsvProtocol.hpp in Headers */,
				6FA6588D1CCB5C0B009BC9EB /* EEImage.hpp in Headers */,
				6F79B6461CCAC0E90008EFAC /* EEEvent.hpp in Headers */,
				6FD2947A1CE1CBF9009ECBFA /* EENodeV3Loader.hpp in Headers */,
				6F6A872E1D2E4E9400DE745F /* EEEventDispatcher.hpp in Headers */,
				6F5D03D71E12647600F432F3 /* EEBackButtonComponent.hpp in Headers */,
				6F39F1591CCBBBD10038796D /* EEButton.hpp in Headers */,
				6F62695A1DBDBA7400A93689 /* EEButtonLoader.hpp in Headers */,
				6FC19AD61CF83F9A0002D68B /* EEUiCheckBoxLoader.hpp in Headers */,
				6F79B6451CCAC0E70008EFAC /* EEEventInfoV1.hpp in Headers */,
				6FE569DC1E63C9FC001E1F80 /* EEPreferences.hpp in Headers */,
				6F79B6341CCA8F9A0008EFAC /* EEUiWidgetCallback.hpp in Headers */,
				6F79B62D1CCA7FE00008EFAC /* EEDynamicValue.hpp in Headers */,
				6FC19ADE1CF84A470002D68B /* EECheckBox.hpp in Headers */,
				6F79B6291CCA7FD50008EFAC /* EEForward.hpp in Headers */,
				6F79B6381CCA8FA40008EFAC /* EEUiTextLoader.hpp in Headers */,
				6F77D7981CE0D734000BA9BE /* EEFlags.hpp in Headers */,
				6F9C2FD71D4742A200939859 /* EEDataTraits.hpp in Headers */,
				6F79B6471CCAC0EA0008EFAC /* EEEventListener.hpp in Headers */,
				6F6B54091D41B58700F13CA9 /* EEDataHandler.hpp in Headers */,
				6FBEDB9E1D1A93430038E335 /* EESpriteWithHsv.hpp in Headers */,
				6FAC217F1CE3454E000C16CC /* EEDialogGuard.hpp in Headers */,
				6FC7FAD51D154387005AF2E5 /* EEShader.hpp in Headers */,
				6F79B6411CCAA2D70008EFAC /* EEBackButtonListener.hpp in Headers */,
				6F79B6361CCA8FA00008EFAC /* EEUiButtonLoader.hpp in Headers */,
				6FB731241D1B926F000B7397 /* EESpriteWithHsvLoader.hpp in Headers */,
				6F8C9EF81E233D65005D4121 /* EESpineFactory.hpp in Headers */,
				6F79B6231CCA7FC90008EFAC /* EEMacro.hpp in Headers */,
				6FAC21791CE33425000C16CC /* EEDialogCommand.hpp in Headers */,
				6F6EA9331D1D3F5300816BAF /* EEBlurBackground.hpp in Headers */,
				6FB73D361CE45E5800C718D5 /* EEDialogUtils.hpp in Headers */,
				6F79B6281CCA7FD20008EFAC /* EECocos2dxFwd.hpp in Headers */,
			);
			runOnlyForDeploymentPostprocessing = 0;
		};
/* End PBXHeadersBuildPhase section */

/* Begin PBXNativeTarget section */
		6C43A8051BDDDF1800D0597F /* ee-library-mobile */ = {
			isa = PBXNativeTarget;
			buildConfigurationList = 6C43A80D1BDDDF1900D0597F /* Build configuration list for PBXNativeTarget "ee-library-mobile" */;
			buildPhases = (
				6C43A8021BDDDF1800D0597F /* Sources */,
				6C43A8031BDDDF1800D0597F /* Frameworks */,
				6C43A8041BDDDF1800D0597F /* Copy Files */,
				6C1952961C44E97F00185F01 /* Headers */,
			);
			buildRules = (
			);
			dependencies = (
				6CB0BC4C1C842AAF003D7E50 /* PBXTargetDependency */,
			);
			name = "ee-library-mobile";
			productName = "ee-library";
			productReference = 6FC1CA8E1CEAB7D300DCDC8E /* ee-library-mobile.a */;
			productType = "com.apple.product-type.library.static";
		};
		6F79B6111CCA7AA00008EFAC /* ee-library-desktop */ = {
			isa = PBXNativeTarget;
			buildConfigurationList = 6F79B61B1CCA7AA00008EFAC /* Build configuration list for PBXNativeTarget "ee-library-desktop" */;
			buildPhases = (
				6F79B60E1CCA7AA00008EFAC /* Sources */,
				6F79B60F1CCA7AA00008EFAC /* Frameworks */,
				6F79B6101CCA7AA00008EFAC /* Headers */,
			);
			buildRules = (
			);
			dependencies = (
				6F79B6211CCA7FC30008EFAC /* PBXTargetDependency */,
			);
			name = "ee-library-desktop";
			productName = "ee-library-desktop";
			productReference = 6FC1CA8F1CEAB7D300DCDC8E /* ee-library-desktop.a */;
			productType = "com.apple.product-type.library.static";
		};
/* End PBXNativeTarget section */

/* Begin PBXProject section */
		29B97313FDCFA39411CA2CEA /* Project object */ = {
			isa = PBXProject;
			attributes = {
				LastUpgradeCheck = 0500;
				TargetAttributes = {
					6C43A8051BDDDF1800D0597F = {
						CreatedOnToolsVersion = 7.1;
					};
					6F79B6111CCA7AA00008EFAC = {
						CreatedOnToolsVersion = 7.3;
					};
				};
			};
			buildConfigurationList = C01FCF4E08A954540054247B /* Build configuration list for PBXProject "ee-library" */;
			compatibilityVersion = "Xcode 3.2";
			developmentRegion = English;
			hasScannedForEncodings = 1;
			knownRegions = (
				English,
				Japanese,
				French,
				German,
			);
			mainGroup = 29B97314FDCFA39411CA2CEA /* CustomTemplate */;
			productRefGroup = 29B97314FDCFA39411CA2CEA /* CustomTemplate */;
			projectDirPath = "";
			projectReferences = (
				{
					ProductGroup = 1AC6FAE6180E9839004C840B /* Products */;
					ProjectRef = 1AC6FAE5180E9839004C840B /* cocos2d_libs.xcodeproj */;
				},
			);
			projectRoot = "";
			targets = (
				6C43A8051BDDDF1800D0597F /* ee-library-mobile */,
				6F79B6111CCA7AA00008EFAC /* ee-library-desktop */,
			);
		};
/* End PBXProject section */

/* Begin PBXReferenceProxy section */
		1AC6FAF9180E9839004C840B /* libcocos2d Mac.a */ = {
			isa = PBXReferenceProxy;
			fileType = archive.ar;
			path = "libcocos2d Mac.a";
			remoteRef = 1AC6FAF8180E9839004C840B /* PBXContainerItemProxy */;
			sourceTree = BUILT_PRODUCTS_DIR;
		};
		1AC6FB07180E9839004C840B /* libcocos2d iOS.a */ = {
			isa = PBXReferenceProxy;
			fileType = archive.ar;
			path = "libcocos2d iOS.a";
			remoteRef = 1AC6FB06180E9839004C840B /* PBXContainerItemProxy */;
			sourceTree = BUILT_PRODUCTS_DIR;
		};
/* End PBXReferenceProxy section */

/* Begin PBXSourcesBuildPhase section */
		6C43A8021BDDDF1800D0597F /* Sources */ = {
			isa = PBXSourcesBuildPhase;
			buildActionMask = 2147483647;
			files = (
				6FC19ADB1CF84A470002D68B /* EECheckBox.cpp in Sources */,
				6F7F38861D1D5BD000F5893F /* EEBlurBackgroundLoader.cpp in Sources */,
				6C468C2C1CA2F0CA00D16594 /* EEUiWidgetCallback.cpp in Sources */,
				6FC7FAD21D154387005AF2E5 /* EEShader.cpp in Sources */,
				6FB73D331CE45E5800C718D5 /* EEDialogUtils.cpp in Sources */,
				6FB85B871D40E7020061A441 /* EEDataInfo.cpp in Sources */,
				6F6269571DBDBA7400A93689 /* EEButtonLoader.cpp in Sources */,
				6FA658951CCB5C0C009BC9EB /* EETentBlur1D.cpp in Sources */,
				6F79DC841CCE5CBC00BDA20F /* EESha1.cpp in Sources */,
				6FAC216D1CE310AD000C16CC /* EEDialogManager.cpp in Sources */,
				6FB731211D1B926F000B7397 /* EESpriteWithHsvLoader.cpp in Sources */,
				6FAC217C1CE3454E000C16CC /* EEDialogGuard.cpp in Sources */,
				6FC276BD1DBDA666008282B6 /* EEHsvProtocol.cpp in Sources */,
				6FE569D91E63C9FC001E1F80 /* EEPreferences.cpp in Sources */,
				6F8C9EF51E233D65005D4121 /* EESpineFactory.cpp in Sources */,
				6F5575EA1E837F3E00154A18 /* EEDialogComponent.cpp in Sources */,
				6F79DC861CCE5CBE00BDA20F /* EECrc.cpp in Sources */,
				6FD294901CE1D95B009ECBFA /* EEUiLayoutLoader.cpp in Sources */,
				6FAC21761CE33425000C16CC /* EEDialogCommand.cpp in Sources */,
				6F9C2FD41D4742A200939859 /* EEDataTraits.cpp in Sources */,
				6C4A4A571CA153E500E72D89 /* EEUiButtonLoader.cpp in Sources */,
				6F6A872B1D2E4E9400DE745F /* EEEventDispatcher.cpp in Sources */,
				6F8460891E518C5100DB7FB3 /* EEClippingRectangleNodeLoader.cpp in Sources */,
				6FAC216C1CE30FE0000C16CC /* EEDialog.cpp in Sources */,
				6FC19AD31CF83F9A0002D68B /* EEUiCheckBoxLoader.cpp in Sources */,
				6FC276B71DBDA532008282B6 /* EEScale9SpriteWithHsv.cpp in Sources */,
				6F79B6421CCAA2D90008EFAC /* EEBackButtonListener.cpp in Sources */,
				6C47FE4A1CA1B7EF00FEF3BC /* EEEventInfoV1.cpp in Sources */,
				6F17FAAC1CF29D5500CFCD14 /* EESkeletonAnimationLoader.cpp in Sources */,
				6F6B540B1D41B58D00F13CA9 /* EEDataHandler.cpp in Sources */,
				6C47FE491CA1B36A00FEF3BC /* EEDynamicValue.cpp in Sources */,
				6FD294771CE1CBF9009ECBFA /* EENodeV3Loader.cpp in Sources */,
				6FBEDB9B1D1A93430038E335 /* EESpriteWithHsv.cpp in Sources */,
				6FA658931CCB5C0C009BC9EB /* EEBoxBlur1D.cpp in Sources */,
				6FA658971CCB700B009BC9EB /* EEUtils.cpp in Sources */,
				6F843E431CDB8EF6008B2EC4 /* EEUiWidgetLoader.cpp in Sources */,
				6C47AAF71CA4EAE100B3E65E /* EEUiTextLoader.cpp in Sources */,
				6FA658941CCB5C0C009BC9EB /* EEBoxBlur2D.cpp in Sources */,
				6F39F1561CCBBBD10038796D /* EEButton.cpp in Sources */,
				6FA658911CCB5C0C009BC9EB /* EEImage.cpp in Sources */,
				6F5D03D41E12647600F432F3 /* EEBackButtonComponent.cpp in Sources */,
				6F6EA9301D1D3F5300816BAF /* EEBlurBackground.cpp in Sources */,
			);
			runOnlyForDeploymentPostprocessing = 0;
		};
		6F79B60E1CCA7AA00008EFAC /* Sources */ = {
			isa = PBXSourcesBuildPhase;
			buildActionMask = 2147483647;
			files = (
				6FC19ADD1CF84A470002D68B /* EECheckBox.cpp in Sources */,
				6F7F38871D1D5BD000F5893F /* EEBlurBackgroundLoader.cpp in Sources */,
				6FA658981CCB700B009BC9EB /* EEUtils.cpp in Sources */,
				6FC7FAD31D154387005AF2E5 /* EEShader.cpp in Sources */,
				6FB73D341CE45E5800C718D5 /* EEDialogUtils.cpp in Sources */,
				6FB85B861D40E7010061A441 /* EEDataInfo.cpp in Sources */,
				6F6269581DBDBA7400A93689 /* EEButtonLoader.cpp in Sources */,
				6F79DC851CCE5CBC00BDA20F /* EESha1.cpp in Sources */,
				6FAC216E1CE310AD000C16CC /* EEDialogManager.cpp in Sources */,
				6FB731221D1B926F000B7397 /* EESpriteWithHsvLoader.cpp in Sources */,
				6FAC217D1CE3454E000C16CC /* EEDialogGuard.cpp in Sources */,
				6F79B6351CCA8F9E0008EFAC /* EEUiButtonLoader.cpp in Sources */,
				6FC276BE1DBDA666008282B6 /* EEHsvProtocol.cpp in Sources */,
				6FE569DA1E63C9FC001E1F80 /* EEPreferences.cpp in Sources */,
				6F8C9EF61E233D65005D4121 /* EESpineFactory.cpp in Sources */,
				6F5575EB1E837F3E00154A18 /* EEDialogComponent.cpp in Sources */,
				6F79B62C1CCA7FDE0008EFAC /* EEDynamicValue.cpp in Sources */,
				6FD294911CE1D95B009ECBFA /* EEUiLayoutLoader.cpp in Sources */,
				6FAC21771CE33425000C16CC /* EEDialogCommand.cpp in Sources */,
				6F9C2FD51D4742A200939859 /* EEDataTraits.cpp in Sources */,
				6F6A872C1D2E4E9400DE745F /* EEEventDispatcher.cpp in Sources */,
				6FAC216B1CE30FE0000C16CC /* EEDialog.cpp in Sources */,
				6F84608A1E518C5100DB7FB3 /* EEClippingRectangleNodeLoader.cpp in Sources */,
				6FC19AD41CF83F9A0002D68B /* EEUiCheckBoxLoader.cpp in Sources */,
				6F79B6371CCA8FA20008EFAC /* EEUiTextLoader.cpp in Sources */,
				6FC276B81DBDA532008282B6 /* EEScale9SpriteWithHsv.cpp in Sources */,
				6FA658901CCB5C0B009BC9EB /* EETentBlur1D.cpp in Sources */,
				6F17FAAD1CF29D5500CFCD14 /* EESkeletonAnimationLoader.cpp in Sources */,
				6F79B6441CCAC0E50008EFAC /* EEEventInfoV1.cpp in Sources */,
				6F6B540A1D41B58D00F13CA9 /* EEDataHandler.cpp in Sources */,
				6FD294781CE1CBF9009ECBFA /* EENodeV3Loader.cpp in Sources */,
				6FBEDB9C1D1A93430038E335 /* EESpriteWithHsv.cpp in Sources */,
				6F39F1571CCBBBD10038796D /* EEButton.cpp in Sources */,
				6FA6588E1CCB5C0B009BC9EB /* EEBoxBlur1D.cpp in Sources */,
				6F79DC871CCE5CBF00BDA20F /* EECrc.cpp in Sources */,
				6F843E441CDB8EF6008B2EC4 /* EEUiWidgetLoader.cpp in Sources */,
				6FA6588C1CCB5C0B009BC9EB /* EEImage.cpp in Sources */,
				6FA6588F1CCB5C0B009BC9EB /* EEBoxBlur2D.cpp in Sources */,
				6FCDDC421CD9981800DF8095 /* EEUiWidgetCallback.cpp in Sources */,
				6F79B6431CCAA2D90008EFAC /* EEBackButtonListener.cpp in Sources */,
				6F5D03D51E12647600F432F3 /* EEBackButtonComponent.cpp in Sources */,
				6F6EA9311D1D3F5300816BAF /* EEBlurBackground.cpp in Sources */,
			);
			runOnlyForDeploymentPostprocessing = 0;
		};
/* End PBXSourcesBuildPhase section */

/* Begin PBXTargetDependency section */
		6CB0BC4C1C842AAF003D7E50 /* PBXTargetDependency */ = {
			isa = PBXTargetDependency;
			name = "libcocos2d iOS";
			targetProxy = 6CB0BC4B1C842AAF003D7E50 /* PBXContainerItemProxy */;
		};
		6F79B6211CCA7FC30008EFAC /* PBXTargetDependency */ = {
			isa = PBXTargetDependency;
			name = "libcocos2d Mac";
			targetProxy = 6F79B6201CCA7FC30008EFAC /* PBXContainerItemProxy */;
		};
/* End PBXTargetDependency section */

/* Begin XCBuildConfiguration section */
		6C43A80E1BDDDF1900D0597F /* Debug */ = {
			isa = XCBuildConfiguration;
			buildSettings = {
				GCC_PREPROCESSOR_DEFINITIONS = (
					"$(inherited)",
					CC_TARGET_OS_IPHONE,
				);
				HEADER_SEARCH_PATHS = "$(inherited)";
				IPHONEOS_DEPLOYMENT_TARGET = 6.0;
				SDKROOT = iphoneos;
				TARGETED_DEVICE_FAMILY = "1,2";
			};
			name = Debug;
		};
		6C43A80F1BDDDF1900D0597F /* Release */ = {
			isa = XCBuildConfiguration;
			buildSettings = {
				GCC_PREPROCESSOR_DEFINITIONS = (
					"$(inherited)",
					CC_TARGET_OS_IPHONE,
				);
				HEADER_SEARCH_PATHS = "$(inherited)";
				IPHONEOS_DEPLOYMENT_TARGET = 6.0;
				SDKROOT = iphoneos;
				TARGETED_DEVICE_FAMILY = "1,2";
			};
			name = Release;
		};
		6F79B6181CCA7AA00008EFAC /* Debug */ = {
			isa = XCBuildConfiguration;
			buildSettings = {
				GCC_PREPROCESSOR_DEFINITIONS = (
					"$(inherited)",
					CC_TARGET_OS_MAC,
					CC_KEYBOARD_SUPPORT,
					_USRDLL,
				);
				HEADER_SEARCH_PATHS = (
					"$(inherited)",
					"$(SRCROOT)/../cocos2d/external/glfw3/include/mac",
				);
				MACOSX_DEPLOYMENT_TARGET = 10.7;
				SDKROOT = macosx;
			};
			name = Debug;
		};
		6F79B6191CCA7AA00008EFAC /* Release */ = {
			isa = XCBuildConfiguration;
			buildSettings = {
				GCC_PREPROCESSOR_DEFINITIONS = (
					"$(inherited)",
					CC_KEYBOARD_SUPPORT,
					CC_TARGET_OS_MAC,
					_USRDLL,
				);
				HEADER_SEARCH_PATHS = (
					"$(inherited)",
					"$(SRCROOT)/../cocos2d/external/glfw3/include/mac",
				);
				MACOSX_DEPLOYMENT_TARGET = 10.7;
				SDKROOT = macosx;
			};
			name = Release;
		};
		C01FCF4F08A954540054247B /* Debug */ = {
			isa = XCBuildConfiguration;
			buildSettings = {
				ALWAYS_SEARCH_USER_PATHS = NO;
				CLANG_ANALYZER_SECURITY_FLOATLOOPCOUNTER = YES;
				CLANG_ANALYZER_SECURITY_INSECUREAPI_RAND = YES;
				CLANG_ANALYZER_SECURITY_INSECUREAPI_STRCPY = YES;
				CLANG_CXX_LANGUAGE_STANDARD = "c++1z";
				CLANG_CXX_LIBRARY = "libc++";
				CLANG_WARN_ASSIGN_ENUM = YES;
				CLANG_WARN_CXX0X_EXTENSIONS = YES;
				CLANG_WARN_DEPRECATED_OBJC_IMPLEMENTATIONS = YES;
				CLANG_WARN_DIRECT_OBJC_ISA_USAGE = YES_ERROR;
				CLANG_WARN_EMPTY_BODY = YES;
				CLANG_WARN_IMPLICIT_SIGN_CONVERSION = YES;
				CLANG_WARN_NULLABLE_TO_NONNULL_CONVERSION = YES;
				CLANG_WARN_OBJC_EXPLICIT_OWNERSHIP_TYPE = YES;
				CLANG_WARN_OBJC_IMPLICIT_ATOMIC_PROPERTIES = YES;
				CLANG_WARN_OBJC_IMPLICIT_RETAIN_SELF = YES;
				CLANG_WARN_OBJC_REPEATED_USE_OF_WEAK = YES;
				CLANG_WARN_OBJC_ROOT_CLASS = YES_ERROR;
				CLANG_WARN_SUSPICIOUS_IMPLICIT_CONVERSION = YES;
				CLANG_WARN_UNREACHABLE_CODE = YES_AGGRESSIVE;
				CLANG_WARN__DUPLICATE_METHOD_MATCH = YES;
				COPY_PHASE_STRIP = NO;
				ENABLE_NS_ASSERTIONS = NO;
				ENABLE_TESTABILITY = YES;
				EXECUTABLE_PREFIX = "";
				GCC_C_LANGUAGE_STANDARD = c99;
				GCC_OPTIMIZATION_LEVEL = 0;
				GCC_PREPROCESSOR_DEFINITIONS = (
					"DEBUG=1",
					"COCOS2D_DEBUG=1",
					USE_FILE32API,
				);
				GCC_SYMBOLS_PRIVATE_EXTERN = YES;
				GCC_TREAT_IMPLICIT_FUNCTION_DECLARATIONS_AS_ERRORS = YES;
				GCC_TREAT_INCOMPATIBLE_POINTER_TYPE_WARNINGS_AS_ERRORS = YES;
				GCC_WARN_64_TO_32_BIT_CONVERSION = YES;
				GCC_WARN_ABOUT_MISSING_FIELD_INITIALIZERS = YES;
				GCC_WARN_ABOUT_MISSING_PROTOTYPES = YES;
				GCC_WARN_ABOUT_RETURN_TYPE = YES_ERROR;
				GCC_WARN_HIDDEN_VIRTUAL_FUNCTIONS = YES;
				GCC_WARN_INITIALIZER_NOT_FULLY_BRACKETED = YES;
				GCC_WARN_NON_VIRTUAL_DESTRUCTOR = YES;
				GCC_WARN_SHADOW = YES;
				GCC_WARN_SIGN_COMPARE = YES;
				GCC_WARN_STRICT_SELECTOR_MATCH = YES;
				GCC_WARN_UNDECLARED_SELECTOR = YES;
				GCC_WARN_UNINITIALIZED_AUTOS = YES_AGGRESSIVE;
				GCC_WARN_UNKNOWN_PRAGMAS = YES;
				GCC_WARN_UNUSED_FUNCTION = YES;
				GCC_WARN_UNUSED_VARIABLE = YES;
				HEADER_SEARCH_PATHS = (
					"$(SRCROOT)/../cocos2d",
					"$(SRCROOT)/../cocos2d/cocos",
					"$(SRCROOT)/../cocos2d/cocos/base",
					"$(SRCROOT)/../cocos2d/cocos/physics",
					"$(SRCROOT)/../cocos2d/cocos/math",
					"$(SRCROOT)/../cocos2d/cocos/2d",
					"$(SRCROOT)/../cocos2d/cocos/ui",
					"$(SRCROOT)/../cocos2d/cocos/network",
					"$(SRCROOT)/../cocos2d/cocos/audio/include",
					"$(SRCROOT)/../cocos2d/cocos/editor-support",
					"$(SRCROOT)/../cocos2d/extensions",
					"$(SRCROOT)/../cocos2d/external",
					"$(SRCROOT)/../../boost_1_60_0",
				);
				ONLY_ACTIVE_ARCH = YES;
				PRODUCT_NAME = "$(TARGET_NAME)";
				SKIP_INSTALL = YES;
			};
			name = Debug;
		};
		C01FCF5008A954540054247B /* Release */ = {
			isa = XCBuildConfiguration;
			buildSettings = {
				ALWAYS_SEARCH_USER_PATHS = NO;
				CLANG_ANALYZER_SECURITY_FLOATLOOPCOUNTER = YES;
				CLANG_ANALYZER_SECURITY_INSECUREAPI_RAND = YES;
				CLANG_ANALYZER_SECURITY_INSECUREAPI_STRCPY = YES;
				CLANG_CXX_LANGUAGE_STANDARD = "c++1z";
				CLANG_CXX_LIBRARY = "libc++";
				CLANG_WARN_ASSIGN_ENUM = YES;
				CLANG_WARN_CXX0X_EXTENSIONS = YES;
				CLANG_WARN_DEPRECATED_OBJC_IMPLEMENTATIONS = YES;
				CLANG_WARN_DIRECT_OBJC_ISA_USAGE = YES_ERROR;
				CLANG_WARN_EMPTY_BODY = YES;
				CLANG_WARN_IMPLICIT_SIGN_CONVERSION = YES;
				CLANG_WARN_NULLABLE_TO_NONNULL_CONVERSION = YES;
				CLANG_WARN_OBJC_EXPLICIT_OWNERSHIP_TYPE = YES;
				CLANG_WARN_OBJC_IMPLICIT_ATOMIC_PROPERTIES = YES;
				CLANG_WARN_OBJC_IMPLICIT_RETAIN_SELF = YES;
				CLANG_WARN_OBJC_REPEATED_USE_OF_WEAK = YES;
				CLANG_WARN_OBJC_ROOT_CLASS = YES_ERROR;
				CLANG_WARN_SUSPICIOUS_IMPLICIT_CONVERSION = YES;
				CLANG_WARN_UNREACHABLE_CODE = YES_AGGRESSIVE;
				CLANG_WARN__DUPLICATE_METHOD_MATCH = YES;
				ENABLE_NS_ASSERTIONS = NO;
				EXECUTABLE_PREFIX = "";
				GCC_C_LANGUAGE_STANDARD = c99;
				GCC_GENERATE_DEBUGGING_SYMBOLS = NO;
				GCC_PREPROCESSOR_DEFINITIONS = (
					USE_FILE32API,
					NDEBUG,
				);
				GCC_SYMBOLS_PRIVATE_EXTERN = YES;
				GCC_TREAT_IMPLICIT_FUNCTION_DECLARATIONS_AS_ERRORS = YES;
				GCC_TREAT_INCOMPATIBLE_POINTER_TYPE_WARNINGS_AS_ERRORS = YES;
				GCC_WARN_64_TO_32_BIT_CONVERSION = YES;
				GCC_WARN_ABOUT_MISSING_FIELD_INITIALIZERS = YES;
				GCC_WARN_ABOUT_MISSING_PROTOTYPES = YES;
				GCC_WARN_ABOUT_RETURN_TYPE = YES_ERROR;
				GCC_WARN_HIDDEN_VIRTUAL_FUNCTIONS = YES;
				GCC_WARN_INITIALIZER_NOT_FULLY_BRACKETED = YES;
				GCC_WARN_NON_VIRTUAL_DESTRUCTOR = YES;
				GCC_WARN_SHADOW = YES;
				GCC_WARN_SIGN_COMPARE = YES;
				GCC_WARN_STRICT_SELECTOR_MATCH = YES;
				GCC_WARN_UNDECLARED_SELECTOR = YES;
				GCC_WARN_UNINITIALIZED_AUTOS = YES_AGGRESSIVE;
				GCC_WARN_UNKNOWN_PRAGMAS = YES;
				GCC_WARN_UNUSED_FUNCTION = YES;
				GCC_WARN_UNUSED_VARIABLE = YES;
				HEADER_SEARCH_PATHS = (
					"$(SRCROOT)/../cocos2d",
					"$(SRCROOT)/../cocos2d/cocos",
					"$(SRCROOT)/../cocos2d/cocos/base",
					"$(SRCROOT)/../cocos2d/cocos/physics",
					"$(SRCROOT)/../cocos2d/cocos/math",
					"$(SRCROOT)/../cocos2d/cocos/2d",
					"$(SRCROOT)/../cocos2d/cocos/ui",
					"$(SRCROOT)/../cocos2d/cocos/network",
					"$(SRCROOT)/../cocos2d/cocos/audio/include",
					"$(SRCROOT)/../cocos2d/cocos/editor-support",
					"$(SRCROOT)/../cocos2d/extensions",
					"$(SRCROOT)/../cocos2d/external",
					"$(SRCROOT)/../../boost_1_60_0",
				);
				LLVM_LTO = YES;
				PRODUCT_NAME = "$(TARGET_NAME)";
				SKIP_INSTALL = YES;
				VALIDATE_PRODUCT = YES;
			};
			name = Release;
		};
/* End XCBuildConfiguration section */

/* Begin XCConfigurationList section */
		6C43A80D1BDDDF1900D0597F /* Build configuration list for PBXNativeTarget "ee-library-mobile" */ = {
			isa = XCConfigurationList;
			buildConfigurations = (
				6C43A80E1BDDDF1900D0597F /* Debug */,
				6C43A80F1BDDDF1900D0597F /* Release */,
			);
			defaultConfigurationIsVisible = 0;
			defaultConfigurationName = Debug;
		};
		6F79B61B1CCA7AA00008EFAC /* Build configuration list for PBXNativeTarget "ee-library-desktop" */ = {
			isa = XCConfigurationList;
			buildConfigurations = (
				6F79B6181CCA7AA00008EFAC /* Debug */,
				6F79B6191CCA7AA00008EFAC /* Release */,
			);
			defaultConfigurationIsVisible = 0;
			defaultConfigurationName = Debug;
		};
		C01FCF4E08A954540054247B /* Build configuration list for PBXProject "ee-library" */ = {
			isa = XCConfigurationList;
			buildConfigurations = (
				C01FCF4F08A954540054247B /* Debug */,
				C01FCF5008A954540054247B /* Release */,
			);
			defaultConfigurationIsVisible = 0;
			defaultConfigurationName = Debug;
		};
/* End XCConfigurationList section */
	};
	rootObject = 29B97313FDCFA39411CA2CEA /* Project object */;
}
