// !$*UTF8*$!
{
	archiveVersion = 1;
	classes = {
	};
	objectVersion = 46;
	objects = {

/* Begin PBXBuildFile section */
		6C2E7D551BDE048D008F5EF3 /* EECocosUtils.cpp in Sources */ = {isa = PBXBuildFile; fileRef = 6C43A78C1BDDCAF800D0597F /* EECocosUtils.cpp */; };
		6C2E7D561BDE0497008F5EF3 /* EEImage.cpp in Sources */ = {isa = PBXBuildFile; fileRef = 6C7A9AC71BDB841A00199AC0 /* EEImage.cpp */; };
		6C2E7D571BDE0497008F5EF3 /* EEBoxBlur1D.cpp in Sources */ = {isa = PBXBuildFile; fileRef = 6C32DC431BD67791007613F9 /* EEBoxBlur1D.cpp */; settings = {COMPILER_FLAGS = "-O3"; }; };
		6C2E7D581BDE0497008F5EF3 /* EEBoxBlur2D.cpp in Sources */ = {isa = PBXBuildFile; fileRef = 6C32DC551BD692CF007613F9 /* EEBoxBlur2D.cpp */; settings = {COMPILER_FLAGS = "-O3"; }; };
		6C2E7D591BDE0497008F5EF3 /* EETentBlur1D.cpp in Sources */ = {isa = PBXBuildFile; fileRef = 6C7A9ABB1BD9335600199AC0 /* EETentBlur1D.cpp */; settings = {COMPILER_FLAGS = "-O3"; }; };
		6C2E7D5A1BDE04AB008F5EF3 /* EECheckBox.cpp in Sources */ = {isa = PBXBuildFile; fileRef = 6C43A7A81BDDDAC300D0597F /* EECheckBox.cpp */; };
		6C2E7D5B1BDE04AB008F5EF3 /* EEControl.cpp in Sources */ = {isa = PBXBuildFile; fileRef = 6C43A7AD1BDDDAC300D0597F /* EEControl.cpp */; };
		6C2E7D5C1BDE04AB008F5EF3 /* EEData.cpp in Sources */ = {isa = PBXBuildFile; fileRef = 6C43A7AF1BDDDAC300D0597F /* EEData.cpp */; };
		6C2E7D5D1BDE04AB008F5EF3 /* EEDialog.cpp in Sources */ = {isa = PBXBuildFile; fileRef = 6C43A7B11BDDDAC300D0597F /* EEDialog.cpp */; };
		6C2E7D5E1BDE04AB008F5EF3 /* EEDialogManager.cpp in Sources */ = {isa = PBXBuildFile; fileRef = 6C43A7B41BDDDAC300D0597F /* EEDialogManager.cpp */; };
		6C2E7D5F1BDE04AB008F5EF3 /* EEDynamicValue.cpp in Sources */ = {isa = PBXBuildFile; fileRef = 6C43A7B61BDDDAC300D0597F /* EEDynamicValue.cpp */; };
		6C2E7D601BDE04AB008F5EF3 /* EEEventInfo.cpp in Sources */ = {isa = PBXBuildFile; fileRef = 6C43A7B81BDDDAC300D0597F /* EEEventInfo.cpp */; };
		6C2E7D611BDE04AB008F5EF3 /* EEGesture.cpp in Sources */ = {isa = PBXBuildFile; fileRef = 6C43A7BD1BDDDAC300D0597F /* EEGesture.cpp */; };
		6C2E7D621BDE04AB008F5EF3 /* EEGroupNode.cpp in Sources */ = {isa = PBXBuildFile; fileRef = 6C43A7C01BDDDAC300D0597F /* EEGroupNode.cpp */; };
		6C2E7D631BDE04AB008F5EF3 /* EESha1.cpp in Sources */ = {isa = PBXBuildFile; fileRef = 6C43A7CA1BDDDAC300D0597F /* EESha1.cpp */; };
		6C2E7D651BDE04AB008F5EF3 /* EETouchManager.cpp in Sources */ = {isa = PBXBuildFile; fileRef = 6C43A7D11BDDDAC300D0597F /* EETouchManager.cpp */; };
		6C2E7D851BDE14D4008F5EF3 /* EECrc.cpp in Sources */ = {isa = PBXBuildFile; fileRef = 6C2E7D831BDE14D4008F5EF3 /* EECrc.cpp */; };
		6C2E7D881BDE1A1B008F5EF3 /* EEBackButtonListener.cpp in Sources */ = {isa = PBXBuildFile; fileRef = 6C2E7D861BDE1A1B008F5EF3 /* EEBackButtonListener.cpp */; };
		6C3D4AF91C0D37F0001A09DF /* EETransitionScene.cpp in Sources */ = {isa = PBXBuildFile; fileRef = 6C3D4AF71C0D37F0001A09DF /* EETransitionScene.cpp */; };
		6C4808511C0551B70023E34D /* EEGesture__.cpp in Sources */ = {isa = PBXBuildFile; fileRef = 6C48084F1C0551B70023E34D /* EEGesture__.cpp */; };
		6C4A983E1BE1B620008B089A /* EEControlLoader.cpp in Sources */ = {isa = PBXBuildFile; fileRef = 6C4A983C1BE1B620008B089A /* EEControlLoader.cpp */; };
		6C4A98441BE1CBA3008B089A /* EEActiveControl.cpp in Sources */ = {isa = PBXBuildFile; fileRef = 6C4A98421BE1CBA3008B089A /* EEActiveControl.cpp */; };
		6C519B421BEDEC68002644FC /* EEDataInfo.cpp in Sources */ = {isa = PBXBuildFile; fileRef = 6C519B401BEDEC68002644FC /* EEDataInfo.cpp */; };
		6C5473741BE0C08E008F06A7 /* EETouchListener.cpp in Sources */ = {isa = PBXBuildFile; fileRef = 6C5473731BE0C08E008F06A7 /* EETouchListener.cpp */; };
		6C896FF91BF42DD00069D8A3 /* EEJniBoxedType.cpp in Sources */ = {isa = PBXBuildFile; fileRef = 6C896FF71BF42DD00069D8A3 /* EEJniBoxedType.cpp */; };
		6CAE71A41C0562E800ECD783 /* EEProjection.cpp in Sources */ = {isa = PBXBuildFile; fileRef = 6CAE71A21C0562E800ECD783 /* EEProjection.cpp */; };
		6CC359711C0C0F2E007DC4CF /* EEState.cpp in Sources */ = {isa = PBXBuildFile; fileRef = 6CC359701C0C0F2E007DC4CF /* EEState.cpp */; };
/* End PBXBuildFile section */

/* Begin PBXContainerItemProxy section */
		1AC6FAF8180E9839004C840B /* PBXContainerItemProxy */ = {
			isa = PBXContainerItemProxy;
			containerPortal = 1AC6FAE5180E9839004C840B /* cocos2d_libs.xcodeproj */;
			proxyType = 2;
			remoteGlobalIDString = 1551A33F158F2AB200E66CFE;
			remoteInfo = "cocos2dx Mac";
		};
		1AC6FB06180E9839004C840B /* PBXContainerItemProxy */ = {
			isa = PBXContainerItemProxy;
			containerPortal = 1AC6FAE5180E9839004C840B /* cocos2d_libs.xcodeproj */;
			proxyType = 2;
			remoteGlobalIDString = A07A4D641783777C0073F6A7;
			remoteInfo = "cocos2dx iOS";
		};
/* End PBXContainerItemProxy section */

/* Begin PBXCopyFilesBuildPhase section */
		6C43A8041BDDDF1800D0597F /* CopyFiles */ = {
			isa = PBXCopyFilesBuildPhase;
			buildActionMask = 2147483647;
			dstPath = "include/$(PRODUCT_NAME)";
			dstSubfolderSpec = 16;
			files = (
			);
			runOnlyForDeploymentPostprocessing = 0;
		};
/* End PBXCopyFilesBuildPhase section */

/* Begin PBXFileReference section */
		1AC6FAE5180E9839004C840B /* cocos2d_libs.xcodeproj */ = {isa = PBXFileReference; lastKnownFileType = "wrapper.pb-project"; name = cocos2d_libs.xcodeproj; path = ../cocos2d/build/cocos2d_libs.xcodeproj; sourceTree = "<group>"; };
		6C2E7D711BDE0B69008F5EF3 /* ee-library-mobile.a */ = {isa = PBXFileReference; explicitFileType = archive.ar; includeInIndex = 0; path = "ee-library-mobile.a"; sourceTree = BUILT_PRODUCTS_DIR; };
		6C2E7D831BDE14D4008F5EF3 /* EECrc.cpp */ = {isa = PBXFileReference; fileEncoding = 4; lastKnownFileType = sourcecode.cpp.cpp; path = EECrc.cpp; sourceTree = "<group>"; };
		6C2E7D861BDE1A1B008F5EF3 /* EEBackButtonListener.cpp */ = {isa = PBXFileReference; fileEncoding = 4; lastKnownFileType = sourcecode.cpp.cpp; path = EEBackButtonListener.cpp; sourceTree = "<group>"; };
		6C2E7D871BDE1A1B008F5EF3 /* EEBackButtonListener.hpp */ = {isa = PBXFileReference; fileEncoding = 4; lastKnownFileType = sourcecode.cpp.h; path = EEBackButtonListener.hpp; sourceTree = "<group>"; };
		6C32DC3A1BD66E62007613F9 /* EENonCopyable.hpp */ = {isa = PBXFileReference; lastKnownFileType = sourcecode.cpp.h; path = EENonCopyable.hpp; sourceTree = "<group>"; };
		6C32DC3D1BD67074007613F9 /* EEImage.hpp */ = {isa = PBXFileReference; fileEncoding = 4; lastKnownFileType = sourcecode.cpp.h; path = EEImage.hpp; sourceTree = "<group>"; };
		6C32DC431BD67791007613F9 /* EEBoxBlur1D.cpp */ = {isa = PBXFileReference; fileEncoding = 4; lastKnownFileType = sourcecode.cpp.cpp; path = EEBoxBlur1D.cpp; sourceTree = "<group>"; };
		6C32DC551BD692CF007613F9 /* EEBoxBlur2D.cpp */ = {isa = PBXFileReference; fileEncoding = 4; lastKnownFileType = sourcecode.cpp.cpp; path = EEBoxBlur2D.cpp; sourceTree = "<group>"; };
		6C3A213E1BE08B4A0074C7F5 /* EETouchListener.hpp */ = {isa = PBXFileReference; fileEncoding = 4; lastKnownFileType = sourcecode.cpp.h; path = EETouchListener.hpp; sourceTree = "<group>"; };
		6C3AD4E31BE49CEB0052E786 /* EEJni.hpp */ = {isa = PBXFileReference; fileEncoding = 4; lastKnownFileType = sourcecode.cpp.h; path = EEJni.hpp; sourceTree = "<group>"; };
		6C3AD4E51BE4A24A0052E786 /* EEJniConverter.hpp */ = {isa = PBXFileReference; lastKnownFileType = sourcecode.cpp.h; path = EEJniConverter.hpp; sourceTree = "<group>"; };
		6C3AD4E71BE4A29A0052E786 /* EEConstexprString.hpp */ = {isa = PBXFileReference; lastKnownFileType = sourcecode.cpp.h; path = EEConstexprString.hpp; sourceTree = "<group>"; };
		6C3AD4E81BE4A4A10052E786 /* EEJniUtils.cpp */ = {isa = PBXFileReference; fileEncoding = 4; lastKnownFileType = sourcecode.cpp.cpp; path = EEJniUtils.cpp; sourceTree = "<group>"; };
		6C3AD4E91BE4A4A10052E786 /* EEJniUtils.hpp */ = {isa = PBXFileReference; fileEncoding = 4; lastKnownFileType = sourcecode.cpp.h; path = EEJniUtils.hpp; sourceTree = "<group>"; };
		6C3AD4EB1BE4AAA90052E786 /* EEJniException.cpp */ = {isa = PBXFileReference; fileEncoding = 4; lastKnownFileType = sourcecode.cpp.cpp; path = EEJniException.cpp; sourceTree = "<group>"; };
		6C3AD4EC1BE4AAA90052E786 /* EEJniException.hpp */ = {isa = PBXFileReference; fileEncoding = 4; lastKnownFileType = sourcecode.cpp.h; path = EEJniException.hpp; sourceTree = "<group>"; };
		6C3AD4EE1BE4AB330052E786 /* EEJniMethodInfo.cpp */ = {isa = PBXFileReference; fileEncoding = 4; lastKnownFileType = sourcecode.cpp.cpp; path = EEJniMethodInfo.cpp; sourceTree = "<group>"; };
		6C3AD4EF1BE4AB330052E786 /* EEJniMethodInfo.hpp */ = {isa = PBXFileReference; fileEncoding = 4; lastKnownFileType = sourcecode.cpp.h; path = EEJniMethodInfo.hpp; sourceTree = "<group>"; };
		6C3AD4F21BE4B0870052E786 /* EEJniCaller.hpp */ = {isa = PBXFileReference; fileEncoding = 4; lastKnownFileType = sourcecode.cpp.h; path = EEJniCaller.hpp; sourceTree = "<group>"; };
		6C3AD4F51BE4C4F20052E786 /* EEJniDestructor.hpp */ = {isa = PBXFileReference; fileEncoding = 4; lastKnownFileType = sourcecode.cpp.h; path = EEJniDestructor.hpp; sourceTree = "<group>"; };
		6C3C89951BE536530049CFAE /* EEJni.cpp */ = {isa = PBXFileReference; fileEncoding = 4; lastKnownFileType = sourcecode.cpp.cpp; path = EEJni.cpp; sourceTree = "<group>"; };
		6C3D4AF71C0D37F0001A09DF /* EETransitionScene.cpp */ = {isa = PBXFileReference; fileEncoding = 4; lastKnownFileType = sourcecode.cpp.cpp; path = EETransitionScene.cpp; sourceTree = "<group>"; };
		6C3D4AF81C0D37F0001A09DF /* EETransitionScene.hpp */ = {isa = PBXFileReference; fileEncoding = 4; lastKnownFileType = sourcecode.cpp.h; path = EETransitionScene.hpp; sourceTree = "<group>"; };
		6C43A7871BDDCA4600D0597F /* EEHeader.hpp */ = {isa = PBXFileReference; lastKnownFileType = sourcecode.cpp.h; path = EEHeader.hpp; sourceTree = "<group>"; };
		6C43A78C1BDDCAF800D0597F /* EECocosUtils.cpp */ = {isa = PBXFileReference; fileEncoding = 4; lastKnownFileType = sourcecode.cpp.cpp; path = EECocosUtils.cpp; sourceTree = "<group>"; };
		6C43A78D1BDDCAF800D0597F /* EECocosUtils.hpp */ = {isa = PBXFileReference; fileEncoding = 4; lastKnownFileType = sourcecode.cpp.h; path = EECocosUtils.hpp; sourceTree = "<group>"; };
		6C43A7A81BDDDAC300D0597F /* EECheckBox.cpp */ = {isa = PBXFileReference; fileEncoding = 4; lastKnownFileType = sourcecode.cpp.cpp; path = EECheckBox.cpp; sourceTree = "<group>"; };
		6C43A7A91BDDDAC300D0597F /* EECheckBox.hpp */ = {isa = PBXFileReference; fileEncoding = 4; lastKnownFileType = sourcecode.cpp.h; path = EECheckBox.hpp; sourceTree = "<group>"; };
		6C43A7AD1BDDDAC300D0597F /* EEControl.cpp */ = {isa = PBXFileReference; fileEncoding = 4; lastKnownFileType = sourcecode.cpp.cpp; path = EEControl.cpp; sourceTree = "<group>"; };
		6C43A7AE1BDDDAC300D0597F /* EEControl.hpp */ = {isa = PBXFileReference; fileEncoding = 4; lastKnownFileType = sourcecode.cpp.h; path = EEControl.hpp; sourceTree = "<group>"; };
		6C43A7AF1BDDDAC300D0597F /* EEData.cpp */ = {isa = PBXFileReference; fileEncoding = 4; lastKnownFileType = sourcecode.cpp.cpp; path = EEData.cpp; sourceTree = "<group>"; };
		6C43A7B01BDDDAC300D0597F /* EEData.hpp */ = {isa = PBXFileReference; fileEncoding = 4; lastKnownFileType = sourcecode.cpp.h; path = EEData.hpp; sourceTree = "<group>"; };
		6C43A7B11BDDDAC300D0597F /* EEDialog.cpp */ = {isa = PBXFileReference; fileEncoding = 4; lastKnownFileType = sourcecode.cpp.cpp; path = EEDialog.cpp; sourceTree = "<group>"; };
		6C43A7B21BDDDAC300D0597F /* EEDialog.hpp */ = {isa = PBXFileReference; fileEncoding = 4; lastKnownFileType = sourcecode.cpp.h; path = EEDialog.hpp; sourceTree = "<group>"; };
		6C43A7B31BDDDAC300D0597F /* EEDialogManager-Impl.hpp */ = {isa = PBXFileReference; fileEncoding = 4; lastKnownFileType = sourcecode.cpp.h; path = "EEDialogManager-Impl.hpp"; sourceTree = "<group>"; };
		6C43A7B41BDDDAC300D0597F /* EEDialogManager.cpp */ = {isa = PBXFileReference; fileEncoding = 4; lastKnownFileType = sourcecode.cpp.cpp; path = EEDialogManager.cpp; sourceTree = "<group>"; };
		6C43A7B51BDDDAC300D0597F /* EEDialogManager.hpp */ = {isa = PBXFileReference; fileEncoding = 4; lastKnownFileType = sourcecode.cpp.h; path = EEDialogManager.hpp; sourceTree = "<group>"; };
		6C43A7B61BDDDAC300D0597F /* EEDynamicValue.cpp */ = {isa = PBXFileReference; fileEncoding = 4; lastKnownFileType = sourcecode.cpp.cpp; path = EEDynamicValue.cpp; sourceTree = "<group>"; };
		6C43A7B71BDDDAC300D0597F /* EEDynamicValue.hpp */ = {isa = PBXFileReference; fileEncoding = 4; lastKnownFileType = sourcecode.cpp.h; path = EEDynamicValue.hpp; sourceTree = "<group>"; };
		6C43A7B81BDDDAC300D0597F /* EEEventInfo.cpp */ = {isa = PBXFileReference; fileEncoding = 4; lastKnownFileType = sourcecode.cpp.cpp; path = EEEventInfo.cpp; sourceTree = "<group>"; };
		6C43A7B91BDDDAC300D0597F /* EEEventInfo.hpp */ = {isa = PBXFileReference; fileEncoding = 4; lastKnownFileType = sourcecode.cpp.h; path = EEEventInfo.hpp; sourceTree = "<group>"; };
		6C43A7BB1BDDDAC300D0597F /* EEFunctionTraits.hpp */ = {isa = PBXFileReference; fileEncoding = 4; lastKnownFileType = sourcecode.cpp.h; path = EEFunctionTraits.hpp; sourceTree = "<group>"; };
		6C43A7BC1BDDDAC300D0597F /* EEGesture-Impl.hpp */ = {isa = PBXFileReference; fileEncoding = 4; lastKnownFileType = sourcecode.cpp.h; path = "EEGesture-Impl.hpp"; sourceTree = "<group>"; };
		6C43A7BD1BDDDAC300D0597F /* EEGesture.cpp */ = {isa = PBXFileReference; fileEncoding = 4; lastKnownFileType = sourcecode.cpp.cpp; path = EEGesture.cpp; sourceTree = "<group>"; };
		6C43A7BE1BDDDAC300D0597F /* EEGesture.hpp */ = {isa = PBXFileReference; fileEncoding = 4; lastKnownFileType = sourcecode.cpp.h; path = EEGesture.hpp; sourceTree = "<group>"; };
		6C43A7BF1BDDDAC300D0597F /* EEGroupNode-Impl.hpp */ = {isa = PBXFileReference; fileEncoding = 4; lastKnownFileType = sourcecode.cpp.h; path = "EEGroupNode-Impl.hpp"; sourceTree = "<group>"; };
		6C43A7C01BDDDAC300D0597F /* EEGroupNode.cpp */ = {isa = PBXFileReference; fileEncoding = 4; lastKnownFileType = sourcecode.cpp.cpp; path = EEGroupNode.cpp; sourceTree = "<group>"; };
		6C43A7C11BDDDAC300D0597F /* EEGroupNode.hpp */ = {isa = PBXFileReference; fileEncoding = 4; lastKnownFileType = sourcecode.cpp.h; path = EEGroupNode.hpp; sourceTree = "<group>"; };
		6C43A7C21BDDDAC300D0597F /* EEGroupNodeDelegate.hpp */ = {isa = PBXFileReference; fileEncoding = 4; lastKnownFileType = sourcecode.cpp.h; path = EEGroupNodeDelegate.hpp; sourceTree = "<group>"; };
		6C43A7C71BDDDAC300D0597F /* EEJniString.hpp */ = {isa = PBXFileReference; fileEncoding = 4; lastKnownFileType = sourcecode.cpp.h; path = EEJniString.hpp; sourceTree = "<group>"; };
		6C43A7CA1BDDDAC300D0597F /* EESha1.cpp */ = {isa = PBXFileReference; fileEncoding = 4; lastKnownFileType = sourcecode.cpp.cpp; path = EESha1.cpp; sourceTree = "<group>"; };
		6C43A7D01BDDDAC300D0597F /* EETouchManager-Impl.hpp */ = {isa = PBXFileReference; fileEncoding = 4; lastKnownFileType = sourcecode.cpp.h; path = "EETouchManager-Impl.hpp"; sourceTree = "<group>"; };
		6C43A7D11BDDDAC300D0597F /* EETouchManager.cpp */ = {isa = PBXFileReference; fileEncoding = 4; lastKnownFileType = sourcecode.cpp.cpp; path = EETouchManager.cpp; sourceTree = "<group>"; };
		6C43A7D21BDDDAC300D0597F /* EETouchManager.hpp */ = {isa = PBXFileReference; fileEncoding = 4; lastKnownFileType = sourcecode.cpp.h; path = EETouchManager.hpp; sourceTree = "<group>"; };
		6C43A7D31BDDDAC300D0597F /* EEUtils.hpp */ = {isa = PBXFileReference; fileEncoding = 4; lastKnownFileType = sourcecode.cpp.h; path = EEUtils.hpp; sourceTree = "<group>"; };
		6C43C3B21C10802D00C80E32 /* EEGenericLoader.hpp */ = {isa = PBXFileReference; lastKnownFileType = sourcecode.cpp.h; path = EEGenericLoader.hpp; sourceTree = "<group>"; };
		6C48084F1C0551B70023E34D /* EEGesture__.cpp */ = {isa = PBXFileReference; fileEncoding = 4; lastKnownFileType = sourcecode.cpp.cpp; path = EEGesture__.cpp; sourceTree = "<group>"; };
		6C4808501C0551B70023E34D /* EEGesture__.hpp */ = {isa = PBXFileReference; fileEncoding = 4; lastKnownFileType = sourcecode.cpp.h; path = EEGesture__.hpp; sourceTree = "<group>"; };
		6C4808541C05593C0023E34D /* EEGesture-Impl__.hpp */ = {isa = PBXFileReference; lastKnownFileType = sourcecode.cpp.h; path = "EEGesture-Impl__.hpp"; sourceTree = "<group>"; };
		6C495C181BE565A600E9FE95 /* EEJniObject.cpp */ = {isa = PBXFileReference; fileEncoding = 4; lastKnownFileType = sourcecode.cpp.cpp; path = EEJniObject.cpp; sourceTree = "<group>"; };
		6C495C191BE565A600E9FE95 /* EEJniObject.hpp */ = {isa = PBXFileReference; fileEncoding = 4; lastKnownFileType = sourcecode.cpp.h; path = EEJniObject.hpp; sourceTree = "<group>"; };
		6C495C1D1BE5EA0A00E9FE95 /* EEJniFieldInfo.cpp */ = {isa = PBXFileReference; fileEncoding = 4; lastKnownFileType = sourcecode.cpp.cpp; path = EEJniFieldInfo.cpp; sourceTree = "<group>"; };
		6C495C1E1BE5EA0A00E9FE95 /* EEJniFieldInfo.hpp */ = {isa = PBXFileReference; fileEncoding = 4; lastKnownFileType = sourcecode.cpp.h; path = EEJniFieldInfo.hpp; sourceTree = "<group>"; };
		6C4A983C1BE1B620008B089A /* EEControlLoader.cpp */ = {isa = PBXFileReference; fileEncoding = 4; lastKnownFileType = sourcecode.cpp.cpp; path = EEControlLoader.cpp; sourceTree = "<group>"; };
		6C4A983D1BE1B620008B089A /* EEControlLoader.hpp */ = {isa = PBXFileReference; fileEncoding = 4; lastKnownFileType = sourcecode.cpp.h; path = EEControlLoader.hpp; sourceTree = "<group>"; };
		6C4A98421BE1CBA3008B089A /* EEActiveControl.cpp */ = {isa = PBXFileReference; fileEncoding = 4; lastKnownFileType = sourcecode.cpp.cpp; path = EEActiveControl.cpp; sourceTree = "<group>"; };
		6C4A98431BE1CBA3008B089A /* EEActiveControl.hpp */ = {isa = PBXFileReference; fileEncoding = 4; lastKnownFileType = sourcecode.cpp.h; path = EEActiveControl.hpp; sourceTree = "<group>"; };
		6C4A984E1BE20739008B089A /* EEDialog-Impl.hpp */ = {isa = PBXFileReference; lastKnownFileType = sourcecode.cpp.h; path = "EEDialog-Impl.hpp"; sourceTree = "<group>"; };
		6C519B401BEDEC68002644FC /* EEDataInfo.cpp */ = {isa = PBXFileReference; fileEncoding = 4; lastKnownFileType = sourcecode.cpp.cpp; path = EEDataInfo.cpp; sourceTree = "<group>"; };
		6C519B411BEDEC68002644FC /* EEDataInfo.hpp */ = {isa = PBXFileReference; fileEncoding = 4; lastKnownFileType = sourcecode.cpp.h; path = EEDataInfo.hpp; sourceTree = "<group>"; };
		6C5473731BE0C08E008F06A7 /* EETouchListener.cpp */ = {isa = PBXFileReference; fileEncoding = 4; lastKnownFileType = sourcecode.cpp.cpp; path = EETouchListener.cpp; sourceTree = "<group>"; };
		6C54737B1BE0C7B0008F06A7 /* EETouchListener-Impl.hpp */ = {isa = PBXFileReference; lastKnownFileType = sourcecode.cpp.h; path = "EETouchListener-Impl.hpp"; sourceTree = "<group>"; };
		6C5AEB3E1BDF1BF1004C98A2 /* EECrytography.hpp */ = {isa = PBXFileReference; lastKnownFileType = sourcecode.cpp.h; path = EECrytography.hpp; sourceTree = "<group>"; };
		6C5AEB3F1BDF265E004C98A2 /* EENonMovable.hpp */ = {isa = PBXFileReference; lastKnownFileType = sourcecode.cpp.h; path = EENonMovable.hpp; sourceTree = "<group>"; };
		6C5AEB401BDF26FA004C98A2 /* EENonConstructible.hpp */ = {isa = PBXFileReference; lastKnownFileType = sourcecode.cpp.h; path = EENonConstructible.hpp; sourceTree = "<group>"; };
		6C7A9ABB1BD9335600199AC0 /* EETentBlur1D.cpp */ = {isa = PBXFileReference; fileEncoding = 4; lastKnownFileType = sourcecode.cpp.cpp; path = EETentBlur1D.cpp; sourceTree = "<group>"; };
		6C7A9AC71BDB841A00199AC0 /* EEImage.cpp */ = {isa = PBXFileReference; fileEncoding = 4; lastKnownFileType = sourcecode.cpp.cpp; path = EEImage.cpp; sourceTree = "<group>"; };
		6C896FF71BF42DD00069D8A3 /* EEJniBoxedType.cpp */ = {isa = PBXFileReference; fileEncoding = 4; lastKnownFileType = sourcecode.cpp.cpp; path = EEJniBoxedType.cpp; sourceTree = "<group>"; };
		6C896FF81BF42DD00069D8A3 /* EEJniBoxedType.hpp */ = {isa = PBXFileReference; fileEncoding = 4; lastKnownFileType = sourcecode.cpp.h; path = EEJniBoxedType.hpp; sourceTree = "<group>"; };
		6CAC26B81BD4111000F11F3A /* EEForward.hpp */ = {isa = PBXFileReference; fileEncoding = 4; lastKnownFileType = sourcecode.cpp.h; path = EEForward.hpp; sourceTree = "<group>"; };
		6CAC26C31BD4111000F11F3A /* EEMacro.hpp */ = {isa = PBXFileReference; fileEncoding = 4; lastKnownFileType = sourcecode.cpp.h; path = EEMacro.hpp; sourceTree = "<group>"; };
		6CAE71A21C0562E800ECD783 /* EEProjection.cpp */ = {isa = PBXFileReference; fileEncoding = 4; lastKnownFileType = sourcecode.cpp.cpp; path = EEProjection.cpp; sourceTree = "<group>"; };
		6CAE71A31C0562E800ECD783 /* EEProjection.hpp */ = {isa = PBXFileReference; fileEncoding = 4; lastKnownFileType = sourcecode.cpp.h; path = EEProjection.hpp; sourceTree = "<group>"; };
		6CAE71B11C0593E200ECD783 /* EEProjection-Impl.hpp */ = {isa = PBXFileReference; lastKnownFileType = sourcecode.cpp.h; path = "EEProjection-Impl.hpp"; sourceTree = "<group>"; };
		6CC3596C1C0C0792007DC4CF /* EEState.hpp */ = {isa = PBXFileReference; fileEncoding = 4; lastKnownFileType = sourcecode.cpp.h; path = EEState.hpp; sourceTree = "<group>"; };
		6CC359701C0C0F2E007DC4CF /* EEState.cpp */ = {isa = PBXFileReference; fileEncoding = 4; lastKnownFileType = sourcecode.cpp.cpp; path = EEState.cpp; sourceTree = "<group>"; };
		6CC43B101BF31BC600FAC807 /* EEJniConverter.cpp */ = {isa = PBXFileReference; lastKnownFileType = sourcecode.cpp.cpp; path = EEJniConverter.cpp; sourceTree = "<group>"; };
/* End PBXFileReference section */

/* Begin PBXFrameworksBuildPhase section */
		6C43A8031BDDDF1800D0597F /* Frameworks */ = {
			isa = PBXFrameworksBuildPhase;
			buildActionMask = 2147483647;
			files = (
			);
			runOnlyForDeploymentPostprocessing = 0;
		};
/* End PBXFrameworksBuildPhase section */

/* Begin PBXGroup section */
		1AC6FAE6180E9839004C840B /* Products */ = {
			isa = PBXGroup;
			children = (
				1AC6FAF9180E9839004C840B /* libcocos2d Mac.a */,
				1AC6FB07180E9839004C840B /* libcocos2d iOS.a */,
			);
			name = Products;
			sourceTree = "<group>";
		};
		29B97314FDCFA39411CA2CEA /* CustomTemplate */ = {
			isa = PBXGroup;
			children = (
				1AC6FAE5180E9839004C840B /* cocos2d_libs.xcodeproj */,
				46880B8319C43A87006E1F66 /* Classes */,
				29B97323FDCFA39411CA2CEA /* Frameworks */,
				6C2E7D731BDE0B7D008F5EF3 /* Products */,
			);
			name = CustomTemplate;
			sourceTree = "<group>";
		};
		29B97323FDCFA39411CA2CEA /* Frameworks */ = {
			isa = PBXGroup;
			children = (
			);
			name = Frameworks;
			sourceTree = "<group>";
		};
		46880B8319C43A87006E1F66 /* Classes */ = {
			isa = PBXGroup;
			children = (
				6CAC26C31BD4111000F11F3A /* EEMacro.hpp */,
				6CAC26B81BD4111000F11F3A /* EEForward.hpp */,
				6C43A7871BDDCA4600D0597F /* EEHeader.hpp */,
				6C43C3B21C10802D00C80E32 /* EEGenericLoader.hpp */,
				6C3D1EEB1BEC9FAB00B56B55 /* Data */,
				6C3D1EF21BECA3BA00B56B55 /* Event */,
				6C3AD4DF1BE49CDB0052E786 /* Jni */,
				6C5AEB411BDF2701004C98A2 /* Interface */,
				6C43A78C1BDDCAF800D0597F /* EECocosUtils.cpp */,
				6C43A78D1BDDCAF800D0597F /* EECocosUtils.hpp */,
				6C43A7F61BDDDAEC00D0597F /* Image */,
				6C43A7A81BDDDAC300D0597F /* EECheckBox.cpp */,
				6C43A7A91BDDDAC300D0597F /* EECheckBox.hpp */,
				6C5AEB3B1BDF1B9F004C98A2 /* Crytography */,
				6C2E7D891BDE1E12008F5EF3 /* Listener */,
				6CC359791C0C3C31007DC4CF /* Layer */,
				6C43A7AF1BDDDAC300D0597F /* EEData.cpp */,
				6C43A7B01BDDDAC300D0597F /* EEData.hpp */,
				6C43A7B61BDDDAC300D0597F /* EEDynamicValue.cpp */,
				6C43A7B71BDDDAC300D0597F /* EEDynamicValue.hpp */,
				6C43A7BB1BDDDAC300D0597F /* EEFunctionTraits.hpp */,
				6C43A7BC1BDDDAC300D0597F /* EEGesture-Impl.hpp */,
				6C43A7BD1BDDDAC300D0597F /* EEGesture.cpp */,
				6C43A7BE1BDDDAC300D0597F /* EEGesture.hpp */,
				6C43A7BF1BDDDAC300D0597F /* EEGroupNode-Impl.hpp */,
				6C43A7C01BDDDAC300D0597F /* EEGroupNode.cpp */,
				6C43A7C11BDDDAC300D0597F /* EEGroupNode.hpp */,
				6C43A7C21BDDDAC300D0597F /* EEGroupNodeDelegate.hpp */,
				6C43A7D31BDDDAC300D0597F /* EEUtils.hpp */,
				6CC3596C1C0C0792007DC4CF /* EEState.hpp */,
				6CC359701C0C0F2E007DC4CF /* EEState.cpp */,
				6C19528D1C44DA0D00185F01 /* Experimental */,
			);
			name = Classes;
			path = ../Classes;
			sourceTree = "<group>";
		};
		6C19528D1C44DA0D00185F01 /* Experimental */ = {
			isa = PBXGroup;
			children = (
				6CAE71A21C0562E800ECD783 /* EEProjection.cpp */,
				6CAE71A31C0562E800ECD783 /* EEProjection.hpp */,
				6CAE71B11C0593E200ECD783 /* EEProjection-Impl.hpp */,
				6C48084F1C0551B70023E34D /* EEGesture__.cpp */,
				6C4808501C0551B70023E34D /* EEGesture__.hpp */,
				6C4808541C05593C0023E34D /* EEGesture-Impl__.hpp */,
			);
			name = Experimental;
			sourceTree = "<group>";
		};
		6C2E7D731BDE0B7D008F5EF3 /* Products */ = {
			isa = PBXGroup;
			children = (
				6C2E7D711BDE0B69008F5EF3 /* ee-library-mobile.a */,
			);
			name = Products;
			sourceTree = "<group>";
		};
		6C2E7D891BDE1E12008F5EF3 /* Listener */ = {
			isa = PBXGroup;
			children = (
				6C43A7D01BDDDAC300D0597F /* EETouchManager-Impl.hpp */,
				6C43A7D11BDDDAC300D0597F /* EETouchManager.cpp */,
				6C43A7D21BDDDAC300D0597F /* EETouchManager.hpp */,
				6C2E7D861BDE1A1B008F5EF3 /* EEBackButtonListener.cpp */,
				6C2E7D871BDE1A1B008F5EF3 /* EEBackButtonListener.hpp */,
				6C5473731BE0C08E008F06A7 /* EETouchListener.cpp */,
				6C3A213E1BE08B4A0074C7F5 /* EETouchListener.hpp */,
				6C54737B1BE0C7B0008F06A7 /* EETouchListener-Impl.hpp */,
				6C43A7AD1BDDDAC300D0597F /* EEControl.cpp */,
				6C43A7AE1BDDDAC300D0597F /* EEControl.hpp */,
				6C4A98421BE1CBA3008B089A /* EEActiveControl.cpp */,
				6C4A98431BE1CBA3008B089A /* EEActiveControl.hpp */,
				6C4A983C1BE1B620008B089A /* EEControlLoader.cpp */,
				6C4A983D1BE1B620008B089A /* EEControlLoader.hpp */,
			);
			name = Listener;
			sourceTree = "<group>";
		};
		6C3AD4DF1BE49CDB0052E786 /* Jni */ = {
			isa = PBXGroup;
			children = (
				6C3AD4E71BE4A29A0052E786 /* EEConstexprString.hpp */,
				6C3C89951BE536530049CFAE /* EEJni.cpp */,
				6C3AD4E31BE49CEB0052E786 /* EEJni.hpp */,
				6C896FF71BF42DD00069D8A3 /* EEJniBoxedType.cpp */,
				6C896FF81BF42DD00069D8A3 /* EEJniBoxedType.hpp */,
				6C3AD4F21BE4B0870052E786 /* EEJniCaller.hpp */,
				6CC43B101BF31BC600FAC807 /* EEJniConverter.cpp */,
				6C3AD4E51BE4A24A0052E786 /* EEJniConverter.hpp */,
				6C3AD4F51BE4C4F20052E786 /* EEJniDestructor.hpp */,
				6C3AD4EB1BE4AAA90052E786 /* EEJniException.cpp */,
				6C3AD4EC1BE4AAA90052E786 /* EEJniException.hpp */,
				6C495C1D1BE5EA0A00E9FE95 /* EEJniFieldInfo.cpp */,
				6C495C1E1BE5EA0A00E9FE95 /* EEJniFieldInfo.hpp */,
				6C3AD4EE1BE4AB330052E786 /* EEJniMethodInfo.cpp */,
				6C3AD4EF1BE4AB330052E786 /* EEJniMethodInfo.hpp */,
				6C495C181BE565A600E9FE95 /* EEJniObject.cpp */,
				6C495C191BE565A600E9FE95 /* EEJniObject.hpp */,
				6C43A7C71BDDDAC300D0597F /* EEJniString.hpp */,
				6C3AD4E81BE4A4A10052E786 /* EEJniUtils.cpp */,
				6C3AD4E91BE4A4A10052E786 /* EEJniUtils.hpp */,
			);
			name = Jni;
			sourceTree = "<group>";
		};
		6C3D1EEB1BEC9FAB00B56B55 /* Data */ = {
			isa = PBXGroup;
			children = (
				6C519B401BEDEC68002644FC /* EEDataInfo.cpp */,
				6C519B411BEDEC68002644FC /* EEDataInfo.hpp */,
			);
			name = Data;
			sourceTree = "<group>";
		};
		6C3D1EF21BECA3BA00B56B55 /* Event */ = {
			isa = PBXGroup;
			children = (
				6C43A7B81BDDDAC300D0597F /* EEEventInfo.cpp */,
				6C43A7B91BDDDAC300D0597F /* EEEventInfo.hpp */,
			);
			name = Event;
			sourceTree = "<group>";
		};
		6C43A7F61BDDDAEC00D0597F /* Image */ = {
			isa = PBXGroup;
			children = (
				6C32DC3D1BD67074007613F9 /* EEImage.hpp */,
				6C7A9AC71BDB841A00199AC0 /* EEImage.cpp */,
				6C32DC431BD67791007613F9 /* EEBoxBlur1D.cpp */,
				6C32DC551BD692CF007613F9 /* EEBoxBlur2D.cpp */,
				6C7A9ABB1BD9335600199AC0 /* EETentBlur1D.cpp */,
			);
			name = Image;
			sourceTree = "<group>";
		};
		6C5AEB3B1BDF1B9F004C98A2 /* Crytography */ = {
			isa = PBXGroup;
			children = (
				6C5AEB3E1BDF1BF1004C98A2 /* EECrytography.hpp */,
				6C2E7D831BDE14D4008F5EF3 /* EECrc.cpp */,
				6C43A7CA1BDDDAC300D0597F /* EESha1.cpp */,
			);
			name = Crytography;
			sourceTree = "<group>";
		};
		6C5AEB411BDF2701004C98A2 /* Interface */ = {
			isa = PBXGroup;
			children = (
				6C32DC3A1BD66E62007613F9 /* EENonCopyable.hpp */,
				6C5AEB3F1BDF265E004C98A2 /* EENonMovable.hpp */,
				6C5AEB401BDF26FA004C98A2 /* EENonConstructible.hpp */,
			);
			name = Interface;
			sourceTree = "<group>";
		};
		6CC359791C0C3C31007DC4CF /* Layer */ = {
			isa = PBXGroup;
			children = (
				6C43A7B11BDDDAC300D0597F /* EEDialog.cpp */,
				6C43A7B21BDDDAC300D0597F /* EEDialog.hpp */,
				6C4A984E1BE20739008B089A /* EEDialog-Impl.hpp */,
				6C43A7B41BDDDAC300D0597F /* EEDialogManager.cpp */,
				6C43A7B51BDDDAC300D0597F /* EEDialogManager.hpp */,
				6C43A7B31BDDDAC300D0597F /* EEDialogManager-Impl.hpp */,
				6C3D4AF71C0D37F0001A09DF /* EETransitionScene.cpp */,
				6C3D4AF81C0D37F0001A09DF /* EETransitionScene.hpp */,
			);
			name = Layer;
			sourceTree = "<group>";
		};
/* End PBXGroup section */

/* Begin PBXNativeTarget section */
		6C43A8051BDDDF1800D0597F /* ee-library-mobile */ = {
			isa = PBXNativeTarget;
			buildConfigurationList = 6C43A80D1BDDDF1900D0597F /* Build configuration list for PBXNativeTarget "ee-library-mobile" */;
			buildPhases = (
				6C43A8021BDDDF1800D0597F /* Sources */,
				6C43A8031BDDDF1800D0597F /* Frameworks */,
				6C43A8041BDDDF1800D0597F /* CopyFiles */,
			);
			buildRules = (
			);
			dependencies = (
			);
			name = "ee-library-mobile";
			productName = "ee-library";
			productReference = 6C2E7D711BDE0B69008F5EF3 /* ee-library-mobile.a */;
			productType = "com.apple.product-type.library.static";
		};
/* End PBXNativeTarget section */

/* Begin PBXProject section */
		29B97313FDCFA39411CA2CEA /* Project object */ = {
			isa = PBXProject;
			attributes = {
				LastUpgradeCheck = 0500;
				TargetAttributes = {
					6C43A8051BDDDF1800D0597F = {
						CreatedOnToolsVersion = 7.1;
					};
				};
			};
			buildConfigurationList = C01FCF4E08A954540054247B /* Build configuration list for PBXProject "ee-library" */;
			compatibilityVersion = "Xcode 3.2";
			developmentRegion = English;
			hasScannedForEncodings = 1;
			knownRegions = (
				English,
				Japanese,
				French,
				German,
			);
			mainGroup = 29B97314FDCFA39411CA2CEA /* CustomTemplate */;
			productRefGroup = 29B97314FDCFA39411CA2CEA /* CustomTemplate */;
			projectDirPath = "";
			projectReferences = (
				{
					ProductGroup = 1AC6FAE6180E9839004C840B /* Products */;
					ProjectRef = 1AC6FAE5180E9839004C840B /* cocos2d_libs.xcodeproj */;
				},
			);
			projectRoot = "";
			targets = (
				6C43A8051BDDDF1800D0597F /* ee-library-mobile */,
			);
		};
/* End PBXProject section */

/* Begin PBXReferenceProxy section */
		1AC6FAF9180E9839004C840B /* libcocos2d Mac.a */ = {
			isa = PBXReferenceProxy;
			fileType = archive.ar;
			path = "libcocos2d Mac.a";
			remoteRef = 1AC6FAF8180E9839004C840B /* PBXContainerItemProxy */;
			sourceTree = BUILT_PRODUCTS_DIR;
		};
		1AC6FB07180E9839004C840B /* libcocos2d iOS.a */ = {
			isa = PBXReferenceProxy;
			fileType = archive.ar;
			path = "libcocos2d iOS.a";
			remoteRef = 1AC6FB06180E9839004C840B /* PBXContainerItemProxy */;
			sourceTree = BUILT_PRODUCTS_DIR;
		};
/* End PBXReferenceProxy section */

/* Begin PBXSourcesBuildPhase section */
		6C43A8021BDDDF1800D0597F /* Sources */ = {
			isa = PBXSourcesBuildPhase;
			buildActionMask = 2147483647;
			files = (
				6C2E7D5F1BDE04AB008F5EF3 /* EEDynamicValue.cpp in Sources */,
				6CAE71A41C0562E800ECD783 /* EEProjection.cpp in Sources */,
				6C2E7D631BDE04AB008F5EF3 /* EESha1.cpp in Sources */,
				6C2E7D5A1BDE04AB008F5EF3 /* EECheckBox.cpp in Sources */,
				6C2E7D551BDE048D008F5EF3 /* EECocosUtils.cpp in Sources */,
				6C2E7D571BDE0497008F5EF3 /* EEBoxBlur1D.cpp in Sources */,
				6C2E7D601BDE04AB008F5EF3 /* EEEventInfo.cpp in Sources */,
				6C2E7D621BDE04AB008F5EF3 /* EEGroupNode.cpp in Sources */,
				6C4808511C0551B70023E34D /* EEGesture__.cpp in Sources */,
				6C5473741BE0C08E008F06A7 /* EETouchListener.cpp in Sources */,
				6C2E7D651BDE04AB008F5EF3 /* EETouchManager.cpp in Sources */,
				6C2E7D611BDE04AB008F5EF3 /* EEGesture.cpp in Sources */,
				6C2E7D851BDE14D4008F5EF3 /* EECrc.cpp in Sources */,
				6C2E7D581BDE0497008F5EF3 /* EEBoxBlur2D.cpp in Sources */,
				6C2E7D561BDE0497008F5EF3 /* EEImage.cpp in Sources */,
				6C519B421BEDEC68002644FC /* EEDataInfo.cpp in Sources */,
				6C2E7D5E1BDE04AB008F5EF3 /* EEDialogManager.cpp in Sources */,
				6C2E7D5D1BDE04AB008F5EF3 /* EEDialog.cpp in Sources */,
				6C2E7D5B1BDE04AB008F5EF3 /* EEControl.cpp in Sources */,
				6C4A98441BE1CBA3008B089A /* EEActiveControl.cpp in Sources */,
				6C2E7D591BDE0497008F5EF3 /* EETentBlur1D.cpp in Sources */,
				6C3D4AF91C0D37F0001A09DF /* EETransitionScene.cpp in Sources */,
				6C896FF91BF42DD00069D8A3 /* EEJniBoxedType.cpp in Sources */,
				6C2E7D5C1BDE04AB008F5EF3 /* EEData.cpp in Sources */,
				6C2E7D881BDE1A1B008F5EF3 /* EEBackButtonListener.cpp in Sources */,
				6C4A983E1BE1B620008B089A /* EEControlLoader.cpp in Sources */,
				6CC359711C0C0F2E007DC4CF /* EEState.cpp in Sources */,
			);
			runOnlyForDeploymentPostprocessing = 0;
		};
/* End PBXSourcesBuildPhase section */

/* Begin XCBuildConfiguration section */
		6C43A80E1BDDDF1900D0597F /* Debug */ = {
			isa = XCBuildConfiguration;
			buildSettings = {
				ALWAYS_SEARCH_USER_PATHS = YES;
				CLANG_ENABLE_MODULES = YES;
				ENABLE_STRICT_OBJC_MSGSEND = YES;
				ENABLE_TESTABILITY = YES;
				EXECUTABLE_PREFIX = "";
				GCC_PREPROCESSOR_DEFINITIONS = (
					"$(inherited)",
					CC_TARGET_OS_IPHONE,
				);
				IPHONEOS_DEPLOYMENT_TARGET = 6.0;
				MTL_ENABLE_DEBUG_INFO = YES;
				OTHER_LDFLAGS = "-ObjC";
				PRODUCT_NAME = "$(TARGET_NAME)";
				SDKROOT = iphoneos;
				SKIP_INSTALL = YES;
				TARGETED_DEVICE_FAMILY = "1,2";
				VALID_ARCHS = "arm64 armv7";
			};
			name = Debug;
		};
		6C43A80F1BDDDF1900D0597F /* Release */ = {
			isa = XCBuildConfiguration;
			buildSettings = {
				ALWAYS_SEARCH_USER_PATHS = YES;
				CLANG_ENABLE_MODULES = YES;
				ENABLE_STRICT_OBJC_MSGSEND = YES;
				EXECUTABLE_PREFIX = "";
				GCC_PREPROCESSOR_DEFINITIONS = CC_TARGET_OS_IPHONE;
				IPHONEOS_DEPLOYMENT_TARGET = 6.0;
				MTL_ENABLE_DEBUG_INFO = NO;
				OTHER_LDFLAGS = "-ObjC";
				PRODUCT_NAME = "$(TARGET_NAME)";
				SDKROOT = iphoneos;
				SKIP_INSTALL = YES;
				TARGETED_DEVICE_FAMILY = "1,2";
				VALID_ARCHS = "arm64 armv7";
			};
			name = Release;
		};
		C01FCF4F08A954540054247B /* Debug */ = {
			isa = XCBuildConfiguration;
			buildSettings = {
				CLANG_CXX_LANGUAGE_STANDARD = "c++14";
				CLANG_CXX_LIBRARY = "libc++";
				CLANG_WARN_ASSIGN_ENUM = YES;
				CLANG_WARN_CXX0X_EXTENSIONS = YES;
				CLANG_WARN_DIRECT_OBJC_ISA_USAGE = YES_ERROR;
				CLANG_WARN_EMPTY_BODY = YES;
				CLANG_WARN_IMPLICIT_SIGN_CONVERSION = YES;
				CLANG_WARN_NULLABLE_TO_NONNULL_CONVERSION = YES;
				CLANG_WARN_OBJC_ROOT_CLASS = YES_ERROR;
				CLANG_WARN_SUSPICIOUS_IMPLICIT_CONVERSION = YES;
				CLANG_WARN_UNREACHABLE_CODE = YES_AGGRESSIVE;
				CLANG_WARN__DUPLICATE_METHOD_MATCH = YES;
				CLANG_WARN__EXIT_TIME_DESTRUCTORS = YES;
				COPY_PHASE_STRIP = NO;
				DEBUG_INFORMATION_FORMAT = dwarf;
				GCC_C_LANGUAGE_STANDARD = c99;
				GCC_OPTIMIZATION_LEVEL = 0;
				GCC_PREPROCESSOR_DEFINITIONS = (
					"DEBUG=1",
					"COCOS2D_DEBUG=1",
				);
				GCC_WARN_64_TO_32_BIT_CONVERSION = YES;
				GCC_WARN_ABOUT_MISSING_FIELD_INITIALIZERS = YES;
				GCC_WARN_ABOUT_MISSING_PROTOTYPES = YES;
				GCC_WARN_ABOUT_RETURN_TYPE = YES_ERROR;
				GCC_WARN_HIDDEN_VIRTUAL_FUNCTIONS = YES;
				GCC_WARN_INITIALIZER_NOT_FULLY_BRACKETED = YES;
				GCC_WARN_NON_VIRTUAL_DESTRUCTOR = YES;
				GCC_WARN_SHADOW = YES;
				GCC_WARN_SIGN_COMPARE = YES;
				GCC_WARN_UNDECLARED_SELECTOR = YES;
				GCC_WARN_UNINITIALIZED_AUTOS = YES_AGGRESSIVE;
				GCC_WARN_UNKNOWN_PRAGMAS = YES;
				GCC_WARN_UNUSED_FUNCTION = YES;
				GCC_WARN_UNUSED_VARIABLE = YES;
				HEADER_SEARCH_PATHS = (
					"$(SRCROOT)/../cocos2d",
					"$(SRCROOT)/../cocos2d/cocos",
					"$(SRCROOT)/../cocos2d/cocos/base",
					"$(SRCROOT)/../cocos2d/cocos/physics",
					"$(SRCROOT)/../cocos2d/cocos/math",
					"$(SRCROOT)/../cocos2d/cocos/2d",
					"$(SRCROOT)/../cocos2d/cocos/ui",
					"$(SRCROOT)/../cocos2d/cocos/network",
					"$(SRCROOT)/../cocos2d/cocos/audio/include",
					"$(SRCROOT)/../cocos2d/cocos/editor-support",
					"$(SRCROOT)/../cocos2d/extensions",
					"$(SRCROOT)/../cocos2d/external",
					"$(SRCROOT)/../cocos2d/external/chipmunk/include/chipmunk",
				);
				ONLY_ACTIVE_ARCH = YES;
				PRODUCT_NAME = "$(TARGET_NAME)";
				SDKROOT = macosx;
			};
			name = Debug;
		};
		C01FCF5008A954540054247B /* Release */ = {
			isa = XCBuildConfiguration;
			buildSettings = {
				CLANG_CXX_LANGUAGE_STANDARD = "c++14";
				CLANG_CXX_LIBRARY = "libc++";
				CLANG_WARN_ASSIGN_ENUM = YES;
				CLANG_WARN_CXX0X_EXTENSIONS = YES;
				CLANG_WARN_DIRECT_OBJC_ISA_USAGE = YES_ERROR;
				CLANG_WARN_EMPTY_BODY = YES;
				CLANG_WARN_IMPLICIT_SIGN_CONVERSION = YES;
				CLANG_WARN_NULLABLE_TO_NONNULL_CONVERSION = YES;
				CLANG_WARN_OBJC_ROOT_CLASS = YES_ERROR;
				CLANG_WARN_SUSPICIOUS_IMPLICIT_CONVERSION = YES;
				CLANG_WARN_UNREACHABLE_CODE = YES_AGGRESSIVE;
				CLANG_WARN__DUPLICATE_METHOD_MATCH = YES;
				CLANG_WARN__EXIT_TIME_DESTRUCTORS = YES;
				DEBUG_INFORMATION_FORMAT = "dwarf-with-dsym";
				ENABLE_NS_ASSERTIONS = NO;
				GCC_C_LANGUAGE_STANDARD = c99;
				GCC_WARN_64_TO_32_BIT_CONVERSION = YES;
				GCC_WARN_ABOUT_MISSING_FIELD_INITIALIZERS = YES;
				GCC_WARN_ABOUT_MISSING_PROTOTYPES = YES;
				GCC_WARN_ABOUT_RETURN_TYPE = YES_ERROR;
				GCC_WARN_HIDDEN_VIRTUAL_FUNCTIONS = YES;
				GCC_WARN_INITIALIZER_NOT_FULLY_BRACKETED = YES;
				GCC_WARN_NON_VIRTUAL_DESTRUCTOR = YES;
				GCC_WARN_SHADOW = YES;
				GCC_WARN_SIGN_COMPARE = YES;
				GCC_WARN_UNDECLARED_SELECTOR = YES;
				GCC_WARN_UNINITIALIZED_AUTOS = YES_AGGRESSIVE;
				GCC_WARN_UNKNOWN_PRAGMAS = YES;
				GCC_WARN_UNUSED_FUNCTION = YES;
				GCC_WARN_UNUSED_VARIABLE = YES;
				HEADER_SEARCH_PATHS = (
					"$(SRCROOT)/../cocos2d",
					"$(SRCROOT)/../cocos2d/cocos",
					"$(SRCROOT)/../cocos2d/cocos/base",
					"$(SRCROOT)/../cocos2d/cocos/physics",
					"$(SRCROOT)/../cocos2d/cocos/math",
					"$(SRCROOT)/../cocos2d/cocos/2d",
					"$(SRCROOT)/../cocos2d/cocos/ui",
					"$(SRCROOT)/../cocos2d/cocos/network",
					"$(SRCROOT)/../cocos2d/cocos/audio/include",
					"$(SRCROOT)/../cocos2d/cocos/editor-support",
					"$(SRCROOT)/../cocos2d/extensions",
					"$(SRCROOT)/../cocos2d/external",
					"$(SRCROOT)/../cocos2d/external/chipmunk/include/chipmunk",
				);
				PRODUCT_NAME = "$(TARGET_NAME)";
				SDKROOT = macosx;
				VALIDATE_PRODUCT = YES;
			};
			name = Release;
		};
/* End XCBuildConfiguration section */

/* Begin XCConfigurationList section */
		6C43A80D1BDDDF1900D0597F /* Build configuration list for PBXNativeTarget "ee-library-mobile" */ = {
			isa = XCConfigurationList;
			buildConfigurations = (
				6C43A80E1BDDDF1900D0597F /* Debug */,
				6C43A80F1BDDDF1900D0597F /* Release */,
			);
			defaultConfigurationIsVisible = 0;
			defaultConfigurationName = Debug;
		};
		C01FCF4E08A954540054247B /* Build configuration list for PBXProject "ee-library" */ = {
			isa = XCConfigurationList;
			buildConfigurations = (
				C01FCF4F08A954540054247B /* Debug */,
				C01FCF5008A954540054247B /* Release */,
			);
			defaultConfigurationIsVisible = 0;
			defaultConfigurationName = Debug;
		};
/* End XCConfigurationList section */
	};
	rootObject = 29B97313FDCFA39411CA2CEA /* Project object */;
}
