// !$*UTF8*$!
{
	archiveVersion = 1;
	classes = {
	};
	objectVersion = 46;
	objects = {

/* Begin PBXBuildFile section */
		6C42EF3F1C8540320062C2C6 /* ee-library-mobile.a in Frameworks */ = {isa = PBXBuildFile; fileRef = 6C42EF3C1C853F6A0062C2C6 /* ee-library-mobile.a */; };
		6C43A87D1BDDE26300D0597F /* AppDelegate.cpp in Sources */ = {isa = PBXBuildFile; fileRef = 6C43A81A1BDDE0FE00D0597F /* AppDelegate.cpp */; };
		6C43A88B1BDDE2A500D0597F /* Default-568h@2x.png in Resources */ = {isa = PBXBuildFile; fileRef = 6C43A8251BDDE12700D0597F /* Default-568h@2x.png */; };
		6C43A88C1BDDE2A500D0597F /* Default-667h@2x.png in Resources */ = {isa = PBXBuildFile; fileRef = 6C43A8261BDDE12700D0597F /* Default-667h@2x.png */; };
		6C43A88D1BDDE2A500D0597F /* Default-736h@3x.png in Resources */ = {isa = PBXBuildFile; fileRef = 6C43A8271BDDE12700D0597F /* Default-736h@3x.png */; };
		6C43A88E1BDDE2A500D0597F /* Default.png in Resources */ = {isa = PBXBuildFile; fileRef = 6C43A8281BDDE12700D0597F /* Default.png */; };
		6C43A88F1BDDE2A500D0597F /* Default@2x.png in Resources */ = {isa = PBXBuildFile; fileRef = 6C43A8291BDDE12700D0597F /* Default@2x.png */; };
		6C43A8901BDDE2A500D0597F /* Icon-100.png in Resources */ = {isa = PBXBuildFile; fileRef = 6C43A82A1BDDE12700D0597F /* Icon-100.png */; };
		6C43A8911BDDE2A500D0597F /* Icon-114.png in Resources */ = {isa = PBXBuildFile; fileRef = 6C43A82B1BDDE12700D0597F /* Icon-114.png */; };
		6C43A8921BDDE2A500D0597F /* Icon-120.png in Resources */ = {isa = PBXBuildFile; fileRef = 6C43A82C1BDDE12700D0597F /* Icon-120.png */; };
		6C43A8931BDDE2A500D0597F /* Icon-144.png in Resources */ = {isa = PBXBuildFile; fileRef = 6C43A82D1BDDE12700D0597F /* Icon-144.png */; };
		6C43A8941BDDE2A500D0597F /* Icon-152.png in Resources */ = {isa = PBXBuildFile; fileRef = 6C43A82E1BDDE12700D0597F /* Icon-152.png */; };
		6C43A8951BDDE2A500D0597F /* Icon-29.png in Resources */ = {isa = PBXBuildFile; fileRef = 6C43A82F1BDDE12700D0597F /* Icon-29.png */; };
		6C43A8961BDDE2A500D0597F /* Icon-40.png in Resources */ = {isa = PBXBuildFile; fileRef = 6C43A8301BDDE12700D0597F /* Icon-40.png */; };
		6C43A8971BDDE2A500D0597F /* Icon-50.png in Resources */ = {isa = PBXBuildFile; fileRef = 6C43A8311BDDE12700D0597F /* Icon-50.png */; };
		6C43A8981BDDE2A500D0597F /* Icon-57.png in Resources */ = {isa = PBXBuildFile; fileRef = 6C43A8321BDDE12700D0597F /* Icon-57.png */; };
		6C43A8991BDDE2A500D0597F /* Icon-58.png in Resources */ = {isa = PBXBuildFile; fileRef = 6C43A8331BDDE12700D0597F /* Icon-58.png */; };
		6C43A89A1BDDE2A500D0597F /* Icon-72.png in Resources */ = {isa = PBXBuildFile; fileRef = 6C43A8341BDDE12700D0597F /* Icon-72.png */; };
		6C43A89B1BDDE2A500D0597F /* Icon-76.png in Resources */ = {isa = PBXBuildFile; fileRef = 6C43A8351BDDE12700D0597F /* Icon-76.png */; };
		6C43A89C1BDDE2A500D0597F /* Icon-80.png in Resources */ = {isa = PBXBuildFile; fileRef = 6C43A8361BDDE12700D0597F /* Icon-80.png */; };
		6C43A89D1BDDE2A900D0597F /* main.m in Sources */ = {isa = PBXBuildFile; fileRef = 6C43A8381BDDE12700D0597F /* main.m */; };
		6C43A89E1BDDE2AB00D0597F /* RootViewController.mm in Sources */ = {isa = PBXBuildFile; fileRef = 6C43A83B1BDDE12700D0597F /* RootViewController.mm */; };
		6C43A89F1BDDE2B000D0597F /* AppController.mm in Sources */ = {isa = PBXBuildFile; fileRef = 6C43A8241BDDE12700D0597F /* AppController.mm */; };
		6FD560E21EA5BD9E003E1DCD /* AppDelegate.cpp in Sources */ = {isa = PBXBuildFile; fileRef = 6C43A81A1BDDE0FE00D0597F /* AppDelegate.cpp */; };
		6FD560E31EA5BDA2003E1DCD /* CCBUtils.cpp in Sources */ = {isa = PBXBuildFile; fileRef = 6C43A81C1BDDE0FE00D0597F /* CCBUtils.cpp */; };
		6FD560E41EA5BDA2003E1DCD /* TestScene.cpp in Sources */ = {isa = PBXBuildFile; fileRef = 6C43A8201BDDE0FE00D0597F /* TestScene.cpp */; };
		6FD560E81EA5BE22003E1DCD /* ee-library-desktop.a in Frameworks */ = {isa = PBXBuildFile; fileRef = 6FD560D71EA5BAA9003E1DCD /* ee-library-desktop.a */; };
		6FD560F01EA5BF33003E1DCD /* OpenAL.framework in Frameworks */ = {isa = PBXBuildFile; fileRef = 6FD560EF1EA5BF33003E1DCD /* OpenAL.framework */; };
		6FD560F61EA5BF5E003E1DCD /* libz.tbd in Frameworks */ = {isa = PBXBuildFile; fileRef = 6FD560F51EA5BF5E003E1DCD /* libz.tbd */; };
		6FD560F81EA5BF7D003E1DCD /* libiconv.tbd in Frameworks */ = {isa = PBXBuildFile; fileRef = 6FD560F71EA5BF7D003E1DCD /* libiconv.tbd */; };
		6FD560FA1EA5BFA6003E1DCD /* Quartz.framework in Frameworks */ = {isa = PBXBuildFile; fileRef = 6FD560F91EA5BFA6003E1DCD /* Quartz.framework */; };
		6FD561001EA5BFCF003E1DCD /* AudioToolbox.framework in Frameworks */ = {isa = PBXBuildFile; fileRef = 6FD560FF1EA5BFCF003E1DCD /* AudioToolbox.framework */; };
		6FD561041EA5BFF4003E1DCD /* AppKit.framework in Frameworks */ = {isa = PBXBuildFile; fileRef = 6FD561031EA5BFF4003E1DCD /* AppKit.framework */; };
		6FD561061EA5C1A2003E1DCD /* libcocos2d iOS.a in Frameworks */ = {isa = PBXBuildFile; fileRef = 6FD561051EA5C1A2003E1DCD /* libcocos2d iOS.a */; };
		6FD561081EA5C1AD003E1DCD /* OpenAL.framework in Frameworks */ = {isa = PBXBuildFile; fileRef = 6FD561071EA5C1AD003E1DCD /* OpenAL.framework */; };
		6FD5610A1EA5C1B4003E1DCD /* AVFoundation.framework in Frameworks */ = {isa = PBXBuildFile; fileRef = 6FD561091EA5C1B4003E1DCD /* AVFoundation.framework */; };
		6FD5610C1EA5C1BE003E1DCD /* libz.tbd in Frameworks */ = {isa = PBXBuildFile; fileRef = 6FD5610B1EA5C1BE003E1DCD /* libz.tbd */; };
		6FD561171EA5C266003E1DCD /* libiconv.tbd in Frameworks */ = {isa = PBXBuildFile; fileRef = 6FD561161EA5C266003E1DCD /* libiconv.tbd */; };
		6FD561191EA5C26E003E1DCD /* AudioToolbox.framework in Frameworks */ = {isa = PBXBuildFile; fileRef = 6FD561181EA5C26E003E1DCD /* AudioToolbox.framework */; };
		6FD5611D1EA5C281003E1DCD /* GameController.framework in Frameworks */ = {isa = PBXBuildFile; fileRef = 6FD5611C1EA5C281003E1DCD /* GameController.framework */; };
		6FD561201EA5C293003E1DCD /* CoreMotion.framework in Frameworks */ = {isa = PBXBuildFile; fileRef = 6FD5611A1EA5C279003E1DCD /* CoreMotion.framework */; };
		6FD561211EA5C2B1003E1DCD /* OpenGL.framework in Frameworks */ = {isa = PBXBuildFile; fileRef = 6FD560F11EA5BF3F003E1DCD /* OpenGL.framework */; };
		6FD561221EA5C2C0003E1DCD /* IOKit.framework in Frameworks */ = {isa = PBXBuildFile; fileRef = 6FD561011EA5BFE5003E1DCD /* IOKit.framework */; };
		6FD561241EA5C2D2003E1DCD /* libcocos2d Mac.a in Frameworks */ = {isa = PBXBuildFile; fileRef = 6FD561231EA5C2D2003E1DCD /* libcocos2d Mac.a */; };
		6FD561251EA5C2E2003E1DCD /* MediaPlayer.framework in Frameworks */ = {isa = PBXBuildFile; fileRef = 6FD5611E1EA5C28A003E1DCD /* MediaPlayer.framework */; };
/* End PBXBuildFile section */

/* Begin PBXContainerItemProxy section */
		6C42EF3B1C853F6A0062C2C6 /* PBXContainerItemProxy */ = {
			isa = PBXContainerItemProxy;
			containerPortal = 6C42EF351C853F690062C2C6 /* ee-library.xcodeproj */;
			proxyType = 2;
			remoteGlobalIDString = 6C2E7D711BDE0B69008F5EF3;
			remoteInfo = "ee-library-mobile";
		};
		6FD560D61EA5BAA9003E1DCD /* PBXContainerItemProxy */ = {
			isa = PBXContainerItemProxy;
			containerPortal = 6C42EF351C853F690062C2C6 /* ee-library.xcodeproj */;
			proxyType = 2;
			remoteGlobalIDString = 6FC1CA8F1CEAB7D300DCDC8E;
			remoteInfo = "ee-library-desktop";
		};
		6FD560E61EA5BE1D003E1DCD /* PBXContainerItemProxy */ = {
			isa = PBXContainerItemProxy;
			containerPortal = 6C42EF351C853F690062C2C6 /* ee-library.xcodeproj */;
			proxyType = 1;
			remoteGlobalIDString = 6C43A8051BDDDF1800D0597F;
			remoteInfo = "ee-library-mobile";
		};
		6FD560E91EA5BE24003E1DCD /* PBXContainerItemProxy */ = {
			isa = PBXContainerItemProxy;
			containerPortal = 6C42EF351C853F690062C2C6 /* ee-library.xcodeproj */;
			proxyType = 1;
			remoteGlobalIDString = 6F79B6111CCA7AA00008EFAC;
			remoteInfo = "ee-library-desktop";
		};
/* End PBXContainerItemProxy section */

/* Begin PBXFileReference section */
		6C42EF351C853F690062C2C6 /* ee-library.xcodeproj */ = {isa = PBXFileReference; lastKnownFileType = "wrapper.pb-project"; name = "ee-library.xcodeproj"; path = "../../src/proj.ios_mac/ee-library.xcodeproj"; sourceTree = "<group>"; };
		6C43A81A1BDDE0FE00D0597F /* AppDelegate.cpp */ = {isa = PBXFileReference; lastKnownFileType = sourcecode.cpp.cpp; path = AppDelegate.cpp; sourceTree = "<group>"; };
		6C43A81B1BDDE0FE00D0597F /* AppDelegate.hpp */ = {isa = PBXFileReference; lastKnownFileType = sourcecode.cpp.h; path = AppDelegate.hpp; sourceTree = "<group>"; };
		6C43A81C1BDDE0FE00D0597F /* CCBUtils.cpp */ = {isa = PBXFileReference; lastKnownFileType = sourcecode.cpp.cpp; path = CCBUtils.cpp; sourceTree = "<group>"; };
		6C43A81D1BDDE0FE00D0597F /* CCBUtils.hpp */ = {isa = PBXFileReference; lastKnownFileType = sourcecode.cpp.h; path = CCBUtils.hpp; sourceTree = "<group>"; };
		6C43A81F1BDDE0FE00D0597F /* TestScene-Impl.hpp */ = {isa = PBXFileReference; lastKnownFileType = sourcecode.cpp.h; path = "TestScene-Impl.hpp"; sourceTree = "<group>"; };
		6C43A8201BDDE0FE00D0597F /* TestScene.cpp */ = {isa = PBXFileReference; lastKnownFileType = sourcecode.cpp.cpp; path = TestScene.cpp; sourceTree = "<group>"; };
		6C43A8211BDDE0FE00D0597F /* TestScene.hpp */ = {isa = PBXFileReference; lastKnownFileType = sourcecode.cpp.h; path = TestScene.hpp; sourceTree = "<group>"; };
		6C43A8231BDDE12700D0597F /* AppController.h */ = {isa = PBXFileReference; lastKnownFileType = sourcecode.c.h; path = AppController.h; sourceTree = "<group>"; };
		6C43A8241BDDE12700D0597F /* AppController.mm */ = {isa = PBXFileReference; lastKnownFileType = sourcecode.cpp.objcpp; path = AppController.mm; sourceTree = "<group>"; };
		6C43A8251BDDE12700D0597F /* Default-568h@2x.png */ = {isa = PBXFileReference; lastKnownFileType = image.png; path = "Default-568h@2x.png"; sourceTree = "<group>"; };
		6C43A8261BDDE12700D0597F /* Default-667h@2x.png */ = {isa = PBXFileReference; lastKnownFileType = image.png; path = "Default-667h@2x.png"; sourceTree = "<group>"; };
		6C43A8271BDDE12700D0597F /* Default-736h@3x.png */ = {isa = PBXFileReference; lastKnownFileType = image.png; path = "Default-736h@3x.png"; sourceTree = "<group>"; };
		6C43A8281BDDE12700D0597F /* Default.png */ = {isa = PBXFileReference; lastKnownFileType = image.png; path = Default.png; sourceTree = "<group>"; };
		6C43A8291BDDE12700D0597F /* Default@2x.png */ = {isa = PBXFileReference; lastKnownFileType = image.png; path = "Default@2x.png"; sourceTree = "<group>"; };
		6C43A82A1BDDE12700D0597F /* Icon-100.png */ = {isa = PBXFileReference; lastKnownFileType = image.png; path = "Icon-100.png"; sourceTree = "<group>"; };
		6C43A82B1BDDE12700D0597F /* Icon-114.png */ = {isa = PBXFileReference; lastKnownFileType = image.png; path = "Icon-114.png"; sourceTree = "<group>"; };
		6C43A82C1BDDE12700D0597F /* Icon-120.png */ = {isa = PBXFileReference; lastKnownFileType = image.png; path = "Icon-120.png"; sourceTree = "<group>"; };
		6C43A82D1BDDE12700D0597F /* Icon-144.png */ = {isa = PBXFileReference; lastKnownFileType = image.png; path = "Icon-144.png"; sourceTree = "<group>"; };
		6C43A82E1BDDE12700D0597F /* Icon-152.png */ = {isa = PBXFileReference; lastKnownFileType = image.png; path = "Icon-152.png"; sourceTree = "<group>"; };
		6C43A82F1BDDE12700D0597F /* Icon-29.png */ = {isa = PBXFileReference; lastKnownFileType = image.png; path = "Icon-29.png"; sourceTree = "<group>"; };
		6C43A8301BDDE12700D0597F /* Icon-40.png */ = {isa = PBXFileReference; lastKnownFileType = image.png; path = "Icon-40.png"; sourceTree = "<group>"; };
		6C43A8311BDDE12700D0597F /* Icon-50.png */ = {isa = PBXFileReference; lastKnownFileType = image.png; path = "Icon-50.png"; sourceTree = "<group>"; };
		6C43A8321BDDE12700D0597F /* Icon-57.png */ = {isa = PBXFileReference; lastKnownFileType = image.png; path = "Icon-57.png"; sourceTree = "<group>"; };
		6C43A8331BDDE12700D0597F /* Icon-58.png */ = {isa = PBXFileReference; lastKnownFileType = image.png; path = "Icon-58.png"; sourceTree = "<group>"; };
		6C43A8341BDDE12700D0597F /* Icon-72.png */ = {isa = PBXFileReference; lastKnownFileType = image.png; path = "Icon-72.png"; sourceTree = "<group>"; };
		6C43A8351BDDE12700D0597F /* Icon-76.png */ = {isa = PBXFileReference; lastKnownFileType = image.png; path = "Icon-76.png"; sourceTree = "<group>"; };
		6C43A8361BDDE12700D0597F /* Icon-80.png */ = {isa = PBXFileReference; lastKnownFileType = image.png; path = "Icon-80.png"; sourceTree = "<group>"; };
		6C43A8371BDDE12700D0597F /* Info.plist */ = {isa = PBXFileReference; lastKnownFileType = text.plist.xml; path = Info.plist; sourceTree = "<group>"; };
		6C43A8381BDDE12700D0597F /* main.m */ = {isa = PBXFileReference; lastKnownFileType = sourcecode.c.objc; path = main.m; sourceTree = "<group>"; };
		6C43A8391BDDE12700D0597F /* Prefix.pch */ = {isa = PBXFileReference; lastKnownFileType = sourcecode.c.h; path = Prefix.pch; sourceTree = "<group>"; };
		6C43A83A1BDDE12700D0597F /* RootViewController.h */ = {isa = PBXFileReference; lastKnownFileType = sourcecode.c.h; path = RootViewController.h; sourceTree = "<group>"; };
		6C43A83B1BDDE12700D0597F /* RootViewController.mm */ = {isa = PBXFileReference; lastKnownFileType = sourcecode.cpp.objcpp; path = RootViewController.mm; sourceTree = "<group>"; };
		6C43A83D1BDDE12700D0597F /* Icon.icns */ = {isa = PBXFileReference; lastKnownFileType = image.icns; path = Icon.icns; sourceTree = "<group>"; };
		6C43A83E1BDDE12700D0597F /* Info.plist */ = {isa = PBXFileReference; lastKnownFileType = text.plist.xml; path = Info.plist; sourceTree = "<group>"; };
		6C43A83F1BDDE12700D0597F /* main.cpp */ = {isa = PBXFileReference; lastKnownFileType = sourcecode.cpp.cpp; path = main.cpp; sourceTree = "<group>"; };
		6C43A8401BDDE12700D0597F /* Prefix.pch */ = {isa = PBXFileReference; lastKnownFileType = sourcecode.c.h; path = Prefix.pch; sourceTree = "<group>"; };
		6C43A8471BDDE17E00D0597F /* ee-library-test-mobile.app */ = {isa = PBXFileReference; explicitFileType = wrapper.application; includeInIndex = 0; path = "ee-library-test-mobile.app"; sourceTree = BUILT_PRODUCTS_DIR; };
		6FD560C11EA5BAA9003E1DCD /* ee-library-test-desktop.app */ = {isa = PBXFileReference; explicitFileType = wrapper.application; includeInIndex = 0; path = "ee-library-test-desktop.app"; sourceTree = BUILT_PRODUCTS_DIR; };
		6FD560EF1EA5BF33003E1DCD /* OpenAL.framework */ = {isa = PBXFileReference; lastKnownFileType = wrapper.framework; name = OpenAL.framework; path = System/Library/Frameworks/OpenAL.framework; sourceTree = SDKROOT; };
		6FD560F11EA5BF3F003E1DCD /* OpenGL.framework */ = {isa = PBXFileReference; lastKnownFileType = wrapper.framework; name = OpenGL.framework; path = System/Library/Frameworks/OpenGL.framework; sourceTree = SDKROOT; };
		6FD560F31EA5BF55003E1DCD /* CoreFoundation.framework */ = {isa = PBXFileReference; lastKnownFileType = wrapper.framework; name = CoreFoundation.framework; path = System/Library/Frameworks/CoreFoundation.framework; sourceTree = SDKROOT; };
		6FD560F51EA5BF5E003E1DCD /* libz.tbd */ = {isa = PBXFileReference; lastKnownFileType = "sourcecode.text-based-dylib-definition"; name = libz.tbd; path = usr/lib/libz.tbd; sourceTree = SDKROOT; };
		6FD560F71EA5BF7D003E1DCD /* libiconv.tbd */ = {isa = PBXFileReference; lastKnownFileType = "sourcecode.text-based-dylib-definition"; name = libiconv.tbd; path = usr/lib/libiconv.tbd; sourceTree = SDKROOT; };
		6FD560F91EA5BFA6003E1DCD /* Quartz.framework */ = {isa = PBXFileReference; lastKnownFileType = wrapper.framework; name = Quartz.framework; path = System/Library/Frameworks/Quartz.framework; sourceTree = SDKROOT; };
		6FD560FB1EA5BFB8003E1DCD /* CoreGraphics.framework */ = {isa = PBXFileReference; lastKnownFileType = wrapper.framework; name = CoreGraphics.framework; path = System/Library/Frameworks/CoreGraphics.framework; sourceTree = SDKROOT; };
		6FD560FD1EA5BFC8003E1DCD /* CoreAudioKit.framework */ = {isa = PBXFileReference; lastKnownFileType = wrapper.framework; name = CoreAudioKit.framework; path = System/Library/Frameworks/CoreAudioKit.framework; sourceTree = SDKROOT; };
		6FD560FF1EA5BFCF003E1DCD /* AudioToolbox.framework */ = {isa = PBXFileReference; lastKnownFileType = wrapper.framework; name = AudioToolbox.framework; path = System/Library/Frameworks/AudioToolbox.framework; sourceTree = SDKROOT; };
		6FD561011EA5BFE5003E1DCD /* IOKit.framework */ = {isa = PBXFileReference; lastKnownFileType = wrapper.framework; name = IOKit.framework; path = System/Library/Frameworks/IOKit.framework; sourceTree = SDKROOT; };
		6FD561031EA5BFF4003E1DCD /* AppKit.framework */ = {isa = PBXFileReference; lastKnownFileType = wrapper.framework; name = AppKit.framework; path = System/Library/Frameworks/AppKit.framework; sourceTree = SDKROOT; };
		6FD561051EA5C1A2003E1DCD /* libcocos2d iOS.a */ = {isa = PBXFileReference; lastKnownFileType = archive.ar; name = "libcocos2d iOS.a"; path = "../../../../../../../../../Users/Zinge/Library/Developer/Xcode/DerivedData/ee-library-test-ggsknijbxvufqbepsnzotlcrsdxd/Build/Products/Debug-iphonesimulator/libcocos2d iOS.a"; sourceTree = "<group>"; };
		6FD561071EA5C1AD003E1DCD /* OpenAL.framework */ = {isa = PBXFileReference; lastKnownFileType = wrapper.framework; name = OpenAL.framework; path = Platforms/iPhoneOS.platform/Developer/SDKs/iPhoneOS10.2.sdk/System/Library/Frameworks/OpenAL.framework; sourceTree = DEVELOPER_DIR; };
		6FD561091EA5C1B4003E1DCD /* AVFoundation.framework */ = {isa = PBXFileReference; lastKnownFileType = wrapper.framework; name = AVFoundation.framework; path = Platforms/iPhoneOS.platform/Developer/SDKs/iPhoneOS10.2.sdk/System/Library/Frameworks/AVFoundation.framework; sourceTree = DEVELOPER_DIR; };
		6FD5610B1EA5C1BE003E1DCD /* libz.tbd */ = {isa = PBXFileReference; lastKnownFileType = "sourcecode.text-based-dylib-definition"; name = libz.tbd; path = Platforms/iPhoneOS.platform/Developer/SDKs/iPhoneOS10.2.sdk/usr/lib/libz.tbd; sourceTree = DEVELOPER_DIR; };
		6FD561161EA5C266003E1DCD /* libiconv.tbd */ = {isa = PBXFileReference; lastKnownFileType = "sourcecode.text-based-dylib-definition"; name = libiconv.tbd; path = Platforms/iPhoneOS.platform/Developer/SDKs/iPhoneOS10.2.sdk/usr/lib/libiconv.tbd; sourceTree = DEVELOPER_DIR; };
		6FD561181EA5C26E003E1DCD /* AudioToolbox.framework */ = {isa = PBXFileReference; lastKnownFileType = wrapper.framework; name = AudioToolbox.framework; path = Platforms/iPhoneOS.platform/Developer/SDKs/iPhoneOS10.2.sdk/System/Library/Frameworks/AudioToolbox.framework; sourceTree = DEVELOPER_DIR; };
		6FD5611A1EA5C279003E1DCD /* CoreMotion.framework */ = {isa = PBXFileReference; lastKnownFileType = wrapper.framework; name = CoreMotion.framework; path = Platforms/iPhoneOS.platform/Developer/SDKs/iPhoneOS10.2.sdk/System/Library/Frameworks/CoreMotion.framework; sourceTree = DEVELOPER_DIR; };
		6FD5611C1EA5C281003E1DCD /* GameController.framework */ = {isa = PBXFileReference; lastKnownFileType = wrapper.framework; name = GameController.framework; path = Platforms/iPhoneOS.platform/Developer/SDKs/iPhoneOS10.2.sdk/System/Library/Frameworks/GameController.framework; sourceTree = DEVELOPER_DIR; };
		6FD5611E1EA5C28A003E1DCD /* MediaPlayer.framework */ = {isa = PBXFileReference; lastKnownFileType = wrapper.framework; name = MediaPlayer.framework; path = Platforms/iPhoneOS.platform/Developer/SDKs/iPhoneOS10.2.sdk/System/Library/Frameworks/MediaPlayer.framework; sourceTree = DEVELOPER_DIR; };
		6FD561231EA5C2D2003E1DCD /* libcocos2d Mac.a */ = {isa = PBXFileReference; lastKnownFileType = archive.ar; name = "libcocos2d Mac.a"; path = "../../../../../../../../../Users/Zinge/Library/Developer/Xcode/DerivedData/ee-library-test-ggsknijbxvufqbepsnzotlcrsdxd/Build/Products/Debug/libcocos2d Mac.a"; sourceTree = "<group>"; };
/* End PBXFileReference section */

/* Begin PBXFrameworksBuildPhase section */
		6C43A8441BDDE17E00D0597F /* Frameworks */ = {
			isa = PBXFrameworksBuildPhase;
			buildActionMask = 2147483647;
			files = (
				6FD561251EA5C2E2003E1DCD /* MediaPlayer.framework in Frameworks */,
				6FD561201EA5C293003E1DCD /* CoreMotion.framework in Frameworks */,
				6FD5611D1EA5C281003E1DCD /* GameController.framework in Frameworks */,
				6FD561191EA5C26E003E1DCD /* AudioToolbox.framework in Frameworks */,
				6FD561171EA5C266003E1DCD /* libiconv.tbd in Frameworks */,
				6FD5610C1EA5C1BE003E1DCD /* libz.tbd in Frameworks */,
				6FD5610A1EA5C1B4003E1DCD /* AVFoundation.framework in Frameworks */,
				6FD561081EA5C1AD003E1DCD /* OpenAL.framework in Frameworks */,
				6FD561061EA5C1A2003E1DCD /* libcocos2d iOS.a in Frameworks */,
				6C42EF3F1C8540320062C2C6 /* ee-library-mobile.a in Frameworks */,
			);
			runOnlyForDeploymentPostprocessing = 0;
		};
		6FD560BE1EA5BAA9003E1DCD /* Frameworks */ = {
			isa = PBXFrameworksBuildPhase;
			buildActionMask = 2147483647;
			files = (
				6FD561241EA5C2D2003E1DCD /* libcocos2d Mac.a in Frameworks */,
				6FD561221EA5C2C0003E1DCD /* IOKit.framework in Frameworks */,
				6FD561211EA5C2B1003E1DCD /* OpenGL.framework in Frameworks */,
				6FD561041EA5BFF4003E1DCD /* AppKit.framework in Frameworks */,
				6FD561001EA5BFCF003E1DCD /* AudioToolbox.framework in Frameworks */,
				6FD560FA1EA5BFA6003E1DCD /* Quartz.framework in Frameworks */,
				6FD560F81EA5BF7D003E1DCD /* libiconv.tbd in Frameworks */,
				6FD560F61EA5BF5E003E1DCD /* libz.tbd in Frameworks */,
				6FD560F01EA5BF33003E1DCD /* OpenAL.framework in Frameworks */,
				6FD560E81EA5BE22003E1DCD /* ee-library-desktop.a in Frameworks */,
			);
			runOnlyForDeploymentPostprocessing = 0;
		};
/* End PBXFrameworksBuildPhase section */

/* Begin PBXGroup section */
		6C42EF361C853F690062C2C6 /* Products */ = {
			isa = PBXGroup;
			children = (
				6C42EF3C1C853F6A0062C2C6 /* ee-library-mobile.a */,
				6FD560D71EA5BAA9003E1DCD /* ee-library-desktop.a */,
			);
			name = Products;
			sourceTree = "<group>";
		};
		6C43A7F71BDDDBBB00D0597F = {
			isa = PBXGroup;
			children = (
				6C42EF351C853F690062C2C6 /* ee-library.xcodeproj */,
				6C43A8191BDDE0FE00D0597F /* Classes */,
				6C43A8221BDDE12700D0597F /* ios */,
				6C43A83C1BDDE12700D0597F /* mac */,
				6C43A8411BDDE12F00D0597F /* Resources */,
				6C43A8BF1BDDE9E400D0597F /* Frameworks */,
				6C43A8481BDDE17E00D0597F /* Products */,
			);
			sourceTree = "<group>";
		};
		6C43A8191BDDE0FE00D0597F /* Classes */ = {
			isa = PBXGroup;
			children = (
				6C43A81A1BDDE0FE00D0597F /* AppDelegate.cpp */,
				6C43A81B1BDDE0FE00D0597F /* AppDelegate.hpp */,
				6C43A81C1BDDE0FE00D0597F /* CCBUtils.cpp */,
				6C43A81D1BDDE0FE00D0597F /* CCBUtils.hpp */,
				6C43A81F1BDDE0FE00D0597F /* TestScene-Impl.hpp */,
				6C43A8201BDDE0FE00D0597F /* TestScene.cpp */,
				6C43A8211BDDE0FE00D0597F /* TestScene.hpp */,
			);
			name = Classes;
			path = ../Classes;
			sourceTree = "<group>";
		};
		6C43A8221BDDE12700D0597F /* ios */ = {
			isa = PBXGroup;
			children = (
				6C43A8231BDDE12700D0597F /* AppController.h */,
				6C43A8241BDDE12700D0597F /* AppController.mm */,
				6C43A8251BDDE12700D0597F /* Default-568h@2x.png */,
				6C43A8261BDDE12700D0597F /* Default-667h@2x.png */,
				6C43A8271BDDE12700D0597F /* Default-736h@3x.png */,
				6C43A8281BDDE12700D0597F /* Default.png */,
				6C43A8291BDDE12700D0597F /* Default@2x.png */,
				6C43A82A1BDDE12700D0597F /* Icon-100.png */,
				6C43A82B1BDDE12700D0597F /* Icon-114.png */,
				6C43A82C1BDDE12700D0597F /* Icon-120.png */,
				6C43A82D1BDDE12700D0597F /* Icon-144.png */,
				6C43A82E1BDDE12700D0597F /* Icon-152.png */,
				6C43A82F1BDDE12700D0597F /* Icon-29.png */,
				6C43A8301BDDE12700D0597F /* Icon-40.png */,
				6C43A8311BDDE12700D0597F /* Icon-50.png */,
				6C43A8321BDDE12700D0597F /* Icon-57.png */,
				6C43A8331BDDE12700D0597F /* Icon-58.png */,
				6C43A8341BDDE12700D0597F /* Icon-72.png */,
				6C43A8351BDDE12700D0597F /* Icon-76.png */,
				6C43A8361BDDE12700D0597F /* Icon-80.png */,
				6C43A8371BDDE12700D0597F /* Info.plist */,
				6C43A8381BDDE12700D0597F /* main.m */,
				6C43A8391BDDE12700D0597F /* Prefix.pch */,
				6C43A83A1BDDE12700D0597F /* RootViewController.h */,
				6C43A83B1BDDE12700D0597F /* RootViewController.mm */,
			);
			path = ios;
			sourceTree = "<group>";
		};
		6C43A83C1BDDE12700D0597F /* mac */ = {
			isa = PBXGroup;
			children = (
				6C43A83D1BDDE12700D0597F /* Icon.icns */,
				6C43A83E1BDDE12700D0597F /* Info.plist */,
				6C43A83F1BDDE12700D0597F /* main.cpp */,
				6C43A8401BDDE12700D0597F /* Prefix.pch */,
			);
			path = mac;
			sourceTree = "<group>";
		};
		6C43A8411BDDE12F00D0597F /* Resources */ = {
			isa = PBXGroup;
			children = (
			);
			name = Resources;
			path = ../Resources;
			sourceTree = "<group>";
		};
		6C43A8481BDDE17E00D0597F /* Products */ = {
			isa = PBXGroup;
			children = (
				6C43A8471BDDE17E00D0597F /* ee-library-test-mobile.app */,
				6FD560C11EA5BAA9003E1DCD /* ee-library-test-desktop.app */,
			);
			name = Products;
			sourceTree = "<group>";
		};
		6C43A8BF1BDDE9E400D0597F /* Frameworks */ = {
			isa = PBXGroup;
			children = (
				6FD561231EA5C2D2003E1DCD /* libcocos2d Mac.a */,
				6FD5611E1EA5C28A003E1DCD /* MediaPlayer.framework */,
				6FD5611C1EA5C281003E1DCD /* GameController.framework */,
				6FD5611A1EA5C279003E1DCD /* CoreMotion.framework */,
				6FD561181EA5C26E003E1DCD /* AudioToolbox.framework */,
				6FD561161EA5C266003E1DCD /* libiconv.tbd */,
				6FD5610B1EA5C1BE003E1DCD /* libz.tbd */,
				6FD561091EA5C1B4003E1DCD /* AVFoundation.framework */,
				6FD561071EA5C1AD003E1DCD /* OpenAL.framework */,
				6FD561051EA5C1A2003E1DCD /* libcocos2d iOS.a */,
				6FD561031EA5BFF4003E1DCD /* AppKit.framework */,
				6FD561011EA5BFE5003E1DCD /* IOKit.framework */,
				6FD560FF1EA5BFCF003E1DCD /* AudioToolbox.framework */,
				6FD560FD1EA5BFC8003E1DCD /* CoreAudioKit.framework */,
				6FD560FB1EA5BFB8003E1DCD /* CoreGraphics.framework */,
				6FD560F91EA5BFA6003E1DCD /* Quartz.framework */,
				6FD560F71EA5BF7D003E1DCD /* libiconv.tbd */,
				6FD560F51EA5BF5E003E1DCD /* libz.tbd */,
				6FD560F31EA5BF55003E1DCD /* CoreFoundation.framework */,
				6FD560F11EA5BF3F003E1DCD /* OpenGL.framework */,
				6FD560EF1EA5BF33003E1DCD /* OpenAL.framework */,
			);
			name = Frameworks;
			sourceTree = "<group>";
		};
/* End PBXGroup section */

/* Begin PBXNativeTarget section */
		6C43A8461BDDE17E00D0597F /* ee-library-test-mobile */ = {
			isa = PBXNativeTarget;
			buildConfigurationList = 6C43A8741BDDE17F00D0597F /* Build configuration list for PBXNativeTarget "ee-library-test-mobile" */;
			buildPhases = (
				6C43A8431BDDE17E00D0597F /* Sources */,
				6C43A8441BDDE17E00D0597F /* Frameworks */,
				6C43A8451BDDE17E00D0597F /* Resources */,
			);
			buildRules = (
			);
			dependencies = (
				6FD560E71EA5BE1D003E1DCD /* PBXTargetDependency */,
			);
			name = "ee-library-test-mobile";
			productName = "ee-library-test";
			productReference = 6C43A8471BDDE17E00D0597F /* ee-library-test-mobile.app */;
			productType = "com.apple.product-type.application";
		};
		6FD560C01EA5BAA9003E1DCD /* ee-library-test-desktop */ = {
			isa = PBXNativeTarget;
			buildConfigurationList = 6FD560D81EA5BAA9003E1DCD /* Build configuration list for PBXNativeTarget "ee-library-test-desktop" */;
			buildPhases = (
				6FD560BD1EA5BAA9003E1DCD /* Sources */,
				6FD560BE1EA5BAA9003E1DCD /* Frameworks */,
				6FD560BF1EA5BAA9003E1DCD /* Resources */,
			);
			buildRules = (
			);
			dependencies = (
				6FD560EA1EA5BE24003E1DCD /* PBXTargetDependency */,
			);
			name = "ee-library-test-desktop";
			productName = aaa;
			productReference = 6FD560C11EA5BAA9003E1DCD /* ee-library-test-desktop.app */;
			productType = "com.apple.product-type.application";
		};
/* End PBXNativeTarget section */

/* Begin PBXProject section */
		6C43A7F81BDDDBBB00D0597F /* Project object */ = {
			isa = PBXProject;
			attributes = {
				LastUpgradeCheck = 0710;
				TargetAttributes = {
					6C43A8461BDDE17E00D0597F = {
						CreatedOnToolsVersion = 7.1;
					};
					6FD560C01EA5BAA9003E1DCD = {
						CreatedOnToolsVersion = 8.2;
						ProvisioningStyle = Automatic;
					};
				};
			};
			buildConfigurationList = 6C43A7FB1BDDDBBB00D0597F /* Build configuration list for PBXProject "ee-library-test" */;
			compatibilityVersion = "Xcode 3.2";
			developmentRegion = English;
			hasScannedForEncodings = 0;
			knownRegions = (
				en,
				Base,
			);
			mainGroup = 6C43A7F71BDDDBBB00D0597F;
			productRefGroup = 6C43A8481BDDE17E00D0597F /* Products */;
			projectDirPath = "";
			projectReferences = (
				{
					ProductGroup = 6C42EF361C853F690062C2C6 /* Products */;
					ProjectRef = 6C42EF351C853F690062C2C6 /* ee-library.xcodeproj */;
				},
			);
			projectRoot = "";
			targets = (
				6C43A8461BDDE17E00D0597F /* ee-library-test-mobile */,
				6FD560C01EA5BAA9003E1DCD /* ee-library-test-desktop */,
			);
		};
/* End PBXProject section */

/* Begin PBXReferenceProxy section */
		6C42EF3C1C853F6A0062C2C6 /* ee-library-mobile.a */ = {
			isa = PBXReferenceProxy;
			fileType = archive.ar;
			path = "ee-library-mobile.a";
			remoteRef = 6C42EF3B1C853F6A0062C2C6 /* PBXContainerItemProxy */;
			sourceTree = BUILT_PRODUCTS_DIR;
		};
		6FD560D71EA5BAA9003E1DCD /* ee-library-desktop.a */ = {
			isa = PBXReferenceProxy;
			fileType = archive.ar;
			path = "ee-library-desktop.a";
			remoteRef = 6FD560D61EA5BAA9003E1DCD /* PBXContainerItemProxy */;
			sourceTree = BUILT_PRODUCTS_DIR;
		};
/* End PBXReferenceProxy section */

/* Begin PBXResourcesBuildPhase section */
		6C43A8451BDDE17E00D0597F /* Resources */ = {
			isa = PBXResourcesBuildPhase;
			buildActionMask = 2147483647;
			files = (
				6C43A8921BDDE2A500D0597F /* Icon-120.png in Resources */,
				6C43A8971BDDE2A500D0597F /* Icon-50.png in Resources */,
				6C43A89C1BDDE2A500D0597F /* Icon-80.png in Resources */,
				6C43A88B1BDDE2A500D0597F /* Default-568h@2x.png in Resources */,
				6C43A88C1BDDE2A500D0597F /* Default-667h@2x.png in Resources */,
				6C43A8981BDDE2A500D0597F /* Icon-57.png in Resources */,
				6C43A8941BDDE2A500D0597F /* Icon-152.png in Resources */,
				6C43A88F1BDDE2A500D0597F /* Default@2x.png in Resources */,
				6C43A88D1BDDE2A500D0597F /* Default-736h@3x.png in Resources */,
				6C43A8911BDDE2A500D0597F /* Icon-114.png in Resources */,
				6C43A8951BDDE2A500D0597F /* Icon-29.png in Resources */,
				6C43A8961BDDE2A500D0597F /* Icon-40.png in Resources */,
				6C43A8901BDDE2A500D0597F /* Icon-100.png in Resources */,
				6C43A89B1BDDE2A500D0597F /* Icon-76.png in Resources */,
				6C43A8931BDDE2A500D0597F /* Icon-144.png in Resources */,
				6C43A89A1BDDE2A500D0597F /* Icon-72.png in Resources */,
				6C43A88E1BDDE2A500D0597F /* Default.png in Resources */,
				6C43A8991BDDE2A500D0597F /* Icon-58.png in Resources */,
			);
			runOnlyForDeploymentPostprocessing = 0;
		};
		6FD560BF1EA5BAA9003E1DCD /* Resources */ = {
			isa = PBXResourcesBuildPhase;
			buildActionMask = 2147483647;
			files = (
			);
			runOnlyForDeploymentPostprocessing = 0;
		};
/* End PBXResourcesBuildPhase section */

/* Begin PBXSourcesBuildPhase section */
		6C43A8431BDDE17E00D0597F /* Sources */ = {
			isa = PBXSourcesBuildPhase;
			buildActionMask = 2147483647;
			files = (
				6C43A89E1BDDE2AB00D0597F /* RootViewController.mm in Sources */,
				6C43A89F1BDDE2B000D0597F /* AppController.mm in Sources */,
				6C43A89D1BDDE2A900D0597F /* main.m in Sources */,
				6C43A87D1BDDE26300D0597F /* AppDelegate.cpp in Sources */,
			);
			runOnlyForDeploymentPostprocessing = 0;
		};
		6FD560BD1EA5BAA9003E1DCD /* Sources */ = {
			isa = PBXSourcesBuildPhase;
			buildActionMask = 2147483647;
			files = (
				6FD560E41EA5BDA2003E1DCD /* TestScene.cpp in Sources */,
				6FD560E31EA5BDA2003E1DCD /* CCBUtils.cpp in Sources */,
				6FD560E21EA5BD9E003E1DCD /* AppDelegate.cpp in Sources */,
			);
			runOnlyForDeploymentPostprocessing = 0;
		};
/* End PBXSourcesBuildPhase section */

/* Begin PBXTargetDependency section */
		6FD560E71EA5BE1D003E1DCD /* PBXTargetDependency */ = {
			isa = PBXTargetDependency;
			name = "ee-library-mobile";
			targetProxy = 6FD560E61EA5BE1D003E1DCD /* PBXContainerItemProxy */;
		};
		6FD560EA1EA5BE24003E1DCD /* PBXTargetDependency */ = {
			isa = PBXTargetDependency;
			name = "ee-library-desktop";
			targetProxy = 6FD560E91EA5BE24003E1DCD /* PBXContainerItemProxy */;
		};
/* End PBXTargetDependency section */

/* Begin XCBuildConfiguration section */
		6C43A7FC1BDDDBBB00D0597F /* Debug */ = {
			isa = XCBuildConfiguration;
			buildSettings = {
				ALWAYS_SEARCH_USER_PATHS = NO;
				CLANG_ANALYZER_SECURITY_INSECUREAPI_RAND = YES;
				CLANG_ANALYZER_SECURITY_INSECUREAPI_STRCPY = YES;
				CLANG_CXX_LANGUAGE_STANDARD = "c++14";
				CLANG_CXX_LIBRARY = "libc++";
				CLANG_WARN_ASSIGN_ENUM = YES;
				CLANG_WARN_DEPRECATED_OBJC_IMPLEMENTATIONS = YES;
				CLANG_WARN_DIRECT_OBJC_ISA_USAGE = YES_ERROR;
				CLANG_WARN_EMPTY_BODY = YES;
				CLANG_WARN_IMPLICIT_SIGN_CONVERSION = YES;
				CLANG_WARN_NULLABLE_TO_NONNULL_CONVERSION = YES;
				CLANG_WARN_OBJC_IMPLICIT_ATOMIC_PROPERTIES = YES;
				CLANG_WARN_OBJC_ROOT_CLASS = YES_ERROR;
				CLANG_WARN_SUSPICIOUS_IMPLICIT_CONVERSION = YES;
				CLANG_WARN_SUSPICIOUS_MOVE = YES;
				CLANG_WARN_UNREACHABLE_CODE = YES_AGGRESSIVE;
				CLANG_WARN__DUPLICATE_METHOD_MATCH = YES;
				COPY_PHASE_STRIP = NO;
				DEBUG_INFORMATION_FORMAT = dwarf;
				ENABLE_STRICT_OBJC_MSGSEND = YES;
				ENABLE_TESTABILITY = YES;
				GCC_OPTIMIZATION_LEVEL = 0;
				GCC_PREPROCESSOR_DEFINITIONS = (
					USE_FILE32API,
					"COCOS2D_DEBUG=1",
				);
				GCC_TREAT_INCOMPATIBLE_POINTER_TYPE_WARNINGS_AS_ERRORS = YES;
				GCC_WARN_64_TO_32_BIT_CONVERSION = YES;
				GCC_WARN_ABOUT_MISSING_FIELD_INITIALIZERS = YES;
				GCC_WARN_ABOUT_MISSING_PROTOTYPES = YES;
				GCC_WARN_ABOUT_RETURN_TYPE = YES_ERROR;
				GCC_WARN_FOUR_CHARACTER_CONSTANTS = YES;
				GCC_WARN_HIDDEN_VIRTUAL_FUNCTIONS = YES;
				GCC_WARN_INITIALIZER_NOT_FULLY_BRACKETED = YES;
				GCC_WARN_NON_VIRTUAL_DESTRUCTOR = YES;
				GCC_WARN_SHADOW = YES;
				GCC_WARN_SIGN_COMPARE = YES;
				GCC_WARN_STRICT_SELECTOR_MATCH = YES;
				GCC_WARN_UNDECLARED_SELECTOR = YES;
				GCC_WARN_UNINITIALIZED_AUTOS = YES_AGGRESSIVE;
				GCC_WARN_UNUSED_FUNCTION = YES;
				GCC_WARN_UNUSED_LABEL = YES;
				GCC_WARN_UNUSED_VARIABLE = YES;
				HEADER_SEARCH_PATHS = (
					"$(SRCROOT)/../cocos2d",
					"$(SRCROOT)/../cocos2d/cocos",
					"$(SRCROOT)/../cocos2d/cocos/2d",
					"$(SRCROOT)/../cocos2d/cocos/base",
					"$(SRCROOT)/../cocos2d/cocos/editor-support",
					"$(SRCROOT)/../cocos2d/extensions",
					"$(SRCROOT)/../cocos2d/external",
					"$(SRCROOT)/../../src/Classes",
				);
				ONLY_ACTIVE_ARCH = YES;
				PRODUCT_NAME = "$(TARGET_NAME)";
				USER_HEADER_SEARCH_PATHS = "$(SRCROOT)/../Classes";
			};
			name = Debug;
		};
		6C43A7FD1BDDDBBB00D0597F /* Release */ = {
			isa = XCBuildConfiguration;
			buildSettings = {
				ALWAYS_SEARCH_USER_PATHS = NO;
				CLANG_ANALYZER_SECURITY_INSECUREAPI_RAND = YES;
				CLANG_ANALYZER_SECURITY_INSECUREAPI_STRCPY = YES;
				CLANG_CXX_LANGUAGE_STANDARD = "c++14";
				CLANG_CXX_LIBRARY = "libc++";
				CLANG_WARN_ASSIGN_ENUM = YES;
				CLANG_WARN_DEPRECATED_OBJC_IMPLEMENTATIONS = YES;
				CLANG_WARN_DIRECT_OBJC_ISA_USAGE = YES_ERROR;
				CLANG_WARN_EMPTY_BODY = YES;
				CLANG_WARN_IMPLICIT_SIGN_CONVERSION = YES;
				CLANG_WARN_NULLABLE_TO_NONNULL_CONVERSION = YES;
				CLANG_WARN_OBJC_IMPLICIT_ATOMIC_PROPERTIES = YES;
				CLANG_WARN_OBJC_ROOT_CLASS = YES_ERROR;
				CLANG_WARN_SUSPICIOUS_IMPLICIT_CONVERSION = YES;
				CLANG_WARN_SUSPICIOUS_MOVE = YES;
				CLANG_WARN_UNREACHABLE_CODE = YES_AGGRESSIVE;
				CLANG_WARN__DUPLICATE_METHOD_MATCH = YES;
				DEBUG_INFORMATION_FORMAT = "dwarf-with-dsym";
				ENABLE_NS_ASSERTIONS = NO;
				ENABLE_STRICT_OBJC_MSGSEND = YES;
				GCC_PREPROCESSOR_DEFINITIONS = (
					USE_FILE32API,
					NDEBUG,
				);
				GCC_TREAT_INCOMPATIBLE_POINTER_TYPE_WARNINGS_AS_ERRORS = YES;
				GCC_WARN_64_TO_32_BIT_CONVERSION = YES;
				GCC_WARN_ABOUT_MISSING_FIELD_INITIALIZERS = YES;
				GCC_WARN_ABOUT_MISSING_PROTOTYPES = YES;
				GCC_WARN_ABOUT_RETURN_TYPE = YES_ERROR;
				GCC_WARN_FOUR_CHARACTER_CONSTANTS = YES;
				GCC_WARN_HIDDEN_VIRTUAL_FUNCTIONS = YES;
				GCC_WARN_INITIALIZER_NOT_FULLY_BRACKETED = YES;
				GCC_WARN_NON_VIRTUAL_DESTRUCTOR = YES;
				GCC_WARN_SHADOW = YES;
				GCC_WARN_SIGN_COMPARE = YES;
				GCC_WARN_STRICT_SELECTOR_MATCH = YES;
				GCC_WARN_UNDECLARED_SELECTOR = YES;
				GCC_WARN_UNINITIALIZED_AUTOS = YES_AGGRESSIVE;
				GCC_WARN_UNUSED_FUNCTION = YES;
				GCC_WARN_UNUSED_LABEL = YES;
				GCC_WARN_UNUSED_VARIABLE = YES;
				HEADER_SEARCH_PATHS = (
					"$(SRCROOT)/../cocos2d",
					"$(SRCROOT)/../cocos2d/cocos",
					"$(SRCROOT)/../cocos2d/cocos/2d",
					"$(SRCROOT)/../cocos2d/cocos/base",
					"$(SRCROOT)/../cocos2d/cocos/editor-support",
					"$(SRCROOT)/../cocos2d/extensions",
					"$(SRCROOT)/../cocos2d/external",
					"$(SRCROOT)/../../src/Classes",
				);
				OTHER_CFLAGS = "-DNS_BLOCK_ASSERTIONS=1";
				PRODUCT_NAME = "$(TARGET_NAME)";
				USER_HEADER_SEARCH_PATHS = "$(SRCROOT)/../Classes";
				VALIDATE_PRODUCT = YES;
			};
			name = Release;
		};
		6C43A8751BDDE17F00D0597F /* Debug */ = {
			isa = XCBuildConfiguration;
			buildSettings = {
				CLANG_ENABLE_MODULES = YES;
				"CODE_SIGN_IDENTITY[sdk=iphoneos*]" = "iPhone Developer";
				COMPRESS_PNG_FILES = NO;
				ENABLE_BITCODE = NO;
				GCC_PRECOMPILE_PREFIX_HEADER = YES;
				GCC_PREFIX_HEADER = ios/Prefix.pch;
				GCC_PREPROCESSOR_DEFINITIONS = (
					"$(inherited)",
					CC_TARGET_OS_IPHONE,
				);
				HEADER_SEARCH_PATHS = (
					"$(inherited)",
					"$(SRCROOT)/../cocos2d/cocos/platform/ios",
					"$(SRCROOT)/../cocos2d/cocos/platform/ios/Simulation",
				);
				INFOPLIST_FILE = "$(SRCROOT)/ios/Info.plist";
				IPHONEOS_DEPLOYMENT_TARGET = 7.0;
				MTL_ENABLE_DEBUG_INFO = YES;
				OTHER_LDFLAGS = "-ObjC";
				SDKROOT = iphoneos;
				TARGETED_DEVICE_FAMILY = "1,2";
			};
			name = Debug;
		};
		6C43A8761BDDE17F00D0597F /* Release */ = {
			isa = XCBuildConfiguration;
			buildSettings = {
				CLANG_ENABLE_MODULES = YES;
				"CODE_SIGN_IDENTITY[sdk=iphoneos*]" = "iPhone Developer";
				COMPRESS_PNG_FILES = NO;
				ENABLE_BITCODE = NO;
				GCC_PRECOMPILE_PREFIX_HEADER = YES;
				GCC_PREFIX_HEADER = ios/Prefix.pch;
				GCC_PREPROCESSOR_DEFINITIONS = (
					"$(inherited)",
					CC_TARGET_OS_IPHONE,
				);
				HEADER_SEARCH_PATHS = (
					"$(inherited)",
					"$(SRCROOT)/../cocos2d/cocos/platform/ios",
					"$(SRCROOT)/../cocos2d/cocos/platform/ios/Simulation",
				);
				INFOPLIST_FILE = "$(SRCROOT)/ios/Info.plist";
				IPHONEOS_DEPLOYMENT_TARGET = 7.0;
				MTL_ENABLE_DEBUG_INFO = NO;
				OTHER_LDFLAGS = "-ObjC";
				SDKROOT = iphoneos;
				TARGETED_DEVICE_FAMILY = "1,2";
			};
			name = Release;
		};
		6FD560D21EA5BAA9003E1DCD /* Debug */ = {
			isa = XCBuildConfiguration;
			buildSettings = {
				ASSETCATALOG_COMPILER_APPICON_NAME = AppIcon;
				CLANG_ANALYZER_NONNULL = YES;
				CODE_SIGN_IDENTITY = "-";
				COMBINE_HIDPI_IMAGES = YES;
				GCC_PRECOMPILE_PREFIX_HEADER = YES;
				GCC_PREFIX_HEADER = mac/Prefix.pch;
				GCC_PREPROCESSOR_DEFINITIONS = (
					CC_TARGET_OS_MAC,
					"$(inherited)",
				);
				HEADER_SEARCH_PATHS = (
					"$(inherited)",
					"$(SRCROOT)/../cocos2d/cocos2d/platform/mac",
					"$(SRCROOT)/../cocos2d/external/glfw3/include/mac",
				);
				INFOPLIST_FILE = mac/Info.plist;
				LD_RUNPATH_SEARCH_PATHS = "$(inherited) @executable_path/../Frameworks";
				MACOSX_DEPLOYMENT_TARGET = 10.7;
				MTL_ENABLE_DEBUG_INFO = YES;
				SDKROOT = macosx;
			};
			name = Debug;
		};
		6FD560D31EA5BAA9003E1DCD /* Release */ = {
			isa = XCBuildConfiguration;
			buildSettings = {
				ASSETCATALOG_COMPILER_APPICON_NAME = AppIcon;
				CLANG_ANALYZER_NONNULL = YES;
				CODE_SIGN_IDENTITY = "-";
				COMBINE_HIDPI_IMAGES = YES;
				GCC_PRECOMPILE_PREFIX_HEADER = YES;
				GCC_PREFIX_HEADER = mac/Prefix.pch;
				GCC_PREPROCESSOR_DEFINITIONS = (
					CC_TARGET_OS_MAC,
					"$(inherited)",
				);
				HEADER_SEARCH_PATHS = (
					"$(inherited)",
					"$(SRCROOT)/../cocos2d/cocos2d/platform/mac",
					"$(SRCROOT)/../cocos2d/external/glfw3/include/mac",
				);
				INFOPLIST_FILE = mac/Info.plist;
				LD_RUNPATH_SEARCH_PATHS = "$(inherited) @executable_path/../Frameworks";
				MACOSX_DEPLOYMENT_TARGET = 10.7;
				MTL_ENABLE_DEBUG_INFO = NO;
				SDKROOT = macosx;
			};
			name = Release;
		};
/* End XCBuildConfiguration section */

/* Begin XCConfigurationList section */
		6C43A7FB1BDDDBBB00D0597F /* Build configuration list for PBXProject "ee-library-test" */ = {
			isa = XCConfigurationList;
			buildConfigurations = (
				6C43A7FC1BDDDBBB00D0597F /* Debug */,
				6C43A7FD1BDDDBBB00D0597F /* Release */,
			);
			defaultConfigurationIsVisible = 0;
			defaultConfigurationName = Release;
		};
		6C43A8741BDDE17F00D0597F /* Build configuration list for PBXNativeTarget "ee-library-test-mobile" */ = {
			isa = XCConfigurationList;
			buildConfigurations = (
				6C43A8751BDDE17F00D0597F /* Debug */,
				6C43A8761BDDE17F00D0597F /* Release */,
			);
			defaultConfigurationIsVisible = 0;
			defaultConfigurationName = Release;
		};
		6FD560D81EA5BAA9003E1DCD /* Build configuration list for PBXNativeTarget "ee-library-test-desktop" */ = {
			isa = XCConfigurationList;
			buildConfigurations = (
				6FD560D21EA5BAA9003E1DCD /* Debug */,
				6FD560D31EA5BAA9003E1DCD /* Release */,
			);
			defaultConfigurationIsVisible = 0;
			defaultConfigurationName = Release;
		};
/* End XCConfigurationList section */
	};
	rootObject = 6C43A7F81BDDDBBB00D0597F /* Project object */;
}
